// !$*UTF8*$!
{
	archiveVersion = 1;
	classes = {
	};
	objectVersion = 50;
	objects = {

/* Begin PBXBuildFile section */
		390C265F21F66EFB00E7FEAE /* DevicesWindow.swift in Sources */ = {isa = PBXBuildFile; fileRef = 390C265E21F66EFB00E7FEAE /* DevicesWindow.swift */; };
		390D0DB721F502170032CA23 /* DevicesWindow.storyboard in Resources */ = {isa = PBXBuildFile; fileRef = 390D0DB621F502170032CA23 /* DevicesWindow.storyboard */; };
		390D0DBD21F511BD0032CA23 /* DataAcquisitionEngine.swift in Sources */ = {isa = PBXBuildFile; fileRef = 390D0DBC21F511BD0032CA23 /* DataAcquisitionEngine.swift */; };
		392183CB22138B3A000D5968 /* ConnectedDevices.swift in Sources */ = {isa = PBXBuildFile; fileRef = 392183CA22138B3A000D5968 /* ConnectedDevices.swift */; };
		392183CD22138C5E000D5968 /* Typealias.swift in Sources */ = {isa = PBXBuildFile; fileRef = 392183CC22138C5E000D5968 /* Typealias.swift */; };
		39379A0E220FA220004C3815 /* Position.swift in Sources */ = {isa = PBXBuildFile; fileRef = 39379A0D220FA220004C3815 /* Position.swift */; };
		39379A12220FE496004C3815 /* PhysicalDevice.swift in Sources */ = {isa = PBXBuildFile; fileRef = 39379A11220FE496004C3815 /* PhysicalDevice.swift */; };
		393ACD2122150C4500306D60 /* PBCalibrationLiveDeltas.swift in Sources */ = {isa = PBXBuildFile; fileRef = 393ACD2022150C4500306D60 /* PBCalibrationLiveDeltas.swift */; };
		393ACD232215140700306D60 /* CalibrationController.swift in Sources */ = {isa = PBXBuildFile; fileRef = 393ACD222215140700306D60 /* CalibrationController.swift */; };
		393ACD252215143400306D60 /* CalibrationControllerDelegate.swift in Sources */ = {isa = PBXBuildFile; fileRef = 393ACD242215143400306D60 /* CalibrationControllerDelegate.swift */; };
		393B1ECE2204DD0100BC54D3 /* Device.swift in Sources */ = {isa = PBXBuildFile; fileRef = 393B1ECD2204DD0100BC54D3 /* Device.swift */; };
		393B1ED22204E30E00BC54D3 /* LayoutEngine.swift in Sources */ = {isa = PBXBuildFile; fileRef = 393B1ED12204E30E00BC54D3 /* LayoutEngine.swift */; };
		39684DEC22149FEA006E4B37 /* libNiTE2.dylib in Embed Libraries */ = {isa = PBXBuildFile; fileRef = 3968FCC321FA8D40005EAA4C /* libNiTE2.dylib */; settings = {ATTRIBUTES = (CodeSignOnCopy, ); }; };
		39684DED22149FEA006E4B37 /* libOpenNI2.dylib in Embed Libraries */ = {isa = PBXBuildFile; fileRef = 392960B521F7D0460064B808 /* libOpenNI2.dylib */; settings = {ATTRIBUTES = (CodeSignOnCopy, ); }; };
		39684DF02214A163006E4B37 /* LayoutWindowDelegate.swift in Sources */ = {isa = PBXBuildFile; fileRef = 39684DEF2214A163006E4B37 /* LayoutWindowDelegate.swift */; };
		39684DF22214A1B2006E4B37 /* LayoutInterfaceMode.swift in Sources */ = {isa = PBXBuildFile; fileRef = 39684DF12214A1B2006E4B37 /* LayoutInterfaceMode.swift */; };
		3968FCD621FB82B5005EAA4C /* PBDeviceRow.xib in Resources */ = {isa = PBXBuildFile; fileRef = 3968FCD521FB82B5005EAA4C /* PBDeviceRow.xib */; };
		3968FCD921FB88E0005EAA4C /* PBDeviceDetails.swift in Sources */ = {isa = PBXBuildFile; fileRef = 3968FCD821FB88E0005EAA4C /* PBDeviceDetails.swift */; };
		3968FCDB21FCDFAD005EAA4C /* PBDeviceDetailsPopover.swift in Sources */ = {isa = PBXBuildFile; fileRef = 3968FCDA21FCDFAD005EAA4C /* PBDeviceDetailsPopover.swift */; };
		3968FCDD21FCEE83005EAA4C /* PBTrackedUserDetailsExcerpt.swift in Sources */ = {isa = PBXBuildFile; fileRef = 3968FCDC21FCEE83005EAA4C /* PBTrackedUserDetailsExcerpt.swift */; };
		396C48532208FDBA000AA888 /* LayoutWindowController.swift in Sources */ = {isa = PBXBuildFile; fileRef = 396C48522208FDBA000AA888 /* LayoutWindowController.swift */; };
		396CF35622110B0D0049E091 /* CalibrationDeltasCalculator.swift in Sources */ = {isa = PBXBuildFile; fileRef = 396CF35522110B0D0049E091 /* CalibrationDeltasCalculator.swift */; };
		396CF35822110EC10049E091 /* Queue.swift in Sources */ = {isa = PBXBuildFile; fileRef = 396CF35722110EC10049E091 /* Queue.swift */; };
		396CF35A2212037E0049E091 /* CalibrationDeltas.swift in Sources */ = {isa = PBXBuildFile; fileRef = 396CF3592212037E0049E091 /* CalibrationDeltas.swift */; };
		396D45742218A7F10018F95C /* DeviceState.swift in Sources */ = {isa = PBXBuildFile; fileRef = 396D45732218A7F10018F95C /* DeviceState.swift */; };
		396DDFC921F4285000628070 /* AppDelegate.swift in Sources */ = {isa = PBXBuildFile; fileRef = 396DDFC821F4285000628070 /* AppDelegate.swift */; };
		396DDFCB21F4285000628070 /* WelcomeWindow.swift in Sources */ = {isa = PBXBuildFile; fileRef = 396DDFCA21F4285000628070 /* WelcomeWindow.swift */; };
		396DDFD021F4285200628070 /* WelcomeWindow.storyboard in Resources */ = {isa = PBXBuildFile; fileRef = 396DDFCE21F4285200628070 /* WelcomeWindow.storyboard */; };
		397195C22200219000F92C5C /* LayoutCanvasView.swift in Sources */ = {isa = PBXBuildFile; fileRef = 397195C12200219000F92C5C /* LayoutCanvasView.swift */; };
		397195C4220022F800F92C5C /* Comparable.swift in Sources */ = {isa = PBXBuildFile; fileRef = 397195C3220022F800F92C5C /* Comparable.swift */; };
		397195C62200D38000F92C5C /* Keycode.swift in Sources */ = {isa = PBXBuildFile; fileRef = 397195C52200D38000F92C5C /* Keycode.swift */; };
		397B648821FD323400A71E58 /* Assets.xcassets in Resources */ = {isa = PBXBuildFile; fileRef = 396DDFCC21F4285200628070 /* Assets.xcassets */; };
		397B648921FD324B00A71E58 /* libDataAcquisitionEngine.a in Frameworks */ = {isa = PBXBuildFile; fileRef = 397B63F521FD2CFD00A71E58 /* libDataAcquisitionEngine.a */; };
		397B648A21FD324B00A71E58 /* Pods_Protocol_Bernardo.framework in Frameworks */ = {isa = PBXBuildFile; fileRef = E78B4A9836B469506B318430 /* Pods_Protocol_Bernardo.framework */; };
		397B648B21FD325700A71E58 /* libNiTE2.dylib in Frameworks */ = {isa = PBXBuildFile; fileRef = 3968FCC321FA8D40005EAA4C /* libNiTE2.dylib */; };
		397B648C21FD326000A71E58 /* libOpenNI2.dylib in Frameworks */ = {isa = PBXBuildFile; fileRef = 392960B521F7D0460064B808 /* libOpenNI2.dylib */; };
		397B648D21FD327600A71E58 /* NiTE2 in Copy OpenNI/NiTE Files */ = {isa = PBXBuildFile; fileRef = 397B648421FD322700A71E58 /* NiTE2 */; };
		397B648E21FD327600A71E58 /* OpenNI2 in Copy OpenNI/NiTE Files */ = {isa = PBXBuildFile; fileRef = 397B648521FD322700A71E58 /* OpenNI2 */; };
		397B648F21FD327600A71E58 /* libOpenNI2.dylib in Copy OpenNI/NiTE Files */ = {isa = PBXBuildFile; fileRef = 397B645021FD321800A71E58 /* libOpenNI2.dylib */; };
		397B649021FD327600A71E58 /* OpenNI.ini in Copy OpenNI/NiTE Files */ = {isa = PBXBuildFile; fileRef = 397B645121FD321800A71E58 /* OpenNI.ini */; };
		397B649421FD327600A71E58 /* NiTE.ini in Copy OpenNI/NiTE Files */ = {isa = PBXBuildFile; fileRef = 397B646121FD321800A71E58 /* NiTE.ini */; };
		397B649521FD327600A71E58 /* libfreenect2-openni2.0.dylib in Copy OpenNI/NiTE Files */ = {isa = PBXBuildFile; fileRef = 397B646B21FD321800A71E58 /* libfreenect2-openni2.0.dylib */; };
		397B649621FD328D00A71E58 /* NiTE2 in Copy NiTE Files */ = {isa = PBXBuildFile; fileRef = 397B648421FD322700A71E58 /* NiTE2 */; };
		397B649821FD328D00A71E58 /* NiTE.ini in Copy NiTE Files */ = {isa = PBXBuildFile; fileRef = 397B646121FD321800A71E58 /* NiTE.ini */; };
		397B649921FD32A100A71E58 /* libc++.tbd in Frameworks */ = {isa = PBXBuildFile; fileRef = 397B63EC21FD2AE000A71E58 /* libc++.tbd */; };
		397E685B21FE50E600FFA678 /* NSNib.swift in Sources */ = {isa = PBXBuildFile; fileRef = 397E685A21FE50E600FFA678 /* NSNib.swift */; };
		3989EAD522037A1F005CF113 /* PBLayoutCanvasDevicePropertiesController.swift in Sources */ = {isa = PBXBuildFile; fileRef = 3989EAD422037A1F005CF113 /* PBLayoutCanvasDevicePropertiesController.swift */; };
		3989EAD722037C3F005CF113 /* NSStepper.swift in Sources */ = {isa = PBXBuildFile; fileRef = 3989EAD622037C3F005CF113 /* NSStepper.swift */; };
		3997742C220B931500ED4B93 /* PBLayoutCalibrationIcon.icns in Resources */ = {isa = PBXBuildFile; fileRef = 3997742B220B931500ED4B93 /* PBLayoutCalibrationIcon.icns */; };
		39977430220B94FB00ED4B93 /* LayoutCalibrationProfile.swift in Sources */ = {isa = PBXBuildFile; fileRef = 3997742F220B94FB00ED4B93 /* LayoutCalibrationProfile.swift */; };
		39977433220B955500ED4B93 /* DeviceCalibrationProfile.swift in Sources */ = {isa = PBXBuildFile; fileRef = 39977432220B955500ED4B93 /* DeviceCalibrationProfile.swift */; };
		39977435220B961B00ED4B93 /* Point.swift in Sources */ = {isa = PBXBuildFile; fileRef = 39977434220B961B00ED4B93 /* Point.swift */; };
		39977437220B977800ED4B93 /* CGPoint.swift in Sources */ = {isa = PBXBuildFile; fileRef = 39977436220B977800ED4B93 /* CGPoint.swift */; };
		3997743D220BB0E500ED4B93 /* LayoutSidebarCalibration.swift in Sources */ = {isa = PBXBuildFile; fileRef = 3997743C220BB0E500ED4B93 /* LayoutSidebarCalibration.swift */; };
		39A1E70321FE67FE003162FE /* Layout.storyboard in Resources */ = {isa = PBXBuildFile; fileRef = 39A1E6FE21FE67FE003162FE /* Layout.storyboard */; };
		39A1E70521FE67FE003162FE /* LayoutController.swift in Sources */ = {isa = PBXBuildFile; fileRef = 39A1E70021FE67FE003162FE /* LayoutController.swift */; };
		39A1E70721FE6C26003162FE /* LayoutSidebarEdition.swift in Sources */ = {isa = PBXBuildFile; fileRef = 39A1E70621FE6C26003162FE /* LayoutSidebarEdition.swift */; };
		39A1E70921FE6C3D003162FE /* LayoutCanvas.swift in Sources */ = {isa = PBXBuildFile; fileRef = 39A1E70821FE6C3D003162FE /* LayoutCanvas.swift */; };
		39A1E70B21FE77A3003162FE /* Layout.swift in Sources */ = {isa = PBXBuildFile; fileRef = 39A1E70A21FE77A2003162FE /* Layout.swift */; };
		39A1E70E21FE7892003162FE /* LayoutCanvasElement.swift in Sources */ = {isa = PBXBuildFile; fileRef = 39A1E70D21FE7892003162FE /* LayoutCanvasElement.swift */; };
		39A1E71221FE7921003162FE /* LayoutCanvasLine.swift in Sources */ = {isa = PBXBuildFile; fileRef = 39A1E71121FE7921003162FE /* LayoutCanvasLine.swift */; };
		39A1E71621FE7A7A003162FE /* LayoutCanvasDevice.swift in Sources */ = {isa = PBXBuildFile; fileRef = 39A1E71521FE7A7A003162FE /* LayoutCanvasDevice.swift */; };
		39A1E71821FEC08C003162FE /* LayoutCanvas.sks in Resources */ = {isa = PBXBuildFile; fileRef = 39A1E71721FEC08C003162FE /* LayoutCanvas.sks */; };
		39AF88AD21F4CF7E00A68993 /* App.swift in Sources */ = {isa = PBXBuildFile; fileRef = 39AF88AC21F4CF7E00A68993 /* App.swift */; };
		39AF88AF21F4D02100A68993 /* Core.swift in Sources */ = {isa = PBXBuildFile; fileRef = 39AF88AE21F4D02100A68993 /* Core.swift */; };
		39B55760220008430021BFDA /* maths.swift in Sources */ = {isa = PBXBuildFile; fileRef = 39B5575F220008430021BFDA /* maths.swift */; };
		39B5576222000FC70021BFDA /* NSColor.swift in Sources */ = {isa = PBXBuildFile; fileRef = 39B5576122000FC70021BFDA /* NSColor.swift */; };
		39C1E8FD22094AA500F53AC2 /* LayoutCanvasDelegate.swift in Sources */ = {isa = PBXBuildFile; fileRef = 39C1E8FC22094AA500F53AC2 /* LayoutCanvasDelegate.swift */; };
		39C1E8FF22094DB800F53AC2 /* LayoutCanvasElementDelegate.swift in Sources */ = {isa = PBXBuildFile; fileRef = 39C1E8FE22094DB800F53AC2 /* LayoutCanvasElementDelegate.swift */; };
		39C1E907220A201A00F53AC2 /* LayoutSidebar.swift in Sources */ = {isa = PBXBuildFile; fileRef = 39C1E906220A201A00F53AC2 /* LayoutSidebar.swift */; };
		39C1E90B220A347F00F53AC2 /* PBLayoutCanvasLinePropertiesController.swift in Sources */ = {isa = PBXBuildFile; fileRef = 39C1E90A220A347E00F53AC2 /* PBLayoutCanvasLinePropertiesController.swift */; };
		39C1E90D220A37F300F53AC2 /* Line.swift in Sources */ = {isa = PBXBuildFile; fileRef = 39C1E90C220A37F300F53AC2 /* Line.swift */; };
		39D558AD220919CA00916AAA /* PBLayoutIcon.icns in Resources */ = {isa = PBXBuildFile; fileRef = 39D558AC220919CA00916AAA /* PBLayoutIcon.icns */; };
		39D558B02209321700916AAA /* PBDevicesLayoutIcon.icns in Resources */ = {isa = PBXBuildFile; fileRef = 39D558AF2209321700916AAA /* PBDevicesLayoutIcon.icns */; };
		39DACC1C220CC02D002E97F8 /* libopencv_core.4.0.1.dylib in Frameworks */ = {isa = PBXBuildFile; fileRef = 3929600221F7BF6B0064B808 /* libopencv_core.4.0.1.dylib */; };
		39DACC1D220CC02D002E97F8 /* libopencv_highgui.4.0.1.dylib in Frameworks */ = {isa = PBXBuildFile; fileRef = 3929605421F7BFF30064B808 /* libopencv_highgui.4.0.1.dylib */; };
		39DACC1E220CC02D002E97F8 /* libopencv_imgproc.4.0.1.dylib in Frameworks */ = {isa = PBXBuildFile; fileRef = 3929601421F7BFF00064B808 /* libopencv_imgproc.4.0.1.dylib */; };
		39DACC20220CCFC5002E97F8 /* DataAcquisitionEngineObserver.swift in Sources */ = {isa = PBXBuildFile; fileRef = 39DACC1F220CCFC5002E97F8 /* DataAcquisitionEngineObserver.swift */; };
		39DACC30220F5475002E97F8 /* UsersEngine.swift in Sources */ = {isa = PBXBuildFile; fileRef = 39DACC2F220F5475002E97F8 /* UsersEngine.swift */; };
		39DACC34220F663F002E97F8 /* LayoutCanvasUser.swift in Sources */ = {isa = PBXBuildFile; fileRef = 39DACC33220F663F002E97F8 /* LayoutCanvasUser.swift */; };
		39DFBDDF2208A7AF00A7B9BD /* LayoutDocument.swift in Sources */ = {isa = PBXBuildFile; fileRef = 39DFBDDE2208A7AF00A7B9BD /* LayoutDocument.swift */; };
		39DFBDE72208B09700A7B9BD /* MainMenu.xib in Resources */ = {isa = PBXBuildFile; fileRef = 39DFBDE62208B09700A7B9BD /* MainMenu.xib */; };
		39DFBDEA2208B3FB00A7B9BD /* MainMenu.swift in Sources */ = {isa = PBXBuildFile; fileRef = 39DFBDE92208B3FB00A7B9BD /* MainMenu.swift */; };
		39E3121021F6EA8C006569F1 /* PBDeviceRow.swift in Sources */ = {isa = PBXBuildFile; fileRef = 39E3120F21F6EA8C006569F1 /* PBDeviceRow.swift */; };
		39E3121221F6F1C5006569F1 /* String.swift in Sources */ = {isa = PBXBuildFile; fileRef = 39E3121121F6F1C5006569F1 /* String.swift */; };
		39E3121421F777F6006569F1 /* DAEStatus.swift in Sources */ = {isa = PBXBuildFile; fileRef = 39E3121321F777F6006569F1 /* DAEStatus.swift */; };
		39E3121621F779A0006569F1 /* DAEDeviceStatus.swift in Sources */ = {isa = PBXBuildFile; fileRef = 39E3121521F779A0006569F1 /* DAEDeviceStatus.swift */; };
		39E8BA7F220BC0440021DC34 /* User.swift in Sources */ = {isa = PBXBuildFile; fileRef = 39E8BA7E220BC0440021DC34 /* User.swift */; };
		39E8BA81220C78870021DC34 /* NewCalibrationProfilePanel.swift in Sources */ = {isa = PBXBuildFile; fileRef = 39E8BA80220C78870021DC34 /* NewCalibrationProfilePanel.swift */; };
/* End PBXBuildFile section */

/* Begin PBXContainerItemProxy section */
		397B63F421FD2CFD00A71E58 /* PBXContainerItemProxy */ = {
			isa = PBXContainerItemProxy;
			containerPortal = 397B63B021FD288800A71E58 /* DataAcquisitionEngine.xcodeproj */;
			proxyType = 2;
			remoteGlobalIDString = 397B63A921FD288800A71E58;
			remoteInfo = DataAcquisitionEngine;
		};
		39C1E908220A308C00F53AC2 /* PBXContainerItemProxy */ = {
			isa = PBXContainerItemProxy;
			containerPortal = 397B63B021FD288800A71E58 /* DataAcquisitionEngine.xcodeproj */;
			proxyType = 1;
			remoteGlobalIDString = 397B63A821FD288800A71E58;
			remoteInfo = DataAcquisitionEngine;
		};
/* End PBXContainerItemProxy section */

/* Begin PBXCopyFilesBuildPhase section */
		3968FCC521FB5829005EAA4C /* Copy NiTE Files */ = {
			isa = PBXCopyFilesBuildPhase;
			buildActionMask = 2147483647;
			dstPath = "";
			dstSubfolderSpec = 7;
			files = (
				397B649621FD328D00A71E58 /* NiTE2 in Copy NiTE Files */,
				397B649821FD328D00A71E58 /* NiTE.ini in Copy NiTE Files */,
			);
			name = "Copy NiTE Files";
			runOnlyForDeploymentPostprocessing = 0;
		};
		397B649A21FE331D00A71E58 /* Embed Libraries */ = {
			isa = PBXCopyFilesBuildPhase;
			buildActionMask = 2147483647;
			dstPath = "";
			dstSubfolderSpec = 10;
			files = (
				39684DEC22149FEA006E4B37 /* libNiTE2.dylib in Embed Libraries */,
				39684DED22149FEA006E4B37 /* libOpenNI2.dylib in Embed Libraries */,
			);
			name = "Embed Libraries";
			runOnlyForDeploymentPostprocessing = 0;
		};
		3983D9CE21F8FF8100C49CEF /* Copy OpenNI/NiTE Files */ = {
			isa = PBXCopyFilesBuildPhase;
			buildActionMask = 2147483647;
			dstPath = "";
			dstSubfolderSpec = 16;
			files = (
				397B648D21FD327600A71E58 /* NiTE2 in Copy OpenNI/NiTE Files */,
				397B648E21FD327600A71E58 /* OpenNI2 in Copy OpenNI/NiTE Files */,
				397B648F21FD327600A71E58 /* libOpenNI2.dylib in Copy OpenNI/NiTE Files */,
				397B649021FD327600A71E58 /* OpenNI.ini in Copy OpenNI/NiTE Files */,
				397B649421FD327600A71E58 /* NiTE.ini in Copy OpenNI/NiTE Files */,
				397B649521FD327600A71E58 /* libfreenect2-openni2.0.dylib in Copy OpenNI/NiTE Files */,
			);
			name = "Copy OpenNI/NiTE Files";
			runOnlyForDeploymentPostprocessing = 0;
		};
/* End PBXCopyFilesBuildPhase section */

/* Begin PBXFileReference section */
		1AD18919927E8DB868C1271B /* Pods-Protocol BernardoTests.release.xcconfig */ = {isa = PBXFileReference; includeInIndex = 1; lastKnownFileType = text.xcconfig; name = "Pods-Protocol BernardoTests.release.xcconfig"; path = "Pods/Target Support Files/Pods-Protocol BernardoTests/Pods-Protocol BernardoTests.release.xcconfig"; sourceTree = "<group>"; };
		2E884ECCA75A8FC5014A93D2 /* Pods-Protocol Bernardo.release.xcconfig */ = {isa = PBXFileReference; includeInIndex = 1; lastKnownFileType = text.xcconfig; name = "Pods-Protocol Bernardo.release.xcconfig"; path = "Pods/Target Support Files/Pods-Protocol Bernardo/Pods-Protocol Bernardo.release.xcconfig"; sourceTree = "<group>"; };
		2FC16C30A804C5686E883755 /* Pods-Protocol BernardoTests.debug.xcconfig */ = {isa = PBXFileReference; includeInIndex = 1; lastKnownFileType = text.xcconfig; name = "Pods-Protocol BernardoTests.debug.xcconfig"; path = "Pods/Target Support Files/Pods-Protocol BernardoTests/Pods-Protocol BernardoTests.debug.xcconfig"; sourceTree = "<group>"; };
		390C265E21F66EFB00E7FEAE /* DevicesWindow.swift */ = {isa = PBXFileReference; lastKnownFileType = sourcecode.swift; path = DevicesWindow.swift; sourceTree = "<group>"; };
		390D0DB621F502170032CA23 /* DevicesWindow.storyboard */ = {isa = PBXFileReference; lastKnownFileType = file.storyboard; path = DevicesWindow.storyboard; sourceTree = "<group>"; };
		390D0DBC21F511BD0032CA23 /* DataAcquisitionEngine.swift */ = {isa = PBXFileReference; lastKnownFileType = sourcecode.swift; path = DataAcquisitionEngine.swift; sourceTree = "<group>"; };
		390D0DC121F5293D0032CA23 /* Protocol Bernardo-Bridging-Header.h */ = {isa = PBXFileReference; lastKnownFileType = sourcecode.c.h; path = "Protocol Bernardo-Bridging-Header.h"; sourceTree = "<group>"; };
		392183CA22138B3A000D5968 /* ConnectedDevices.swift */ = {isa = PBXFileReference; lastKnownFileType = sourcecode.swift; path = ConnectedDevices.swift; sourceTree = "<group>"; };
		392183CC22138C5E000D5968 /* Typealias.swift */ = {isa = PBXFileReference; lastKnownFileType = sourcecode.swift; path = Typealias.swift; sourceTree = "<group>"; };
		3929600221F7BF6B0064B808 /* libopencv_core.4.0.1.dylib */ = {isa = PBXFileReference; lastKnownFileType = "compiled.mach-o.dylib"; name = libopencv_core.4.0.1.dylib; path = ../../../../../usr/local/Cellar/opencv/4.0.1/lib/libopencv_core.4.0.1.dylib; sourceTree = "<group>"; };
		3929601421F7BFF00064B808 /* libopencv_imgproc.4.0.1.dylib */ = {isa = PBXFileReference; lastKnownFileType = "compiled.mach-o.dylib"; name = libopencv_imgproc.4.0.1.dylib; path = ../../../../../usr/local/Cellar/opencv/4.0.1/lib/libopencv_imgproc.4.0.1.dylib; sourceTree = "<group>"; };
		3929605421F7BFF30064B808 /* libopencv_highgui.4.0.1.dylib */ = {isa = PBXFileReference; lastKnownFileType = "compiled.mach-o.dylib"; name = libopencv_highgui.4.0.1.dylib; path = ../../../../../usr/local/Cellar/opencv/4.0.1/lib/libopencv_highgui.4.0.1.dylib; sourceTree = "<group>"; };
		392960B221F7CFDB0064B808 /* libfreenect2-openni2.0.dylib */ = {isa = PBXFileReference; lastKnownFileType = "compiled.mach-o.dylib"; name = "libfreenect2-openni2.0.dylib"; path = "../../../../../usr/local/lib/libfreenect2-openni2.0.dylib"; sourceTree = "<group>"; };
		392960B521F7D0460064B808 /* libOpenNI2.dylib */ = {isa = PBXFileReference; lastKnownFileType = "compiled.mach-o.dylib"; name = libOpenNI2.dylib; path = "../../../../../usr/local/Cellar/openni2/2.2.0-debian/lib/ni2/libOpenNI2.dylib"; sourceTree = "<group>"; };
		39379A0D220FA220004C3815 /* Position.swift */ = {isa = PBXFileReference; lastKnownFileType = sourcecode.swift; path = Position.swift; sourceTree = "<group>"; };
		39379A11220FE496004C3815 /* PhysicalDevice.swift */ = {isa = PBXFileReference; lastKnownFileType = sourcecode.swift; path = PhysicalDevice.swift; sourceTree = "<group>"; };
		393ACD2022150C4500306D60 /* PBCalibrationLiveDeltas.swift */ = {isa = PBXFileReference; lastKnownFileType = sourcecode.swift; path = PBCalibrationLiveDeltas.swift; sourceTree = "<group>"; };
		393ACD222215140700306D60 /* CalibrationController.swift */ = {isa = PBXFileReference; lastKnownFileType = sourcecode.swift; path = CalibrationController.swift; sourceTree = "<group>"; };
		393ACD242215143400306D60 /* CalibrationControllerDelegate.swift */ = {isa = PBXFileReference; lastKnownFileType = sourcecode.swift; path = CalibrationControllerDelegate.swift; sourceTree = "<group>"; };
		393B1ECD2204DD0100BC54D3 /* Device.swift */ = {isa = PBXFileReference; lastKnownFileType = sourcecode.swift; path = Device.swift; sourceTree = "<group>"; };
		393B1ED12204E30E00BC54D3 /* LayoutEngine.swift */ = {isa = PBXFileReference; lastKnownFileType = sourcecode.swift; path = LayoutEngine.swift; sourceTree = "<group>"; };
		39684DEF2214A163006E4B37 /* LayoutWindowDelegate.swift */ = {isa = PBXFileReference; lastKnownFileType = sourcecode.swift; path = LayoutWindowDelegate.swift; sourceTree = "<group>"; };
		39684DF12214A1B2006E4B37 /* LayoutInterfaceMode.swift */ = {isa = PBXFileReference; lastKnownFileType = sourcecode.swift; path = LayoutInterfaceMode.swift; sourceTree = "<group>"; };
		3968FCC321FA8D40005EAA4C /* libNiTE2.dylib */ = {isa = PBXFileReference; lastKnownFileType = "compiled.mach-o.dylib"; name = libNiTE2.dylib; path = ../../../../../usr/local/lib/libNiTE2.dylib; sourceTree = "<group>"; };
		3968FCD521FB82B5005EAA4C /* PBDeviceRow.xib */ = {isa = PBXFileReference; lastKnownFileType = file.xib; path = PBDeviceRow.xib; sourceTree = "<group>"; };
		3968FCD821FB88E0005EAA4C /* PBDeviceDetails.swift */ = {isa = PBXFileReference; lastKnownFileType = sourcecode.swift; path = PBDeviceDetails.swift; sourceTree = "<group>"; };
		3968FCDA21FCDFAD005EAA4C /* PBDeviceDetailsPopover.swift */ = {isa = PBXFileReference; lastKnownFileType = sourcecode.swift; path = PBDeviceDetailsPopover.swift; sourceTree = "<group>"; };
		3968FCDC21FCEE83005EAA4C /* PBTrackedUserDetailsExcerpt.swift */ = {isa = PBXFileReference; lastKnownFileType = sourcecode.swift; path = PBTrackedUserDetailsExcerpt.swift; sourceTree = "<group>"; };
		396C48522208FDBA000AA888 /* LayoutWindowController.swift */ = {isa = PBXFileReference; lastKnownFileType = sourcecode.swift; path = LayoutWindowController.swift; sourceTree = "<group>"; };
		396CF35522110B0D0049E091 /* CalibrationDeltasCalculator.swift */ = {isa = PBXFileReference; lastKnownFileType = sourcecode.swift; path = CalibrationDeltasCalculator.swift; sourceTree = "<group>"; };
		396CF35722110EC10049E091 /* Queue.swift */ = {isa = PBXFileReference; lastKnownFileType = sourcecode.swift; path = Queue.swift; sourceTree = "<group>"; };
		396CF3592212037E0049E091 /* CalibrationDeltas.swift */ = {isa = PBXFileReference; lastKnownFileType = sourcecode.swift; path = CalibrationDeltas.swift; sourceTree = "<group>"; };
		396D45732218A7F10018F95C /* DeviceState.swift */ = {isa = PBXFileReference; lastKnownFileType = sourcecode.swift; path = DeviceState.swift; sourceTree = "<group>"; };
		396DDFC521F4285000628070 /* Protocol Bernardo.app */ = {isa = PBXFileReference; explicitFileType = wrapper.application; includeInIndex = 0; path = "Protocol Bernardo.app"; sourceTree = BUILT_PRODUCTS_DIR; };
		396DDFC821F4285000628070 /* AppDelegate.swift */ = {isa = PBXFileReference; lastKnownFileType = sourcecode.swift; path = AppDelegate.swift; sourceTree = "<group>"; };
		396DDFCA21F4285000628070 /* WelcomeWindow.swift */ = {isa = PBXFileReference; lastKnownFileType = sourcecode.swift; path = WelcomeWindow.swift; sourceTree = "<group>"; };
		396DDFCC21F4285200628070 /* Assets.xcassets */ = {isa = PBXFileReference; lastKnownFileType = folder.assetcatalog; path = Assets.xcassets; sourceTree = "<group>"; };
		396DDFCF21F4285200628070 /* Base */ = {isa = PBXFileReference; lastKnownFileType = file.storyboard; name = Base; path = Base.lproj/WelcomeWindow.storyboard; sourceTree = "<group>"; };
		396DDFD121F4285200628070 /* Info.plist */ = {isa = PBXFileReference; lastKnownFileType = text.plist.xml; path = Info.plist; sourceTree = "<group>"; };
		397195C12200219000F92C5C /* LayoutCanvasView.swift */ = {isa = PBXFileReference; lastKnownFileType = sourcecode.swift; path = LayoutCanvasView.swift; sourceTree = "<group>"; };
		397195C3220022F800F92C5C /* Comparable.swift */ = {isa = PBXFileReference; lastKnownFileType = sourcecode.swift; path = Comparable.swift; sourceTree = "<group>"; };
		397195C52200D38000F92C5C /* Keycode.swift */ = {isa = PBXFileReference; lastKnownFileType = sourcecode.swift; path = Keycode.swift; sourceTree = "<group>"; };
		397B63B021FD288800A71E58 /* DataAcquisitionEngine.xcodeproj */ = {isa = PBXFileReference; lastKnownFileType = "wrapper.pb-project"; name = DataAcquisitionEngine.xcodeproj; path = "../../../../../../../../Cours/PRISME/Protocol Bernardo/DataAcquisitionEngine/DataAcquisitionEngine.xcodeproj"; sourceTree = BUILT_PRODUCTS_DIR; };
		397B63EC21FD2AE000A71E58 /* libc++.tbd */ = {isa = PBXFileReference; lastKnownFileType = "sourcecode.text-based-dylib-definition"; name = "libc++.tbd"; path = "usr/lib/libc++.tbd"; sourceTree = SDKROOT; };
		397B645021FD321800A71E58 /* libOpenNI2.dylib */ = {isa = PBXFileReference; lastKnownFileType = "compiled.mach-o.dylib"; path = libOpenNI2.dylib; sourceTree = "<group>"; };
		397B645121FD321800A71E58 /* OpenNI.ini */ = {isa = PBXFileReference; fileEncoding = 4; lastKnownFileType = text; path = OpenNI.ini; sourceTree = "<group>"; };
		397B645321FD321800A71E58 /* libNiTE2.dylib */ = {isa = PBXFileReference; lastKnownFileType = "compiled.mach-o.dylib"; path = libNiTE2.dylib; sourceTree = "<group>"; };
		397B646121FD321800A71E58 /* NiTE.ini */ = {isa = PBXFileReference; fileEncoding = 4; lastKnownFileType = text; path = NiTE.ini; sourceTree = "<group>"; };
		397B646B21FD321800A71E58 /* libfreenect2-openni2.0.dylib */ = {isa = PBXFileReference; lastKnownFileType = "compiled.mach-o.dylib"; path = "libfreenect2-openni2.0.dylib"; sourceTree = "<group>"; };
		397B648421FD322700A71E58 /* NiTE2 */ = {isa = PBXFileReference; lastKnownFileType = folder; path = NiTE2; sourceTree = "<group>"; };
		397B648521FD322700A71E58 /* OpenNI2 */ = {isa = PBXFileReference; lastKnownFileType = folder; path = OpenNI2; sourceTree = "<group>"; };
		397E685A21FE50E600FFA678 /* NSNib.swift */ = {isa = PBXFileReference; lastKnownFileType = sourcecode.swift; path = NSNib.swift; sourceTree = "<group>"; };
		397E685C21FE57D700FFA678 /* README.md */ = {isa = PBXFileReference; lastKnownFileType = net.daringfireball.markdown; path = README.md; sourceTree = "<group>"; };
		3989EAD422037A1F005CF113 /* PBLayoutCanvasDevicePropertiesController.swift */ = {isa = PBXFileReference; lastKnownFileType = sourcecode.swift; path = PBLayoutCanvasDevicePropertiesController.swift; sourceTree = "<group>"; };
		3989EAD622037C3F005CF113 /* NSStepper.swift */ = {isa = PBXFileReference; lastKnownFileType = sourcecode.swift; path = NSStepper.swift; sourceTree = "<group>"; };
		398B660E21F6575700F6D1FC /* Protocol Bernardo.entitlements */ = {isa = PBXFileReference; lastKnownFileType = text.plist.entitlements; path = "Protocol Bernardo.entitlements"; sourceTree = "<group>"; };
		3997742B220B931500ED4B93 /* PBLayoutCalibrationIcon.icns */ = {isa = PBXFileReference; lastKnownFileType = image.icns; path = PBLayoutCalibrationIcon.icns; sourceTree = "<group>"; };
		3997742F220B94FB00ED4B93 /* LayoutCalibrationProfile.swift */ = {isa = PBXFileReference; lastKnownFileType = sourcecode.swift; path = LayoutCalibrationProfile.swift; sourceTree = "<group>"; };
		39977432220B955500ED4B93 /* DeviceCalibrationProfile.swift */ = {isa = PBXFileReference; lastKnownFileType = sourcecode.swift; path = DeviceCalibrationProfile.swift; sourceTree = "<group>"; };
		39977434220B961B00ED4B93 /* Point.swift */ = {isa = PBXFileReference; lastKnownFileType = sourcecode.swift; path = Point.swift; sourceTree = "<group>"; };
		39977436220B977800ED4B93 /* CGPoint.swift */ = {isa = PBXFileReference; lastKnownFileType = sourcecode.swift; path = CGPoint.swift; sourceTree = "<group>"; };
		3997743C220BB0E500ED4B93 /* LayoutSidebarCalibration.swift */ = {isa = PBXFileReference; lastKnownFileType = sourcecode.swift; path = LayoutSidebarCalibration.swift; sourceTree = "<group>"; };
		39A1E6FE21FE67FE003162FE /* Layout.storyboard */ = {isa = PBXFileReference; fileEncoding = 4; lastKnownFileType = file.storyboard; path = Layout.storyboard; sourceTree = "<group>"; };
		39A1E70021FE67FE003162FE /* LayoutController.swift */ = {isa = PBXFileReference; fileEncoding = 4; lastKnownFileType = sourcecode.swift; path = LayoutController.swift; sourceTree = "<group>"; };
		39A1E70621FE6C26003162FE /* LayoutSidebarEdition.swift */ = {isa = PBXFileReference; lastKnownFileType = sourcecode.swift; path = LayoutSidebarEdition.swift; sourceTree = "<group>"; };
		39A1E70821FE6C3D003162FE /* LayoutCanvas.swift */ = {isa = PBXFileReference; lastKnownFileType = sourcecode.swift; path = LayoutCanvas.swift; sourceTree = "<group>"; };
		39A1E70A21FE77A2003162FE /* Layout.swift */ = {isa = PBXFileReference; lastKnownFileType = sourcecode.swift; path = Layout.swift; sourceTree = "<group>"; };
		39A1E70D21FE7892003162FE /* LayoutCanvasElement.swift */ = {isa = PBXFileReference; lastKnownFileType = sourcecode.swift; path = LayoutCanvasElement.swift; sourceTree = "<group>"; };
		39A1E71121FE7921003162FE /* LayoutCanvasLine.swift */ = {isa = PBXFileReference; lastKnownFileType = sourcecode.swift; path = LayoutCanvasLine.swift; sourceTree = "<group>"; };
		39A1E71521FE7A7A003162FE /* LayoutCanvasDevice.swift */ = {isa = PBXFileReference; lastKnownFileType = sourcecode.swift; path = LayoutCanvasDevice.swift; sourceTree = "<group>"; };
		39A1E71721FEC08C003162FE /* LayoutCanvas.sks */ = {isa = PBXFileReference; lastKnownFileType = file.sks; path = LayoutCanvas.sks; sourceTree = "<group>"; };
		39AF88AC21F4CF7E00A68993 /* App.swift */ = {isa = PBXFileReference; lastKnownFileType = sourcecode.swift; path = App.swift; sourceTree = "<group>"; };
		39AF88AE21F4D02100A68993 /* Core.swift */ = {isa = PBXFileReference; lastKnownFileType = sourcecode.swift; path = Core.swift; sourceTree = "<group>"; };
		39B5575F220008430021BFDA /* maths.swift */ = {isa = PBXFileReference; lastKnownFileType = sourcecode.swift; path = maths.swift; sourceTree = "<group>"; };
		39B5576122000FC70021BFDA /* NSColor.swift */ = {isa = PBXFileReference; lastKnownFileType = sourcecode.swift; path = NSColor.swift; sourceTree = "<group>"; };
		39C1E8FC22094AA500F53AC2 /* LayoutCanvasDelegate.swift */ = {isa = PBXFileReference; lastKnownFileType = sourcecode.swift; path = LayoutCanvasDelegate.swift; sourceTree = "<group>"; };
		39C1E8FE22094DB800F53AC2 /* LayoutCanvasElementDelegate.swift */ = {isa = PBXFileReference; lastKnownFileType = sourcecode.swift; path = LayoutCanvasElementDelegate.swift; sourceTree = "<group>"; };
		39C1E906220A201A00F53AC2 /* LayoutSidebar.swift */ = {isa = PBXFileReference; lastKnownFileType = sourcecode.swift; path = LayoutSidebar.swift; sourceTree = "<group>"; };
		39C1E90A220A347E00F53AC2 /* PBLayoutCanvasLinePropertiesController.swift */ = {isa = PBXFileReference; lastKnownFileType = sourcecode.swift; path = PBLayoutCanvasLinePropertiesController.swift; sourceTree = "<group>"; };
		39C1E90C220A37F300F53AC2 /* Line.swift */ = {isa = PBXFileReference; lastKnownFileType = sourcecode.swift; path = Line.swift; sourceTree = "<group>"; };
		39D558AC220919CA00916AAA /* PBLayoutIcon.icns */ = {isa = PBXFileReference; lastKnownFileType = image.icns; path = PBLayoutIcon.icns; sourceTree = "<group>"; };
		39D558AF2209321700916AAA /* PBDevicesLayoutIcon.icns */ = {isa = PBXFileReference; lastKnownFileType = image.icns; path = PBDevicesLayoutIcon.icns; sourceTree = "<group>"; };
		39DACC1F220CCFC5002E97F8 /* DataAcquisitionEngineObserver.swift */ = {isa = PBXFileReference; lastKnownFileType = sourcecode.swift; path = DataAcquisitionEngineObserver.swift; sourceTree = "<group>"; };
		39DACC2F220F5475002E97F8 /* UsersEngine.swift */ = {isa = PBXFileReference; lastKnownFileType = sourcecode.swift; path = UsersEngine.swift; sourceTree = "<group>"; };
		39DACC33220F663F002E97F8 /* LayoutCanvasUser.swift */ = {isa = PBXFileReference; lastKnownFileType = sourcecode.swift; path = LayoutCanvasUser.swift; sourceTree = "<group>"; };
		39DFBDDE2208A7AF00A7B9BD /* LayoutDocument.swift */ = {isa = PBXFileReference; lastKnownFileType = sourcecode.swift; path = LayoutDocument.swift; sourceTree = "<group>"; };
		39DFBDE62208B09700A7B9BD /* MainMenu.xib */ = {isa = PBXFileReference; lastKnownFileType = file.xib; path = MainMenu.xib; sourceTree = "<group>"; };
		39DFBDE92208B3FB00A7B9BD /* MainMenu.swift */ = {isa = PBXFileReference; lastKnownFileType = sourcecode.swift; path = MainMenu.swift; sourceTree = "<group>"; };
		39E3120F21F6EA8C006569F1 /* PBDeviceRow.swift */ = {isa = PBXFileReference; lastKnownFileType = sourcecode.swift; path = PBDeviceRow.swift; sourceTree = "<group>"; };
		39E3121121F6F1C5006569F1 /* String.swift */ = {isa = PBXFileReference; lastKnownFileType = sourcecode.swift; path = String.swift; sourceTree = "<group>"; };
		39E3121321F777F6006569F1 /* DAEStatus.swift */ = {isa = PBXFileReference; lastKnownFileType = sourcecode.swift; path = DAEStatus.swift; sourceTree = "<group>"; };
		39E3121521F779A0006569F1 /* DAEDeviceStatus.swift */ = {isa = PBXFileReference; lastKnownFileType = sourcecode.swift; path = DAEDeviceStatus.swift; sourceTree = "<group>"; };
		39E8BA7E220BC0440021DC34 /* User.swift */ = {isa = PBXFileReference; lastKnownFileType = sourcecode.swift; path = User.swift; sourceTree = "<group>"; };
		39E8BA80220C78870021DC34 /* NewCalibrationProfilePanel.swift */ = {isa = PBXFileReference; lastKnownFileType = sourcecode.swift; path = NewCalibrationProfilePanel.swift; sourceTree = "<group>"; };
		8A3C96C47318A5A246F5A95A /* Pods-Protocol Bernardo.debug.xcconfig */ = {isa = PBXFileReference; includeInIndex = 1; lastKnownFileType = text.xcconfig; name = "Pods-Protocol Bernardo.debug.xcconfig"; path = "Pods/Target Support Files/Pods-Protocol Bernardo/Pods-Protocol Bernardo.debug.xcconfig"; sourceTree = "<group>"; };
		E78B4A9836B469506B318430 /* Pods_Protocol_Bernardo.framework */ = {isa = PBXFileReference; explicitFileType = wrapper.framework; includeInIndex = 0; path = Pods_Protocol_Bernardo.framework; sourceTree = BUILT_PRODUCTS_DIR; };
/* End PBXFileReference section */

/* Begin PBXFrameworksBuildPhase section */
		396DDFC221F4285000628070 /* Frameworks */ = {
			isa = PBXFrameworksBuildPhase;
			buildActionMask = 2147483647;
			files = (
				39DACC1C220CC02D002E97F8 /* libopencv_core.4.0.1.dylib in Frameworks */,
				39DACC1D220CC02D002E97F8 /* libopencv_highgui.4.0.1.dylib in Frameworks */,
				39DACC1E220CC02D002E97F8 /* libopencv_imgproc.4.0.1.dylib in Frameworks */,
				397B649921FD32A100A71E58 /* libc++.tbd in Frameworks */,
				397B648C21FD326000A71E58 /* libOpenNI2.dylib in Frameworks */,
				397B648B21FD325700A71E58 /* libNiTE2.dylib in Frameworks */,
				397B648921FD324B00A71E58 /* libDataAcquisitionEngine.a in Frameworks */,
				397B648A21FD324B00A71E58 /* Pods_Protocol_Bernardo.framework in Frameworks */,
			);
			runOnlyForDeploymentPostprocessing = 0;
		};
/* End PBXFrameworksBuildPhase section */

/* Begin PBXGroup section */
		19F3F63DC7FFB06856CA4300 /* Pods */ = {
			isa = PBXGroup;
			children = (
				8A3C96C47318A5A246F5A95A /* Pods-Protocol Bernardo.debug.xcconfig */,
				2E884ECCA75A8FC5014A93D2 /* Pods-Protocol Bernardo.release.xcconfig */,
				2FC16C30A804C5686E883755 /* Pods-Protocol BernardoTests.debug.xcconfig */,
				1AD18919927E8DB868C1271B /* Pods-Protocol BernardoTests.release.xcconfig */,
			);
			name = Pods;
			sourceTree = "<group>";
		};
		390D0DB321F4FBE10032CA23 /* DevicesWindow */ = {
			isa = PBXGroup;
			children = (
				390D0DB621F502170032CA23 /* DevicesWindow.storyboard */,
				390C265E21F66EFB00E7FEAE /* DevicesWindow.swift */,
				3968FCD721FB8350005EAA4C /* UI */,
			);
			path = DevicesWindow;
			sourceTree = "<group>";
		};
		390D0DBA21F511630032CA23 /* Engines */ = {
			isa = PBXGroup;
			children = (
				39DACC2D220F5453002E97F8 /* UsersEngine */,
				393B1ECB2204DCA800BC54D3 /* LayoutEngine */,
				390D0DBB21F511680032CA23 /* DataAcquisitionEngine */,
			);
			path = Engines;
			sourceTree = "<group>";
		};
		390D0DBB21F511680032CA23 /* DataAcquisitionEngine */ = {
			isa = PBXGroup;
			children = (
				3968FCDE21FD0386005EAA4C /* Extensions */,
				390D0DBC21F511BD0032CA23 /* DataAcquisitionEngine.swift */,
				39DACC1F220CCFC5002E97F8 /* DataAcquisitionEngineObserver.swift */,
				39379A11220FE496004C3815 /* PhysicalDevice.swift */,
				392183CA22138B3A000D5968 /* ConnectedDevices.swift */,
			);
			path = DataAcquisitionEngine;
			sourceTree = "<group>";
		};
		393B1ECB2204DCA800BC54D3 /* LayoutEngine */ = {
			isa = PBXGroup;
			children = (
				3997742A220B91C000ED4B93 /* Calibration */,
				393B1ECC2204DCD700BC54D3 /* Layout */,
				393B1ED12204E30E00BC54D3 /* LayoutEngine.swift */,
				39DFBDDE2208A7AF00A7B9BD /* LayoutDocument.swift */,
			);
			path = LayoutEngine;
			sourceTree = "<group>";
		};
		393B1ECC2204DCD700BC54D3 /* Layout */ = {
			isa = PBXGroup;
			children = (
				39A1E70A21FE77A2003162FE /* Layout.swift */,
				393B1ECD2204DD0100BC54D3 /* Device.swift */,
				39C1E90C220A37F300F53AC2 /* Line.swift */,
			);
			path = Layout;
			sourceTree = "<group>";
		};
		3968FCD721FB8350005EAA4C /* UI */ = {
			isa = PBXGroup;
			children = (
				3968FCD821FB88E0005EAA4C /* PBDeviceDetails.swift */,
				3968FCDA21FCDFAD005EAA4C /* PBDeviceDetailsPopover.swift */,
				39E3120F21F6EA8C006569F1 /* PBDeviceRow.swift */,
				3968FCD521FB82B5005EAA4C /* PBDeviceRow.xib */,
				3968FCDC21FCEE83005EAA4C /* PBTrackedUserDetailsExcerpt.swift */,
			);
			path = UI;
			sourceTree = "<group>";
		};
		3968FCDE21FD0386005EAA4C /* Extensions */ = {
			isa = PBXGroup;
			children = (
				39E3121521F779A0006569F1 /* DAEDeviceStatus.swift */,
				39E3121321F777F6006569F1 /* DAEStatus.swift */,
				396D45732218A7F10018F95C /* DeviceState.swift */,
			);
			path = Extensions;
			sourceTree = "<group>";
		};
		396DDFBC21F4285000628070 = {
			isa = PBXGroup;
			children = (
				397E685C21FE57D700FFA678 /* README.md */,
				397B63B021FD288800A71E58 /* DataAcquisitionEngine.xcodeproj */,
				396DDFC721F4285000628070 /* Protocol Bernardo */,
				396DDFC621F4285000628070 /* Products */,
				398B65D821F64C5600F6D1FC /* Frameworks */,
				19F3F63DC7FFB06856CA4300 /* Pods */,
			);
			sourceTree = "<group>";
		};
		396DDFC621F4285000628070 /* Products */ = {
			isa = PBXGroup;
			children = (
				396DDFC521F4285000628070 /* Protocol Bernardo.app */,
			);
			name = Products;
			sourceTree = "<group>";
		};
		396DDFC721F4285000628070 /* Protocol Bernardo */ = {
			isa = PBXGroup;
			children = (
				39D558AE220919D900916AAA /* Resources */,
				397B644F21FD321800A71E58 /* Lib */,
				390D0DC121F5293D0032CA23 /* Protocol Bernardo-Bridging-Header.h */,
				390D0DBA21F511630032CA23 /* Engines */,
				39AF88AB21F4CF6E00A68993 /* Core */,
				396DDFF421F4340B00628070 /* Utils */,
				396DDFE621F42A2300628070 /* Scenes */,
			);
			path = "Protocol Bernardo";
			sourceTree = "<group>";
		};
		396DDFE621F42A2300628070 /* Scenes */ = {
			isa = PBXGroup;
			children = (
				39A1E6FC21FE67FE003162FE /* Layout */,
				390D0DB321F4FBE10032CA23 /* DevicesWindow */,
				396DDFE721F42A2800628070 /* WelcomeScene */,
			);
			path = Scenes;
			sourceTree = "<group>";
		};
		396DDFE721F42A2800628070 /* WelcomeScene */ = {
			isa = PBXGroup;
			children = (
				396DDFCA21F4285000628070 /* WelcomeWindow.swift */,
				396DDFCE21F4285200628070 /* WelcomeWindow.storyboard */,
			);
			path = WelcomeScene;
			sourceTree = "<group>";
		};
		396DDFF421F4340B00628070 /* Utils */ = {
			isa = PBXGroup;
			children = (
				396DDFF521F4341A00628070 /* Extensions */,
				397195C52200D38000F92C5C /* Keycode.swift */,
				39B5575F220008430021BFDA /* maths.swift */,
				39977434220B961B00ED4B93 /* Point.swift */,
				396CF35722110EC10049E091 /* Queue.swift */,
				392183CC22138C5E000D5968 /* Typealias.swift */,
			);
			path = Utils;
			sourceTree = "<group>";
		};
		396DDFF521F4341A00628070 /* Extensions */ = {
			isa = PBXGroup;
			children = (
				39977436220B977800ED4B93 /* CGPoint.swift */,
				397195C3220022F800F92C5C /* Comparable.swift */,
				39B5576122000FC70021BFDA /* NSColor.swift */,
				397E685A21FE50E600FFA678 /* NSNib.swift */,
				3989EAD622037C3F005CF113 /* NSStepper.swift */,
				39E3121121F6F1C5006569F1 /* String.swift */,
				39379A0D220FA220004C3815 /* Position.swift */,
			);
			path = Extensions;
			sourceTree = "<group>";
		};
		397B63F121FD2CFD00A71E58 /* Products */ = {
			isa = PBXGroup;
			children = (
				397B63F521FD2CFD00A71E58 /* libDataAcquisitionEngine.a */,
			);
			name = Products;
			sourceTree = "<group>";
		};
		397B644F21FD321800A71E58 /* Lib */ = {
			isa = PBXGroup;
			children = (
				397B646B21FD321800A71E58 /* libfreenect2-openni2.0.dylib */,
				397B645321FD321800A71E58 /* libNiTE2.dylib */,
				397B645021FD321800A71E58 /* libOpenNI2.dylib */,
				397B646121FD321800A71E58 /* NiTE.ini */,
				397B648421FD322700A71E58 /* NiTE2 */,
				397B645121FD321800A71E58 /* OpenNI.ini */,
				397B648521FD322700A71E58 /* OpenNI2 */,
			);
			path = Lib;
			sourceTree = "<group>";
		};
		398B65D821F64C5600F6D1FC /* Frameworks */ = {
			isa = PBXGroup;
			children = (
				397B63EC21FD2AE000A71E58 /* libc++.tbd */,
				3968FCC321FA8D40005EAA4C /* libNiTE2.dylib */,
				392960B521F7D0460064B808 /* libOpenNI2.dylib */,
				392960B221F7CFDB0064B808 /* libfreenect2-openni2.0.dylib */,
				3929605421F7BFF30064B808 /* libopencv_highgui.4.0.1.dylib */,
				3929601421F7BFF00064B808 /* libopencv_imgproc.4.0.1.dylib */,
				3929600221F7BF6B0064B808 /* libopencv_core.4.0.1.dylib */,
				E78B4A9836B469506B318430 /* Pods_Protocol_Bernardo.framework */,
			);
			name = Frameworks;
			sourceTree = "<group>";
		};
		39977425220B7E4500ED4B93 /* Calibration */ = {
			isa = PBXGroup;
			children = (
				393ACD222215140700306D60 /* CalibrationController.swift */,
				393ACD242215143400306D60 /* CalibrationControllerDelegate.swift */,
				396CF35522110B0D0049E091 /* CalibrationDeltasCalculator.swift */,
				3997743C220BB0E500ED4B93 /* LayoutSidebarCalibration.swift */,
				393ACD2022150C4500306D60 /* PBCalibrationLiveDeltas.swift */,
			);
			path = Calibration;
			sourceTree = "<group>";
		};
		3997742A220B91C000ED4B93 /* Calibration */ = {
			isa = PBXGroup;
			children = (
				3997742F220B94FB00ED4B93 /* LayoutCalibrationProfile.swift */,
				39977432220B955500ED4B93 /* DeviceCalibrationProfile.swift */,
				396CF3592212037E0049E091 /* CalibrationDeltas.swift */,
			);
			path = Calibration;
			sourceTree = "<group>";
		};
		39A1E6FC21FE67FE003162FE /* Layout */ = {
			isa = PBXGroup;
			children = (
				39A1E70C21FE7871003162FE /* Canvas */,
				39A1E6FE21FE67FE003162FE /* Layout.storyboard */,
				39A1E70021FE67FE003162FE /* LayoutController.swift */,
				396C48522208FDBA000AA888 /* LayoutWindowController.swift */,
				39E8BA80220C78870021DC34 /* NewCalibrationProfilePanel.swift */,
				39C1E904220A1F3B00F53AC2 /* Sidebar */,
				39684DEF2214A163006E4B37 /* LayoutWindowDelegate.swift */,
				39684DF12214A1B2006E4B37 /* LayoutInterfaceMode.swift */,
			);
			path = Layout;
			sourceTree = "<group>";
		};
		39A1E70C21FE7871003162FE /* Canvas */ = {
			isa = PBXGroup;
			children = (
				39A1E71721FEC08C003162FE /* LayoutCanvas.sks */,
				39A1E70821FE6C3D003162FE /* LayoutCanvas.swift */,
				39C1E8FC22094AA500F53AC2 /* LayoutCanvasDelegate.swift */,
				39A1E71521FE7A7A003162FE /* LayoutCanvasDevice.swift */,
				39A1E70D21FE7892003162FE /* LayoutCanvasElement.swift */,
				39C1E8FE22094DB800F53AC2 /* LayoutCanvasElementDelegate.swift */,
				39A1E71121FE7921003162FE /* LayoutCanvasLine.swift */,
				39DACC33220F663F002E97F8 /* LayoutCanvasUser.swift */,
				397195C12200219000F92C5C /* LayoutCanvasView.swift */,
			);
			path = Canvas;
			sourceTree = "<group>";
		};
		39AF88AB21F4CF6E00A68993 /* Core */ = {
			isa = PBXGroup;
			children = (
				39DFBDE82208B3EF00A7B9BD /* MainMenu */,
				39AF88AC21F4CF7E00A68993 /* App.swift */,
				396DDFC821F4285000628070 /* AppDelegate.swift */,
				39AF88AE21F4D02100A68993 /* Core.swift */,
			);
			path = Core;
			sourceTree = "<group>";
		};
		39C1E904220A1F3B00F53AC2 /* Sidebar */ = {
			isa = PBXGroup;
			children = (
				39977425220B7E4500ED4B93 /* Calibration */,
				39C1E905220A1FF800F53AC2 /* Edition */,
				39C1E906220A201A00F53AC2 /* LayoutSidebar.swift */,
			);
			path = Sidebar;
			sourceTree = "<group>";
		};
		39C1E905220A1FF800F53AC2 /* Edition */ = {
			isa = PBXGroup;
			children = (
				39A1E70621FE6C26003162FE /* LayoutSidebarEdition.swift */,
				39C1E90A220A347E00F53AC2 /* PBLayoutCanvasLinePropertiesController.swift */,
				3989EAD422037A1F005CF113 /* PBLayoutCanvasDevicePropertiesController.swift */,
			);
			path = Edition;
			sourceTree = "<group>";
		};
		39D558AE220919D900916AAA /* Resources */ = {
			isa = PBXGroup;
			children = (
				3997742B220B931500ED4B93 /* PBLayoutCalibrationIcon.icns */,
				396DDFCC21F4285200628070 /* Assets.xcassets */,
				39D558AF2209321700916AAA /* PBDevicesLayoutIcon.icns */,
				39D558AC220919CA00916AAA /* PBLayoutIcon.icns */,
				396DDFD121F4285200628070 /* Info.plist */,
				398B660E21F6575700F6D1FC /* Protocol Bernardo.entitlements */,
			);
			path = Resources;
			sourceTree = "<group>";
		};
		39DACC2D220F5453002E97F8 /* UsersEngine */ = {
			isa = PBXGroup;
			children = (
				39DACC2F220F5475002E97F8 /* UsersEngine.swift */,
				39E8BA7E220BC0440021DC34 /* User.swift */,
			);
			path = UsersEngine;
			sourceTree = "<group>";
		};
		39DFBDE82208B3EF00A7B9BD /* MainMenu */ = {
			isa = PBXGroup;
			children = (
				39DFBDE62208B09700A7B9BD /* MainMenu.xib */,
				39DFBDE92208B3FB00A7B9BD /* MainMenu.swift */,
			);
			path = MainMenu;
			sourceTree = "<group>";
		};
/* End PBXGroup section */

/* Begin PBXNativeTarget section */
		396DDFC421F4285000628070 /* Protocol Bernardo */ = {
			isa = PBXNativeTarget;
			buildConfigurationList = 396DDFE021F4285200628070 /* Build configuration list for PBXNativeTarget "Protocol Bernardo" */;
			buildPhases = (
				0F28B52CEA073233A32307B0 /* [CP] Check Pods Manifest.lock */,
				39F0BE682213C6E5001AA7AE /* Tailor */,
				396DDFC121F4285000628070 /* Sources */,
				396DDFC321F4285000628070 /* Resources */,
				396DDFC221F4285000628070 /* Frameworks */,
				48B1039FCFCC7E0E313ABDD4 /* [CP] Embed Pods Frameworks */,
				397B649A21FE331D00A71E58 /* Embed Libraries */,
				397B649E21FE341C00A71E58 /* Change Embedded Libraries Paths */,
				3983D9CE21F8FF8100C49CEF /* Copy OpenNI/NiTE Files */,
				3968FCC521FB5829005EAA4C /* Copy NiTE Files */,
			);
			buildRules = (
			);
			dependencies = (
				39C1E909220A308C00F53AC2 /* PBXTargetDependency */,
			);
			name = "Protocol Bernardo";
			productName = "Protocol Bernardo";
			productReference = 396DDFC521F4285000628070 /* Protocol Bernardo.app */;
			productType = "com.apple.product-type.application";
		};
/* End PBXNativeTarget section */

/* Begin PBXProject section */
		396DDFBD21F4285000628070 /* Project object */ = {
			isa = PBXProject;
			attributes = {
				LastSwiftUpdateCheck = 1010;
				LastUpgradeCheck = 1010;
				ORGANIZATIONNAME = Prisme;
				TargetAttributes = {
					396DDFC421F4285000628070 = {
						CreatedOnToolsVersion = 10.1;
						LastSwiftMigration = 1010;
						SystemCapabilities = {
							com.apple.Sandbox = {
								enabled = 0;
							};
						};
					};
				};
			};
			buildConfigurationList = 396DDFC021F4285000628070 /* Build configuration list for PBXProject "Protocol Bernardo" */;
			compatibilityVersion = "Xcode 9.3";
			developmentRegion = en;
			hasScannedForEncodings = 0;
			knownRegions = (
				en,
				Base,
			);
			mainGroup = 396DDFBC21F4285000628070;
			productRefGroup = 396DDFC621F4285000628070 /* Products */;
			projectDirPath = "";
			projectReferences = (
				{
					ProductGroup = 397B63F121FD2CFD00A71E58 /* Products */;
					ProjectRef = 397B63B021FD288800A71E58 /* DataAcquisitionEngine.xcodeproj */;
				},
			);
			projectRoot = "";
			targets = (
				396DDFC421F4285000628070 /* Protocol Bernardo */,
			);
		};
/* End PBXProject section */

/* Begin PBXReferenceProxy section */
		397B63F521FD2CFD00A71E58 /* libDataAcquisitionEngine.a */ = {
			isa = PBXReferenceProxy;
			fileType = archive.ar;
			path = libDataAcquisitionEngine.a;
			remoteRef = 397B63F421FD2CFD00A71E58 /* PBXContainerItemProxy */;
			sourceTree = BUILT_PRODUCTS_DIR;
		};
/* End PBXReferenceProxy section */

/* Begin PBXResourcesBuildPhase section */
		396DDFC321F4285000628070 /* Resources */ = {
			isa = PBXResourcesBuildPhase;
			buildActionMask = 2147483647;
			files = (
				39A1E71821FEC08C003162FE /* LayoutCanvas.sks in Resources */,
				397B648821FD323400A71E58 /* Assets.xcassets in Resources */,
				3997742C220B931500ED4B93 /* PBLayoutCalibrationIcon.icns in Resources */,
				39A1E70321FE67FE003162FE /* Layout.storyboard in Resources */,
				396DDFD021F4285200628070 /* WelcomeWindow.storyboard in Resources */,
				390D0DB721F502170032CA23 /* DevicesWindow.storyboard in Resources */,
				39D558AD220919CA00916AAA /* PBLayoutIcon.icns in Resources */,
				39D558B02209321700916AAA /* PBDevicesLayoutIcon.icns in Resources */,
				3968FCD621FB82B5005EAA4C /* PBDeviceRow.xib in Resources */,
				39DFBDE72208B09700A7B9BD /* MainMenu.xib in Resources */,
			);
			runOnlyForDeploymentPostprocessing = 0;
		};
/* End PBXResourcesBuildPhase section */

/* Begin PBXShellScriptBuildPhase section */
		0F28B52CEA073233A32307B0 /* [CP] Check Pods Manifest.lock */ = {
			isa = PBXShellScriptBuildPhase;
			buildActionMask = 2147483647;
			files = (
			);
			inputFileListPaths = (
			);
			inputPaths = (
				"${PODS_PODFILE_DIR_PATH}/Podfile.lock",
				"${PODS_ROOT}/Manifest.lock",
			);
			name = "[CP] Check Pods Manifest.lock";
			outputFileListPaths = (
			);
			outputPaths = (
				"$(DERIVED_FILE_DIR)/Pods-Protocol Bernardo-checkManifestLockResult.txt",
			);
			runOnlyForDeploymentPostprocessing = 0;
			shellPath = /bin/sh;
			shellScript = "diff \"${PODS_PODFILE_DIR_PATH}/Podfile.lock\" \"${PODS_ROOT}/Manifest.lock\" > /dev/null\nif [ $? != 0 ] ; then\n    # print error to STDERR\n    echo \"error: The sandbox is not in sync with the Podfile.lock. Run 'pod install' or update your CocoaPods installation.\" >&2\n    exit 1\nfi\n# This output is used by Xcode 'outputs' to avoid re-running this script phase.\necho \"SUCCESS\" > \"${SCRIPT_OUTPUT_FILE_0}\"\n";
			showEnvVarsInLog = 0;
		};
		397B649E21FE341C00A71E58 /* Change Embedded Libraries Paths */ = {
			isa = PBXShellScriptBuildPhase;
			buildActionMask = 2147483647;
			files = (
			);
			inputFileListPaths = (
			);
			inputPaths = (
			);
			name = "Change Embedded Libraries Paths";
			outputFileListPaths = (
			);
			outputPaths = (
			);
			runOnlyForDeploymentPostprocessing = 0;
			shellPath = /bin/sh;
			shellScript = "#NiTE\nLIBNITE=libNiTE2.dylib\ninstall_name_tool -change /usr/local/lib/$LIBNITE @executable_path/../Frameworks/$LIBNITE  \"$BUILT_PRODUCTS_DIR/$EXECUTABLE_PATH\"\n\n#OpenNi\nLIBOPENNI=libOpenNI2.dylib\ninstall_name_tool -change /usr/local/lib/ni2/$LIBOPENNI @executable_path/../Frameworks/$LIBOPENNI  \"$BUILT_PRODUCTS_DIR/$EXECUTABLE_PATH\"\n";
		};
		39F0BE682213C6E5001AA7AE /* Tailor */ = {
			isa = PBXShellScriptBuildPhase;
			buildActionMask = 2147483647;
			files = (
			);
			inputFileListPaths = (
			);
			inputPaths = (
			);
			name = Tailor;
			outputFileListPaths = (
			);
			outputPaths = (
			);
			runOnlyForDeploymentPostprocessing = 0;
			shellPath = /bin/sh;
			shellScript = "if [ \"${CONFIGURATION}\" = \"Analyze\" ]; then\n    if hash tailor 2>/dev/null; then\n        tailor --except=trailing-whitespace,function-whitespace,lower-camel-case Protocol\\ Bernardo/\n    else\n        echo \"warning: Please install Tailor from https://tailor.sh\"\n    fi\nfi\n";
		};
		48B1039FCFCC7E0E313ABDD4 /* [CP] Embed Pods Frameworks */ = {
			isa = PBXShellScriptBuildPhase;
			buildActionMask = 2147483647;
			files = (
			);
			inputFileListPaths = (
			);
			inputPaths = (
				"${SRCROOT}/Pods/Target Support Files/Pods-Protocol Bernardo/Pods-Protocol Bernardo-frameworks.sh",
				"${BUILT_PRODUCTS_DIR}/Repeat/Repeat.framework",
			);
			name = "[CP] Embed Pods Frameworks";
			outputFileListPaths = (
			);
			outputPaths = (
				"${TARGET_BUILD_DIR}/${FRAMEWORKS_FOLDER_PATH}/Repeat.framework",
			);
			runOnlyForDeploymentPostprocessing = 0;
			shellPath = /bin/sh;
			shellScript = "\"${SRCROOT}/Pods/Target Support Files/Pods-Protocol Bernardo/Pods-Protocol Bernardo-frameworks.sh\"\n";
			showEnvVarsInLog = 0;
		};
/* End PBXShellScriptBuildPhase section */

/* Begin PBXSourcesBuildPhase section */
		396DDFC121F4285000628070 /* Sources */ = {
			isa = PBXSourcesBuildPhase;
			buildActionMask = 2147483647;
			files = (
				393B1ECE2204DD0100BC54D3 /* Device.swift in Sources */,
				390C265F21F66EFB00E7FEAE /* DevicesWindow.swift in Sources */,
				393B1ED22204E30E00BC54D3 /* LayoutEngine.swift in Sources */,
				39E8BA81220C78870021DC34 /* NewCalibrationProfilePanel.swift in Sources */,
				396CF35622110B0D0049E091 /* CalibrationDeltasCalculator.swift in Sources */,
				39A1E71621FE7A7A003162FE /* LayoutCanvasDevice.swift in Sources */,
				39E3121621F779A0006569F1 /* DAEDeviceStatus.swift in Sources */,
				39684DF22214A1B2006E4B37 /* LayoutInterfaceMode.swift in Sources */,
				39A1E70521FE67FE003162FE /* LayoutController.swift in Sources */,
				39A1E70B21FE77A3003162FE /* Layout.swift in Sources */,
				39A1E70921FE6C3D003162FE /* LayoutCanvas.swift in Sources */,
				39A1E71221FE7921003162FE /* LayoutCanvasLine.swift in Sources */,
				39C1E907220A201A00F53AC2 /* LayoutSidebar.swift in Sources */,
				3989EAD522037A1F005CF113 /* PBLayoutCanvasDevicePropertiesController.swift in Sources */,
				39C1E8FD22094AA500F53AC2 /* LayoutCanvasDelegate.swift in Sources */,
				39977437220B977800ED4B93 /* CGPoint.swift in Sources */,
				39379A12220FE496004C3815 /* PhysicalDevice.swift in Sources */,
				39C1E90B220A347F00F53AC2 /* PBLayoutCanvasLinePropertiesController.swift in Sources */,
				397E685B21FE50E600FFA678 /* NSNib.swift in Sources */,
				396C48532208FDBA000AA888 /* LayoutWindowController.swift in Sources */,
				39DACC34220F663F002E97F8 /* LayoutCanvasUser.swift in Sources */,
				39DACC30220F5475002E97F8 /* UsersEngine.swift in Sources */,
				3997743D220BB0E500ED4B93 /* LayoutSidebarCalibration.swift in Sources */,
				390D0DBD21F511BD0032CA23 /* DataAcquisitionEngine.swift in Sources */,
				3968FCD921FB88E0005EAA4C /* PBDeviceDetails.swift in Sources */,
				396CF35A2212037E0049E091 /* CalibrationDeltas.swift in Sources */,
				39C1E8FF22094DB800F53AC2 /* LayoutCanvasElementDelegate.swift in Sources */,
				39977430220B94FB00ED4B93 /* LayoutCalibrationProfile.swift in Sources */,
				397195C62200D38000F92C5C /* Keycode.swift in Sources */,
				39A1E70E21FE7892003162FE /* LayoutCanvasElement.swift in Sources */,
				3968FCDB21FCDFAD005EAA4C /* PBDeviceDetailsPopover.swift in Sources */,
				39E8BA7F220BC0440021DC34 /* User.swift in Sources */,
				39977433220B955500ED4B93 /* DeviceCalibrationProfile.swift in Sources */,
				39E3121421F777F6006569F1 /* DAEStatus.swift in Sources */,
				397195C22200219000F92C5C /* LayoutCanvasView.swift in Sources */,
				396DDFCB21F4285000628070 /* WelcomeWindow.swift in Sources */,
				397195C4220022F800F92C5C /* Comparable.swift in Sources */,
				393ACD252215143400306D60 /* CalibrationControllerDelegate.swift in Sources */,
				393ACD2122150C4500306D60 /* PBCalibrationLiveDeltas.swift in Sources */,
				39DFBDDF2208A7AF00A7B9BD /* LayoutDocument.swift in Sources */,
				39A1E70721FE6C26003162FE /* LayoutSidebarEdition.swift in Sources */,
				39C1E90D220A37F300F53AC2 /* Line.swift in Sources */,
				39E3121221F6F1C5006569F1 /* String.swift in Sources */,
				396CF35822110EC10049E091 /* Queue.swift in Sources */,
				392183CB22138B3A000D5968 /* ConnectedDevices.swift in Sources */,
				39E3121021F6EA8C006569F1 /* PBDeviceRow.swift in Sources */,
				392183CD22138C5E000D5968 /* Typealias.swift in Sources */,
				39DACC20220CCFC5002E97F8 /* DataAcquisitionEngineObserver.swift in Sources */,
				39379A0E220FA220004C3815 /* Position.swift in Sources */,
				39AF88AD21F4CF7E00A68993 /* App.swift in Sources */,
				39AF88AF21F4D02100A68993 /* Core.swift in Sources */,
				39B5576222000FC70021BFDA /* NSColor.swift in Sources */,
				396DDFC921F4285000628070 /* AppDelegate.swift in Sources */,
				393ACD232215140700306D60 /* CalibrationController.swift in Sources */,
				39684DF02214A163006E4B37 /* LayoutWindowDelegate.swift in Sources */,
				396D45742218A7F10018F95C /* DeviceState.swift in Sources */,
				39DFBDEA2208B3FB00A7B9BD /* MainMenu.swift in Sources */,
				3989EAD722037C3F005CF113 /* NSStepper.swift in Sources */,
				39977435220B961B00ED4B93 /* Point.swift in Sources */,
				39B55760220008430021BFDA /* maths.swift in Sources */,
				3968FCDD21FCEE83005EAA4C /* PBTrackedUserDetailsExcerpt.swift in Sources */,
			);
			runOnlyForDeploymentPostprocessing = 0;
		};
/* End PBXSourcesBuildPhase section */

/* Begin PBXTargetDependency section */
		39C1E909220A308C00F53AC2 /* PBXTargetDependency */ = {
			isa = PBXTargetDependency;
			name = DataAcquisitionEngine;
			targetProxy = 39C1E908220A308C00F53AC2 /* PBXContainerItemProxy */;
		};
/* End PBXTargetDependency section */

/* Begin PBXVariantGroup section */
		396DDFCE21F4285200628070 /* WelcomeWindow.storyboard */ = {
			isa = PBXVariantGroup;
			children = (
				396DDFCF21F4285200628070 /* Base */,
			);
			name = WelcomeWindow.storyboard;
			sourceTree = "<group>";
		};
/* End PBXVariantGroup section */

/* Begin XCBuildConfiguration section */
		396DDFDE21F4285200628070 /* Debug */ = {
			isa = XCBuildConfiguration;
			buildSettings = {
				ALWAYS_SEARCH_USER_PATHS = NO;
				CLANG_ANALYZER_NONNULL = YES;
				CLANG_ANALYZER_NUMBER_OBJECT_CONVERSION = YES_AGGRESSIVE;
				CLANG_CXX_LANGUAGE_STANDARD = "gnu++14";
				CLANG_CXX_LIBRARY = "libc++";
				CLANG_ENABLE_MODULES = YES;
				CLANG_ENABLE_OBJC_ARC = YES;
				CLANG_ENABLE_OBJC_WEAK = YES;
				CLANG_WARN_BLOCK_CAPTURE_AUTORELEASING = YES;
				CLANG_WARN_BOOL_CONVERSION = YES;
				CLANG_WARN_COMMA = YES;
				CLANG_WARN_CONSTANT_CONVERSION = YES;
				CLANG_WARN_DEPRECATED_OBJC_IMPLEMENTATIONS = YES;
				CLANG_WARN_DIRECT_OBJC_ISA_USAGE = YES_ERROR;
				CLANG_WARN_DOCUMENTATION_COMMENTS = YES;
				CLANG_WARN_EMPTY_BODY = YES;
				CLANG_WARN_ENUM_CONVERSION = YES;
				CLANG_WARN_INFINITE_RECURSION = YES;
				CLANG_WARN_INT_CONVERSION = YES;
				CLANG_WARN_NON_LITERAL_NULL_CONVERSION = YES;
				CLANG_WARN_OBJC_IMPLICIT_RETAIN_SELF = YES;
				CLANG_WARN_OBJC_LITERAL_CONVERSION = YES;
				CLANG_WARN_OBJC_ROOT_CLASS = YES_ERROR;
				CLANG_WARN_RANGE_LOOP_ANALYSIS = YES;
				CLANG_WARN_STRICT_PROTOTYPES = YES;
				CLANG_WARN_SUSPICIOUS_MOVE = YES;
				CLANG_WARN_UNGUARDED_AVAILABILITY = YES_AGGRESSIVE;
				CLANG_WARN_UNREACHABLE_CODE = YES;
				CLANG_WARN__DUPLICATE_METHOD_MATCH = YES;
				CODE_SIGN_IDENTITY = "Mac Developer";
				COPY_PHASE_STRIP = NO;
				DEBUG_INFORMATION_FORMAT = dwarf;
				ENABLE_STRICT_OBJC_MSGSEND = YES;
				ENABLE_TESTABILITY = YES;
				GCC_C_LANGUAGE_STANDARD = gnu11;
				GCC_DYNAMIC_NO_PIC = NO;
				GCC_NO_COMMON_BLOCKS = YES;
				GCC_OPTIMIZATION_LEVEL = 0;
				GCC_PREPROCESSOR_DEFINITIONS = (
					"DEBUG=1",
					"$(inherited)",
				);
				GCC_WARN_64_TO_32_BIT_CONVERSION = YES;
				GCC_WARN_ABOUT_RETURN_TYPE = YES_ERROR;
				GCC_WARN_UNDECLARED_SELECTOR = YES;
				GCC_WARN_UNINITIALIZED_AUTOS = YES_AGGRESSIVE;
				GCC_WARN_UNUSED_FUNCTION = YES;
				GCC_WARN_UNUSED_VARIABLE = YES;
				MACOSX_DEPLOYMENT_TARGET = 10.14;
				MTL_ENABLE_DEBUG_INFO = INCLUDE_SOURCE;
				MTL_FAST_MATH = YES;
				ONLY_ACTIVE_ARCH = YES;
				SDKROOT = macosx;
				SWIFT_ACTIVE_COMPILATION_CONDITIONS = DEBUG;
				SWIFT_OPTIMIZATION_LEVEL = "-Onone";
			};
			name = Debug;
		};
		396DDFDF21F4285200628070 /* Release */ = {
			isa = XCBuildConfiguration;
			buildSettings = {
				ALWAYS_SEARCH_USER_PATHS = NO;
				CLANG_ANALYZER_NONNULL = YES;
				CLANG_ANALYZER_NUMBER_OBJECT_CONVERSION = YES_AGGRESSIVE;
				CLANG_CXX_LANGUAGE_STANDARD = "gnu++14";
				CLANG_CXX_LIBRARY = "libc++";
				CLANG_ENABLE_MODULES = YES;
				CLANG_ENABLE_OBJC_ARC = YES;
				CLANG_ENABLE_OBJC_WEAK = YES;
				CLANG_WARN_BLOCK_CAPTURE_AUTORELEASING = YES;
				CLANG_WARN_BOOL_CONVERSION = YES;
				CLANG_WARN_COMMA = YES;
				CLANG_WARN_CONSTANT_CONVERSION = YES;
				CLANG_WARN_DEPRECATED_OBJC_IMPLEMENTATIONS = YES;
				CLANG_WARN_DIRECT_OBJC_ISA_USAGE = YES_ERROR;
				CLANG_WARN_DOCUMENTATION_COMMENTS = YES;
				CLANG_WARN_EMPTY_BODY = YES;
				CLANG_WARN_ENUM_CONVERSION = YES;
				CLANG_WARN_INFINITE_RECURSION = YES;
				CLANG_WARN_INT_CONVERSION = YES;
				CLANG_WARN_NON_LITERAL_NULL_CONVERSION = YES;
				CLANG_WARN_OBJC_IMPLICIT_RETAIN_SELF = YES;
				CLANG_WARN_OBJC_LITERAL_CONVERSION = YES;
				CLANG_WARN_OBJC_ROOT_CLASS = YES_ERROR;
				CLANG_WARN_RANGE_LOOP_ANALYSIS = YES;
				CLANG_WARN_STRICT_PROTOTYPES = YES;
				CLANG_WARN_SUSPICIOUS_MOVE = YES;
				CLANG_WARN_UNGUARDED_AVAILABILITY = YES_AGGRESSIVE;
				CLANG_WARN_UNREACHABLE_CODE = YES;
				CLANG_WARN__DUPLICATE_METHOD_MATCH = YES;
				CODE_SIGN_IDENTITY = "Mac Developer";
				COPY_PHASE_STRIP = NO;
				DEBUG_INFORMATION_FORMAT = "dwarf-with-dsym";
				ENABLE_NS_ASSERTIONS = NO;
				ENABLE_STRICT_OBJC_MSGSEND = YES;
				GCC_C_LANGUAGE_STANDARD = gnu11;
				GCC_NO_COMMON_BLOCKS = YES;
				GCC_WARN_64_TO_32_BIT_CONVERSION = YES;
				GCC_WARN_ABOUT_RETURN_TYPE = YES_ERROR;
				GCC_WARN_UNDECLARED_SELECTOR = YES;
				GCC_WARN_UNINITIALIZED_AUTOS = YES_AGGRESSIVE;
				GCC_WARN_UNUSED_FUNCTION = YES;
				GCC_WARN_UNUSED_VARIABLE = YES;
				MACOSX_DEPLOYMENT_TARGET = 10.14;
				MTL_ENABLE_DEBUG_INFO = NO;
				MTL_FAST_MATH = YES;
				SDKROOT = macosx;
				SWIFT_COMPILATION_MODE = wholemodule;
				SWIFT_OPTIMIZATION_LEVEL = "-O";
			};
			name = Release;
		};
		396DDFE121F4285200628070 /* Debug */ = {
			isa = XCBuildConfiguration;
			baseConfigurationReference = 8A3C96C47318A5A246F5A95A /* Pods-Protocol Bernardo.debug.xcconfig */;
			buildSettings = {
				ASSETCATALOG_COMPILER_APPICON_NAME = AppIcon;
				CLANG_ENABLE_MODULES = YES;
				CLANG_WARN_DOCUMENTATION_COMMENTS = NO;
				CODE_SIGN_IDENTITY = "Mac Developer";
				CODE_SIGN_STYLE = Automatic;
				COMBINE_HIDPI_IMAGES = YES;
				DEVELOPMENT_TEAM = KJ993GM677;
				HEADER_SEARCH_PATHS = (
					/usr/local/include,
					/usr/local/include/opencv4,
					/usr/local/include/ni2,
				);
				INFOPLIST_FILE = "Protocol Bernardo/Info.plist";
				LD_RUNPATH_SEARCH_PATHS = (
					"$(inherited)",
					"@executable_path/../Frameworks",
				);
				LIBRARY_SEARCH_PATHS = (
					/usr/local/lib/,
					"$(inherited)",
					/usr/local/Cellar/opencv/4.0.1/lib,
					"/usr/local/Cellar/openni2/2.2.0-debian/lib/ni2",
					/usr/local/Cellar/gflags/2.2.2/lib,
					"$(PROJECT_DIR)/Protocol\\ Bernardo/Lib",
					"$(PROJECT_DIR)/Protocol\\ Bernardo/Lib",
					"$(PROJECT_DIR)/Protocol\\ Bernardo/Lib",
					"$(PROJECT_DIR)/Protocol\\ Bernardo/Lib",
					"$(PROJECT_DIR)/Protocol\\ Bernardo/Lib",
					"$(PROJECT_DIR)/Protocol\\ Bernardo/Lib",
					"$(PROJECT_DIR)/Protocol\\ Bernardo/Lib",
					"$(PROJECT_DIR)/Protocol\\ Bernardo/Lib",
					"$(PROJECT_DIR)/Protocol\\ Bernardo/Lib/OpenNI2/Drivers",
					"$(PROJECT_DIR)/Protocol\\ Bernardo/Lib/OpenNI2/Drivers",
					"$(PROJECT_DIR)/Protocol\\ Bernardo/Lib/OpenNI2/Drivers",
					"$(PROJECT_DIR)/Protocol\\ Bernardo/Lib/OpenNI2/Drivers",
					"$(PROJECT_DIR)/Protocol\\ Bernardo/Lib/OpenNI2/Drivers",
					"$(PROJECT_DIR)/Protocol\\ Bernardo/Lib",
				);
				PRODUCT_BUNDLE_IDENTIFIER = "prisme.protocol-bernardo";
				PRODUCT_NAME = "$(TARGET_NAME)";
				PROVISIONING_PROFILE_SPECIFIER = "";
				SWIFT_OBJC_BRIDGING_HEADER = "$(PROJECT)/Protocol Bernardo-Bridging-Header.h";
				SWIFT_OPTIMIZATION_LEVEL = "-Onone";
				SWIFT_VERSION = 4.2;
				USER_HEADER_SEARCH_PATHS = "$(PROJECT_DIR)";
			};
			name = Debug;
		};
		396DDFE221F4285200628070 /* Release */ = {
			isa = XCBuildConfiguration;
			baseConfigurationReference = 2E884ECCA75A8FC5014A93D2 /* Pods-Protocol Bernardo.release.xcconfig */;
			buildSettings = {
				ASSETCATALOG_COMPILER_APPICON_NAME = AppIcon;
				CLANG_ENABLE_MODULES = YES;
				CLANG_WARN_DOCUMENTATION_COMMENTS = NO;
				CODE_SIGN_IDENTITY = "Mac Developer";
				CODE_SIGN_STYLE = Automatic;
				COMBINE_HIDPI_IMAGES = YES;
				DEVELOPMENT_TEAM = KJ993GM677;
				HEADER_SEARCH_PATHS = (
					/usr/local/include,
					/usr/local/include/opencv4,
					/usr/local/include/ni2,
				);
				INFOPLIST_FILE = "Protocol Bernardo/Info.plist";
				LD_RUNPATH_SEARCH_PATHS = (
					"$(inherited)",
					"@executable_path/../Frameworks",
				);
				LIBRARY_SEARCH_PATHS = (
					/usr/local/lib/,
					"$(inherited)",
					/usr/local/Cellar/opencv/4.0.1/lib,
					"/usr/local/Cellar/openni2/2.2.0-debian/lib/ni2",
					/usr/local/Cellar/gflags/2.2.2/lib,
					"$(PROJECT_DIR)/Protocol\\ Bernardo/Lib",
					"$(PROJECT_DIR)/Protocol\\ Bernardo/Lib",
					"$(PROJECT_DIR)/Protocol\\ Bernardo/Lib",
					"$(PROJECT_DIR)/Protocol\\ Bernardo/Lib",
					"$(PROJECT_DIR)/Protocol\\ Bernardo/Lib",
					"$(PROJECT_DIR)/Protocol\\ Bernardo/Lib",
					"$(PROJECT_DIR)/Protocol\\ Bernardo/Lib",
					"$(PROJECT_DIR)/Protocol\\ Bernardo/Lib",
					"$(PROJECT_DIR)/Protocol\\ Bernardo/Lib/OpenNI2/Drivers",
					"$(PROJECT_DIR)/Protocol\\ Bernardo/Lib/OpenNI2/Drivers",
					"$(PROJECT_DIR)/Protocol\\ Bernardo/Lib/OpenNI2/Drivers",
					"$(PROJECT_DIR)/Protocol\\ Bernardo/Lib/OpenNI2/Drivers",
					"$(PROJECT_DIR)/Protocol\\ Bernardo/Lib/OpenNI2/Drivers",
					"$(PROJECT_DIR)/Protocol\\ Bernardo/Lib",
				);
				PRODUCT_BUNDLE_IDENTIFIER = "prisme.protocol-bernardo";
				PRODUCT_NAME = "$(TARGET_NAME)";
				PROVISIONING_PROFILE_SPECIFIER = "";
				SWIFT_OBJC_BRIDGING_HEADER = "$(PROJECT)/Protocol Bernardo-Bridging-Header.h";
				SWIFT_VERSION = 4.2;
				USER_HEADER_SEARCH_PATHS = "$(PROJECT_DIR)";
			};
			name = Release;
		};
		39F0BE662213C6C6001AA7AE /* Analyze */ = {
			isa = XCBuildConfiguration;
			buildSettings = {
				ALWAYS_SEARCH_USER_PATHS = NO;
				CLANG_ANALYZER_NONNULL = YES;
				CLANG_ANALYZER_NUMBER_OBJECT_CONVERSION = YES_AGGRESSIVE;
				CLANG_CXX_LANGUAGE_STANDARD = "gnu++14";
				CLANG_CXX_LIBRARY = "libc++";
				CLANG_ENABLE_MODULES = YES;
				CLANG_ENABLE_OBJC_ARC = YES;
				CLANG_ENABLE_OBJC_WEAK = YES;
				CLANG_WARN_BLOCK_CAPTURE_AUTORELEASING = YES;
				CLANG_WARN_BOOL_CONVERSION = YES;
				CLANG_WARN_COMMA = YES;
				CLANG_WARN_CONSTANT_CONVERSION = YES;
				CLANG_WARN_DEPRECATED_OBJC_IMPLEMENTATIONS = YES;
				CLANG_WARN_DIRECT_OBJC_ISA_USAGE = YES_ERROR;
				CLANG_WARN_DOCUMENTATION_COMMENTS = YES;
				CLANG_WARN_EMPTY_BODY = YES;
				CLANG_WARN_ENUM_CONVERSION = YES;
				CLANG_WARN_INFINITE_RECURSION = YES;
				CLANG_WARN_INT_CONVERSION = YES;
				CLANG_WARN_NON_LITERAL_NULL_CONVERSION = YES;
				CLANG_WARN_OBJC_IMPLICIT_RETAIN_SELF = YES;
				CLANG_WARN_OBJC_LITERAL_CONVERSION = YES;
				CLANG_WARN_OBJC_ROOT_CLASS = YES_ERROR;
				CLANG_WARN_RANGE_LOOP_ANALYSIS = YES;
				CLANG_WARN_STRICT_PROTOTYPES = YES;
				CLANG_WARN_SUSPICIOUS_MOVE = YES;
				CLANG_WARN_UNGUARDED_AVAILABILITY = YES_AGGRESSIVE;
				CLANG_WARN_UNREACHABLE_CODE = YES;
				CLANG_WARN__DUPLICATE_METHOD_MATCH = YES;
				CODE_SIGN_IDENTITY = "Mac Developer";
				COPY_PHASE_STRIP = NO;
				DEBUG_INFORMATION_FORMAT = dwarf;
				ENABLE_STRICT_OBJC_MSGSEND = YES;
				ENABLE_TESTABILITY = YES;
				GCC_C_LANGUAGE_STANDARD = gnu11;
				GCC_DYNAMIC_NO_PIC = NO;
				GCC_NO_COMMON_BLOCKS = YES;
				GCC_OPTIMIZATION_LEVEL = 0;
				GCC_PREPROCESSOR_DEFINITIONS = (
					"DEBUG=1",
					"$(inherited)",
				);
				GCC_WARN_64_TO_32_BIT_CONVERSION = YES;
				GCC_WARN_ABOUT_RETURN_TYPE = YES_ERROR;
				GCC_WARN_UNDECLARED_SELECTOR = YES;
				GCC_WARN_UNINITIALIZED_AUTOS = YES_AGGRESSIVE;
				GCC_WARN_UNUSED_FUNCTION = YES;
				GCC_WARN_UNUSED_VARIABLE = YES;
				MACOSX_DEPLOYMENT_TARGET = 10.14;
				MTL_ENABLE_DEBUG_INFO = INCLUDE_SOURCE;
				MTL_FAST_MATH = YES;
				ONLY_ACTIVE_ARCH = YES;
				SDKROOT = macosx;
				SWIFT_ACTIVE_COMPILATION_CONDITIONS = DEBUG;
				SWIFT_OPTIMIZATION_LEVEL = "-Onone";
			};
			name = Analyze;
		};
		39F0BE672213C6C6001AA7AE /* Analyze */ = {
			isa = XCBuildConfiguration;
			baseConfigurationReference = 8A3C96C47318A5A246F5A95A /* Pods-Protocol Bernardo.debug.xcconfig */;
			buildSettings = {
				ASSETCATALOG_COMPILER_APPICON_NAME = AppIcon;
				CLANG_ENABLE_MODULES = YES;
				CLANG_WARN_DOCUMENTATION_COMMENTS = NO;
				CODE_SIGN_IDENTITY = "Mac Developer";
				CODE_SIGN_STYLE = Automatic;
				COMBINE_HIDPI_IMAGES = YES;
				DEVELOPMENT_TEAM = KJ993GM677;
				HEADER_SEARCH_PATHS = (
					/usr/local/include,
					/usr/local/include/opencv4,
					/usr/local/include/ni2,
				);
				INFOPLIST_FILE = "Protocol Bernardo/Info.plist";
				LD_RUNPATH_SEARCH_PATHS = (
					"$(inherited)",
					"@executable_path/../Frameworks",
				);
				LIBRARY_SEARCH_PATHS = (
					/usr/local/lib/,
					"$(inherited)",
					/usr/local/Cellar/opencv/4.0.1/lib,
					"/usr/local/Cellar/openni2/2.2.0-debian/lib/ni2",
					/usr/local/Cellar/gflags/2.2.2/lib,
					"$(PROJECT_DIR)/Protocol\\ Bernardo/Lib",
					"$(PROJECT_DIR)/Protocol\\ Bernardo/Lib",
					"$(PROJECT_DIR)/Protocol\\ Bernardo/Lib",
					"$(PROJECT_DIR)/Protocol\\ Bernardo/Lib",
					"$(PROJECT_DIR)/Protocol\\ Bernardo/Lib",
					"$(PROJECT_DIR)/Protocol\\ Bernardo/Lib",
					"$(PROJECT_DIR)/Protocol\\ Bernardo/Lib",
					"$(PROJECT_DIR)/Protocol\\ Bernardo/Lib",
					"$(PROJECT_DIR)/Protocol\\ Bernardo/Lib/OpenNI2/Drivers",
					"$(PROJECT_DIR)/Protocol\\ Bernardo/Lib/OpenNI2/Drivers",
					"$(PROJECT_DIR)/Protocol\\ Bernardo/Lib/OpenNI2/Drivers",
					"$(PROJECT_DIR)/Protocol\\ Bernardo/Lib/OpenNI2/Drivers",
					"$(PROJECT_DIR)/Protocol\\ Bernardo/Lib/OpenNI2/Drivers",
					"$(PROJECT_DIR)/Protocol\\ Bernardo/Lib",
				);
				PRODUCT_BUNDLE_IDENTIFIER = "prisme.protocol-bernardo";
				PRODUCT_NAME = "$(TARGET_NAME)";
				PROVISIONING_PROFILE_SPECIFIER = "";
				SWIFT_OBJC_BRIDGING_HEADER = "$(PROJECT)/Protocol Bernardo-Bridging-Header.h";
				SWIFT_OPTIMIZATION_LEVEL = "-Onone";
				SWIFT_VERSION = 4.2;
				USER_HEADER_SEARCH_PATHS = "$(PROJECT_DIR)";
			};
			name = Analyze;
		};
/* End XCBuildConfiguration section */

/* Begin XCConfigurationList section */
		396DDFC021F4285000628070 /* Build configuration list for PBXProject "Protocol Bernardo" */ = {
			isa = XCConfigurationList;
			buildConfigurations = (
				396DDFDE21F4285200628070 /* Debug */,
				39F0BE662213C6C6001AA7AE /* Analyze */,
				396DDFDF21F4285200628070 /* Release */,
			);
			defaultConfigurationIsVisible = 0;
			defaultConfigurationName = Release;
		};
		396DDFE021F4285200628070 /* Build configuration list for PBXNativeTarget "Protocol Bernardo" */ = {
			isa = XCConfigurationList;
			buildConfigurations = (
				396DDFE121F4285200628070 /* Debug */,
				39F0BE672213C6C6001AA7AE /* Analyze */,
				396DDFE221F4285200628070 /* Release */,
			);
			defaultConfigurationIsVisible = 0;
			defaultConfigurationName = Release;
		};
/* End XCConfigurationList section */
	};
	rootObject = 396DDFBD21F4285000628070 /* Project object */;
}
