// !$*UTF8*$!
{
	archiveVersion = 1;
	classes = {
	};
	objectVersion = 50;
	objects = {

/* Begin PBXBuildFile section */
		3900AE5D221DF73800A38E26 /* DataAcquisitionEngine.cpp in Sources */ = {isa = PBXBuildFile; fileRef = 3924833D221DF5A300DE6015 /* DataAcquisitionEngine.cpp */; };
		3900AE5E221DF73800A38E26 /* FrameListener.cpp in Sources */ = {isa = PBXBuildFile; fileRef = 3924833F221DF5A300DE6015 /* FrameListener.cpp */; };
		3900AE5F221DF73800A38E26 /* PhysicalDevice.cpp in Sources */ = {isa = PBXBuildFile; fileRef = 39248340221DF5A300DE6015 /* PhysicalDevice.cpp */; };
		3900AE60221DF73800A38E26 /* DeviceDisconnectionListener.cpp in Sources */ = {isa = PBXBuildFile; fileRef = 39248341221DF5A300DE6015 /* DeviceDisconnectionListener.cpp */; };
		3900AE61221DF73800A38E26 /* UsersTracker.cpp in Sources */ = {isa = PBXBuildFile; fileRef = 39248342221DF5A300DE6015 /* UsersTracker.cpp */; };
		3900AE62221DF73800A38E26 /* DeviceConnectionListener.cpp in Sources */ = {isa = PBXBuildFile; fileRef = 3924834F221DF5A300DE6015 /* DeviceConnectionListener.cpp */; };
		3900AE63221DF75200A38E26 /* App.hpp in Headers */ = {isa = PBXBuildFile; fileRef = 39248354221DF5A300DE6015 /* App.hpp */; };
		3900AE64221DF75200A38E26 /* DeviceConnectionListener.hpp in Headers */ = {isa = PBXBuildFile; fileRef = 3924833E221DF5A300DE6015 /* DeviceConnectionListener.hpp */; };
		3900AE65221DF75200A38E26 /* DeviceState.h in Headers */ = {isa = PBXBuildFile; fileRef = 39248344221DF5A300DE6015 /* DeviceState.h */; };
		3900AE66221DF75200A38E26 /* UserState.h in Headers */ = {isa = PBXBuildFile; fileRef = 39248345221DF5A300DE6015 /* UserState.h */; };
		3900AE67221DF75200A38E26 /* UsersTracker.hpp in Headers */ = {isa = PBXBuildFile; fileRef = 39248346221DF5A300DE6015 /* UsersTracker.hpp */; };
		3900AE68221DF75200A38E26 /* Joint.h in Headers */ = {isa = PBXBuildFile; fileRef = 39248348221DF5A300DE6015 /* Joint.h */; };
		3900AE69221DF75200A38E26 /* Quaternion.h in Headers */ = {isa = PBXBuildFile; fileRef = 39248349221DF5A300DE6015 /* Quaternion.h */; };
		3900AE6A221DF75200A38E26 /* Skeleton.h in Headers */ = {isa = PBXBuildFile; fileRef = 3924834A221DF5A300DE6015 /* Skeleton.h */; };
		3900AE6B221DF75200A38E26 /* DAEStatus.h in Headers */ = {isa = PBXBuildFile; fileRef = 3924834B221DF5A300DE6015 /* DAEStatus.h */; };
		3900AE6C221DF75200A38E26 /* Position.h in Headers */ = {isa = PBXBuildFile; fileRef = 3924834C221DF5A300DE6015 /* Position.h */; };
		3900AE6D221DF75200A38E26 /* PhysicalUser.h in Headers */ = {isa = PBXBuildFile; fileRef = 3924834D221DF5A300DE6015 /* PhysicalUser.h */; };
		3900AE6E221DF75200A38E26 /* DataAcquisitionEngine.hpp in Headers */ = {isa = PBXBuildFile; fileRef = 3924834E221DF5A300DE6015 /* DataAcquisitionEngine.hpp */; };
		3900AE6F221DF75200A38E26 /* FrameListener.hpp in Headers */ = {isa = PBXBuildFile; fileRef = 39248350221DF5A300DE6015 /* FrameListener.hpp */; };
		3900AE70221DF75200A38E26 /* PhysicalDevice.hpp in Headers */ = {isa = PBXBuildFile; fileRef = 39248351221DF5A300DE6015 /* PhysicalDevice.hpp */; };
		3900AE71221DF75200A38E26 /* DeviceDisconnectionListener.hpp in Headers */ = {isa = PBXBuildFile; fileRef = 39248352221DF5A300DE6015 /* DeviceDisconnectionListener.hpp */; };
		3900AE72221DF75200A38E26 /* DAE-Bridging.h in Headers */ = {isa = PBXBuildFile; fileRef = 3924833B221DF5A300DE6015 /* DAE-Bridging.h */; };
		3900AE73221DF75A00A38E26 /* App.cpp in Sources */ = {isa = PBXBuildFile; fileRef = 39248353221DF5A300DE6015 /* App.cpp */; };
		39023F94221F58E1005E2C9F /* SkeletonJoint.swift in Sources */ = {isa = PBXBuildFile; fileRef = 39023F93221F58E1005E2C9F /* SkeletonJoint.swift */; };
		39023F97221F594C005E2C9F /* Skeleton.swift in Sources */ = {isa = PBXBuildFile; fileRef = 39023F96221F594C005E2C9F /* Skeleton.swift */; };
		39023F99221F5C21005E2C9F /* Quaternion.swift in Sources */ = {isa = PBXBuildFile; fileRef = 39023F98221F5C21005E2C9F /* Quaternion.swift */; };
		39023F9B221F608F005E2C9F /* Joint.swift in Sources */ = {isa = PBXBuildFile; fileRef = 39023F9A221F608F005E2C9F /* Joint.swift */; };
		390C265F21F66EFB00E7FEAE /* DevicesWindow.swift in Sources */ = {isa = PBXBuildFile; fileRef = 390C265E21F66EFB00E7FEAE /* DevicesWindow.swift */; };
		390D0DB721F502170032CA23 /* DevicesWindow.storyboard in Resources */ = {isa = PBXBuildFile; fileRef = 390D0DB621F502170032CA23 /* DevicesWindow.storyboard */; };
		390D0DBD21F511BD0032CA23 /* DataAcquisitionEngine.swift in Sources */ = {isa = PBXBuildFile; fileRef = 390D0DBC21F511BD0032CA23 /* DataAcquisitionEngine.swift */; };
		3915BFA32219E6C800E80ABE /* PBMachineDevicesList.swift in Sources */ = {isa = PBXBuildFile; fileRef = 3915BFA22219E6C800E80ABE /* PBMachineDevicesList.swift */; };
		3915BFA52219EFF500E80ABE /* Core.storyboard in Resources */ = {isa = PBXBuildFile; fileRef = 3915BFA42219EFF500E80ABE /* Core.storyboard */; };
		392183CB22138B3A000D5968 /* ConnectedDevices.swift in Sources */ = {isa = PBXBuildFile; fileRef = 392183CA22138B3A000D5968 /* ConnectedDevices.swift */; };
		392183CD22138C5E000D5968 /* Typealias.swift in Sources */ = {isa = PBXBuildFile; fileRef = 392183CC22138C5E000D5968 /* Typealias.swift */; };
		392482C5221DF3E200DE6015 /* libNiTE2.dylib in Frameworks */ = {isa = PBXBuildFile; fileRef = 3968FCC321FA8D40005EAA4C /* libNiTE2.dylib */; };
		392482CC221DF3E200DE6015 /* libOpenNI2.dylib in Frameworks */ = {isa = PBXBuildFile; fileRef = 392482C8221DF3E200DE6015 /* libOpenNI2.dylib */; };
		392482CE221DF41A00DE6015 /* libDataAcquisitionEngine.a in Frameworks */ = {isa = PBXBuildFile; fileRef = 392482A9221DF2EC00DE6015 /* libDataAcquisitionEngine.a */; };
		392482D1221DF53300DE6015 /* libopencv_core.4.0.1.dylib in Frameworks */ = {isa = PBXBuildFile; fileRef = 3929600221F7BF6B0064B808 /* libopencv_core.4.0.1.dylib */; };
		392482D2221DF53300DE6015 /* libopencv_highgui.4.0.1.dylib in Frameworks */ = {isa = PBXBuildFile; fileRef = 3929605421F7BFF30064B808 /* libopencv_highgui.4.0.1.dylib */; };
		392482D3221DF53300DE6015 /* libopencv_imgproc.4.0.1.dylib in Frameworks */ = {isa = PBXBuildFile; fileRef = 3929601421F7BFF00064B808 /* libopencv_imgproc.4.0.1.dylib */; };
		39264994221E72EC00C8ECBF /* LayoutTouchbar.swift in Sources */ = {isa = PBXBuildFile; fileRef = 39264993221E72EC00C8ECBF /* LayoutTouchbar.swift */; };
		39379A0E220FA220004C3815 /* Position.swift in Sources */ = {isa = PBXBuildFile; fileRef = 39379A0D220FA220004C3815 /* Position.swift */; };
		39379A12220FE496004C3815 /* PhysicalDevice.swift in Sources */ = {isa = PBXBuildFile; fileRef = 39379A11220FE496004C3815 /* PhysicalDevice.swift */; };
		393ACD2122150C4500306D60 /* PBCalibrationLiveDeltas.swift in Sources */ = {isa = PBXBuildFile; fileRef = 393ACD2022150C4500306D60 /* PBCalibrationLiveDeltas.swift */; };
		393ACD232215140700306D60 /* CalibrationController.swift in Sources */ = {isa = PBXBuildFile; fileRef = 393ACD222215140700306D60 /* CalibrationController.swift */; };
		393ACD252215143400306D60 /* CalibrationControllerDelegate.swift in Sources */ = {isa = PBXBuildFile; fileRef = 393ACD242215143400306D60 /* CalibrationControllerDelegate.swift */; };
		393B1ECE2204DD0100BC54D3 /* Device.swift in Sources */ = {isa = PBXBuildFile; fileRef = 393B1ECD2204DD0100BC54D3 /* Device.swift */; };
		393B1ED22204E30E00BC54D3 /* LayoutEngine.swift in Sources */ = {isa = PBXBuildFile; fileRef = 393B1ED12204E30E00BC54D3 /* LayoutEngine.swift */; };
		39684DF02214A163006E4B37 /* LayoutWindowDelegate.swift in Sources */ = {isa = PBXBuildFile; fileRef = 39684DEF2214A163006E4B37 /* LayoutWindowDelegate.swift */; };
		39684DF22214A1B2006E4B37 /* LayoutInterfaceMode.swift in Sources */ = {isa = PBXBuildFile; fileRef = 39684DF12214A1B2006E4B37 /* LayoutInterfaceMode.swift */; };
		3968FCD621FB82B5005EAA4C /* DevicesWindowViews.xib in Resources */ = {isa = PBXBuildFile; fileRef = 3968FCD521FB82B5005EAA4C /* DevicesWindowViews.xib */; };
		3968FCD921FB88E0005EAA4C /* PBDeviceDetails.swift in Sources */ = {isa = PBXBuildFile; fileRef = 3968FCD821FB88E0005EAA4C /* PBDeviceDetails.swift */; };
		3968FCDB21FCDFAD005EAA4C /* PBDeviceDetailsPopover.swift in Sources */ = {isa = PBXBuildFile; fileRef = 3968FCDA21FCDFAD005EAA4C /* PBDeviceDetailsPopover.swift */; };
		3968FCDD21FCEE83005EAA4C /* PBTrackedUserDetailsExcerpt.swift in Sources */ = {isa = PBXBuildFile; fileRef = 3968FCDC21FCEE83005EAA4C /* PBTrackedUserDetailsExcerpt.swift */; };
		396C48532208FDBA000AA888 /* LayoutWindowController.swift in Sources */ = {isa = PBXBuildFile; fileRef = 396C48522208FDBA000AA888 /* LayoutWindowController.swift */; };
		396CF35622110B0D0049E091 /* CalibrationDeltasCalculator.swift in Sources */ = {isa = PBXBuildFile; fileRef = 396CF35522110B0D0049E091 /* CalibrationDeltasCalculator.swift */; };
		396CF35822110EC10049E091 /* Queue.swift in Sources */ = {isa = PBXBuildFile; fileRef = 396CF35722110EC10049E091 /* Queue.swift */; };
		396CF35A2212037E0049E091 /* CalibrationDeltas.swift in Sources */ = {isa = PBXBuildFile; fileRef = 396CF3592212037E0049E091 /* CalibrationDeltas.swift */; };
		396D45742218A7F10018F95C /* DeviceState.swift in Sources */ = {isa = PBXBuildFile; fileRef = 396D45732218A7F10018F95C /* DeviceState.swift */; };
		396DDFC921F4285000628070 /* AppDelegate.swift in Sources */ = {isa = PBXBuildFile; fileRef = 396DDFC821F4285000628070 /* AppDelegate.swift */; };
		396DDFCB21F4285000628070 /* WelcomeWindow.swift in Sources */ = {isa = PBXBuildFile; fileRef = 396DDFCA21F4285000628070 /* WelcomeWindow.swift */; };
		396DDFD021F4285200628070 /* WelcomeWindow.storyboard in Resources */ = {isa = PBXBuildFile; fileRef = 396DDFCE21F4285200628070 /* WelcomeWindow.storyboard */; };
		397195C22200219000F92C5C /* LayoutCanvasView.swift in Sources */ = {isa = PBXBuildFile; fileRef = 397195C12200219000F92C5C /* LayoutCanvasView.swift */; };
		397195C4220022F800F92C5C /* Comparable.swift in Sources */ = {isa = PBXBuildFile; fileRef = 397195C3220022F800F92C5C /* Comparable.swift */; };
		397195C62200D38000F92C5C /* Keycode.swift in Sources */ = {isa = PBXBuildFile; fileRef = 397195C52200D38000F92C5C /* Keycode.swift */; };
		39757D9B2220706100FF6D57 /* UsersEngineDelegate.swift in Sources */ = {isa = PBXBuildFile; fileRef = 39757D9A2220706100FF6D57 /* UsersEngineDelegate.swift */; };
		39757D9D2220902400FF6D57 /* Accelerate.framework in Frameworks */ = {isa = PBXBuildFile; fileRef = 39757D9C2220902400FF6D57 /* Accelerate.framework */; };
		39757DA022209F1800FF6D57 /* TrackingSession.swift in Sources */ = {isa = PBXBuildFile; fileRef = 39757D9F22209F1800FF6D57 /* TrackingSession.swift */; };
		39757DA52221B66900FF6D57 /* .jazzy.json in Resources */ = {isa = PBXBuildFile; fileRef = 39757DA42221B66900FF6D57 /* .jazzy.json */; };
		397B648821FD323400A71E58 /* Assets.xcassets in Resources */ = {isa = PBXBuildFile; fileRef = 396DDFCC21F4285200628070 /* Assets.xcassets */; };
		397B648A21FD324B00A71E58 /* Pods_Protocol_Bernardo.framework in Frameworks */ = {isa = PBXBuildFile; fileRef = E78B4A9836B469506B318430 /* Pods_Protocol_Bernardo.framework */; };
		397B648D21FD327600A71E58 /* NiTE2 in Copy OpenNI/NiTE Files */ = {isa = PBXBuildFile; fileRef = 397B648421FD322700A71E58 /* NiTE2 */; };
		397B648E21FD327600A71E58 /* OpenNI2 in Copy OpenNI/NiTE Files */ = {isa = PBXBuildFile; fileRef = 397B648521FD322700A71E58 /* OpenNI2 */; };
		397B648F21FD327600A71E58 /* libOpenNI2.dylib in Copy OpenNI/NiTE Files */ = {isa = PBXBuildFile; fileRef = 397B645021FD321800A71E58 /* libOpenNI2.dylib */; };
		397B649021FD327600A71E58 /* OpenNI.ini in Copy OpenNI/NiTE Files */ = {isa = PBXBuildFile; fileRef = 397B645121FD321800A71E58 /* OpenNI.ini */; };
		397B649421FD327600A71E58 /* NiTE.ini in Copy OpenNI/NiTE Files */ = {isa = PBXBuildFile; fileRef = 397B646121FD321800A71E58 /* NiTE.ini */; };
		397B649521FD327600A71E58 /* libfreenect2-openni2.0.dylib in Copy OpenNI/NiTE Files */ = {isa = PBXBuildFile; fileRef = 397B646B21FD321800A71E58 /* libfreenect2-openni2.0.dylib */; };
		397B649821FD328D00A71E58 /* NiTE.ini in Copy NiTE Files */ = {isa = PBXBuildFile; fileRef = 397B646121FD321800A71E58 /* NiTE.ini */; };
		397B649921FD32A100A71E58 /* libc++.tbd in Frameworks */ = {isa = PBXBuildFile; fileRef = 397B63EC21FD2AE000A71E58 /* libc++.tbd */; };
		397E685B21FE50E600FFA678 /* NSNib.swift in Sources */ = {isa = PBXBuildFile; fileRef = 397E685A21FE50E600FFA678 /* NSNib.swift */; };
		3989EAD522037A1F005CF113 /* PBLayoutCanvasDevicePropertiesController.swift in Sources */ = {isa = PBXBuildFile; fileRef = 3989EAD422037A1F005CF113 /* PBLayoutCanvasDevicePropertiesController.swift */; };
		398F6273221901E8003BFC81 /* PBDevicesStartupSheet.swift in Sources */ = {isa = PBXBuildFile; fileRef = 398F6272221901E8003BFC81 /* PBDevicesStartupSheet.swift */; };
		398F6274221920DF003BFC81 /* libOpenNI2.dylib in Resources */ = {isa = PBXBuildFile; fileRef = 397B645021FD321800A71E58 /* libOpenNI2.dylib */; };
		398F6275221921C3003BFC81 /* NiTE2 in Copy NiTE Files */ = {isa = PBXBuildFile; fileRef = 397B648421FD322700A71E58 /* NiTE2 */; };
		398F627922192308003BFC81 /* libNiTE2.dylib in Embed Libraries */ = {isa = PBXBuildFile; fileRef = 397B645321FD321800A71E58 /* libNiTE2.dylib */; settings = {ATTRIBUTES = (CodeSignOnCopy, ); }; };
		398F627B2219230D003BFC81 /* libOpenNI2.dylib in Embed Libraries */ = {isa = PBXBuildFile; fileRef = 397B645021FD321800A71E58 /* libOpenNI2.dylib */; settings = {ATTRIBUTES = (CodeSignOnCopy, ); }; };
		398F627C22192337003BFC81 /* libNiTE2.dylib in Frameworks */ = {isa = PBXBuildFile; fileRef = 397B645321FD321800A71E58 /* libNiTE2.dylib */; };
		398F627D22192337003BFC81 /* libOpenNI2.dylib in Frameworks */ = {isa = PBXBuildFile; fileRef = 397B645021FD321800A71E58 /* libOpenNI2.dylib */; };
		39967344221E2127003A75A6 /* LayoutCanvasElementAppearance.swift in Sources */ = {isa = PBXBuildFile; fileRef = 39967343221E2127003A75A6 /* LayoutCanvasElementAppearance.swift */; };
		39967347221E3C30003A75A6 /* LayoutSidebarTracking.swift in Sources */ = {isa = PBXBuildFile; fileRef = 39967346221E3C30003A75A6 /* LayoutSidebarTracking.swift */; };
		3997742C220B931500ED4B93 /* PBLayoutCalibrationIcon.icns in Resources */ = {isa = PBXBuildFile; fileRef = 3997742B220B931500ED4B93 /* PBLayoutCalibrationIcon.icns */; };
		39977430220B94FB00ED4B93 /* LayoutCalibrationProfile.swift in Sources */ = {isa = PBXBuildFile; fileRef = 3997742F220B94FB00ED4B93 /* LayoutCalibrationProfile.swift */; };
		39977433220B955500ED4B93 /* DeviceCalibrationProfile.swift in Sources */ = {isa = PBXBuildFile; fileRef = 39977432220B955500ED4B93 /* DeviceCalibrationProfile.swift */; };
		39977435220B961B00ED4B93 /* Point.swift in Sources */ = {isa = PBXBuildFile; fileRef = 39977434220B961B00ED4B93 /* Point.swift */; };
		39977437220B977800ED4B93 /* CGPoint.swift in Sources */ = {isa = PBXBuildFile; fileRef = 39977436220B977800ED4B93 /* CGPoint.swift */; };
		3997743D220BB0E500ED4B93 /* LayoutSidebarCalibration.swift in Sources */ = {isa = PBXBuildFile; fileRef = 3997743C220BB0E500ED4B93 /* LayoutSidebarCalibration.swift */; };
		39A1E70321FE67FE003162FE /* Layout.storyboard in Resources */ = {isa = PBXBuildFile; fileRef = 39A1E6FE21FE67FE003162FE /* Layout.storyboard */; };
		39A1E70521FE67FE003162FE /* LayoutController.swift in Sources */ = {isa = PBXBuildFile; fileRef = 39A1E70021FE67FE003162FE /* LayoutController.swift */; };
		39A1E70721FE6C26003162FE /* LayoutSidebarEdition.swift in Sources */ = {isa = PBXBuildFile; fileRef = 39A1E70621FE6C26003162FE /* LayoutSidebarEdition.swift */; };
		39A1E70921FE6C3D003162FE /* LayoutCanvas.swift in Sources */ = {isa = PBXBuildFile; fileRef = 39A1E70821FE6C3D003162FE /* LayoutCanvas.swift */; };
		39A1E70B21FE77A3003162FE /* Layout.swift in Sources */ = {isa = PBXBuildFile; fileRef = 39A1E70A21FE77A2003162FE /* Layout.swift */; };
		39A1E70E21FE7892003162FE /* LayoutCanvasElement.swift in Sources */ = {isa = PBXBuildFile; fileRef = 39A1E70D21FE7892003162FE /* LayoutCanvasElement.swift */; };
		39A1E71221FE7921003162FE /* LayoutCanvasLine.swift in Sources */ = {isa = PBXBuildFile; fileRef = 39A1E71121FE7921003162FE /* LayoutCanvasLine.swift */; };
		39A1E71621FE7A7A003162FE /* LayoutCanvasDevice.swift in Sources */ = {isa = PBXBuildFile; fileRef = 39A1E71521FE7A7A003162FE /* LayoutCanvasDevice.swift */; };
		39A1E71821FEC08C003162FE /* LayoutCanvas.sks in Resources */ = {isa = PBXBuildFile; fileRef = 39A1E71721FEC08C003162FE /* LayoutCanvas.sks */; };
		39AF88AD21F4CF7E00A68993 /* App.swift in Sources */ = {isa = PBXBuildFile; fileRef = 39AF88AC21F4CF7E00A68993 /* App.swift */; };
		39AF88AF21F4D02100A68993 /* Core.swift in Sources */ = {isa = PBXBuildFile; fileRef = 39AF88AE21F4D02100A68993 /* Core.swift */; };
		39B55760220008430021BFDA /* maths.swift in Sources */ = {isa = PBXBuildFile; fileRef = 39B5575F220008430021BFDA /* maths.swift */; };
		39B5576222000FC70021BFDA /* NSColor.swift in Sources */ = {isa = PBXBuildFile; fileRef = 39B5576122000FC70021BFDA /* NSColor.swift */; };
		39C1E8FD22094AA500F53AC2 /* LayoutCanvasDelegate.swift in Sources */ = {isa = PBXBuildFile; fileRef = 39C1E8FC22094AA500F53AC2 /* LayoutCanvasDelegate.swift */; };
		39C1E8FF22094DB800F53AC2 /* LayoutCanvasElementDelegate.swift in Sources */ = {isa = PBXBuildFile; fileRef = 39C1E8FE22094DB800F53AC2 /* LayoutCanvasElementDelegate.swift */; };
		39C1E907220A201A00F53AC2 /* LayoutSidebar.swift in Sources */ = {isa = PBXBuildFile; fileRef = 39C1E906220A201A00F53AC2 /* LayoutSidebar.swift */; };
		39C1E90B220A347F00F53AC2 /* PBLayoutCanvasLinePropertiesController.swift in Sources */ = {isa = PBXBuildFile; fileRef = 39C1E90A220A347E00F53AC2 /* PBLayoutCanvasLinePropertiesController.swift */; };
		39C1E90D220A37F300F53AC2 /* Line.swift in Sources */ = {isa = PBXBuildFile; fileRef = 39C1E90C220A37F300F53AC2 /* Line.swift */; };
		39D558AD220919CA00916AAA /* PBLayoutIcon.icns in Resources */ = {isa = PBXBuildFile; fileRef = 39D558AC220919CA00916AAA /* PBLayoutIcon.icns */; };
		39D558B02209321700916AAA /* PBDevicesLayoutIcon.icns in Resources */ = {isa = PBXBuildFile; fileRef = 39D558AF2209321700916AAA /* PBDevicesLayoutIcon.icns */; };
		39DACC1C220CC02D002E97F8 /* libopencv_core.4.0.1.dylib in Frameworks */ = {isa = PBXBuildFile; fileRef = 3929600221F7BF6B0064B808 /* libopencv_core.4.0.1.dylib */; };
		39DACC1D220CC02D002E97F8 /* libopencv_highgui.4.0.1.dylib in Frameworks */ = {isa = PBXBuildFile; fileRef = 3929605421F7BFF30064B808 /* libopencv_highgui.4.0.1.dylib */; };
		39DACC1E220CC02D002E97F8 /* libopencv_imgproc.4.0.1.dylib in Frameworks */ = {isa = PBXBuildFile; fileRef = 3929601421F7BFF00064B808 /* libopencv_imgproc.4.0.1.dylib */; };
		39DACC20220CCFC5002E97F8 /* DataAcquisitionEngineObserver.swift in Sources */ = {isa = PBXBuildFile; fileRef = 39DACC1F220CCFC5002E97F8 /* DataAcquisitionEngineObserver.swift */; };
		39DACC30220F5475002E97F8 /* UsersEngine.swift in Sources */ = {isa = PBXBuildFile; fileRef = 39DACC2F220F5475002E97F8 /* UsersEngine.swift */; };
		39DACC34220F663F002E97F8 /* LayoutCanvasUser.swift in Sources */ = {isa = PBXBuildFile; fileRef = 39DACC33220F663F002E97F8 /* LayoutCanvasUser.swift */; };
		39DFBDDF2208A7AF00A7B9BD /* LayoutDocument.swift in Sources */ = {isa = PBXBuildFile; fileRef = 39DFBDDE2208A7AF00A7B9BD /* LayoutDocument.swift */; };
		39DFBDEA2208B3FB00A7B9BD /* MainMenu.swift in Sources */ = {isa = PBXBuildFile; fileRef = 39DFBDE92208B3FB00A7B9BD /* MainMenu.swift */; };
		39E3121021F6EA8C006569F1 /* PBDeviceRow.swift in Sources */ = {isa = PBXBuildFile; fileRef = 39E3120F21F6EA8C006569F1 /* PBDeviceRow.swift */; };
		39E3121221F6F1C5006569F1 /* String.swift in Sources */ = {isa = PBXBuildFile; fileRef = 39E3121121F6F1C5006569F1 /* String.swift */; };
		39E3121421F777F6006569F1 /* DAEStatus.swift in Sources */ = {isa = PBXBuildFile; fileRef = 39E3121321F777F6006569F1 /* DAEStatus.swift */; };
		39E3121621F779A0006569F1 /* DAEDeviceStatus.swift in Sources */ = {isa = PBXBuildFile; fileRef = 39E3121521F779A0006569F1 /* DAEDeviceStatus.swift */; };
		39E8BA7F220BC0440021DC34 /* User.swift in Sources */ = {isa = PBXBuildFile; fileRef = 39E8BA7E220BC0440021DC34 /* User.swift */; };
		39E8BA81220C78870021DC34 /* NewCalibrationProfilePanel.swift in Sources */ = {isa = PBXBuildFile; fileRef = 39E8BA80220C78870021DC34 /* NewCalibrationProfilePanel.swift */; };
		39F5F58D2221D48D0035B9C1 /* TrackedUser.swift in Sources */ = {isa = PBXBuildFile; fileRef = 39F5F58C2221D48D0035B9C1 /* TrackedUser.swift */; };
		39F5F58F2221ED780035B9C1 /* PBAFile.swift in Sources */ = {isa = PBXBuildFile; fileRef = 39F5F58E2221ED780035B9C1 /* PBAFile.swift */; };
		39FBE95C2223584900B8AABA /* NewTrackingSessionPanel.swift in Sources */ = {isa = PBXBuildFile; fileRef = 39FBE95B2223584900B8AABA /* NewTrackingSessionPanel.swift */; };
/* End PBXBuildFile section */

/* Begin PBXContainerItemProxy section */
		392482CF221DF42200DE6015 /* PBXContainerItemProxy */ = {
			isa = PBXContainerItemProxy;
			containerPortal = 396DDFBD21F4285000628070 /* Project object */;
			proxyType = 1;
			remoteGlobalIDString = 392482A8221DF2EC00DE6015;
			remoteInfo = DataAcquisitionEngine;
		};
/* End PBXContainerItemProxy section */

/* Begin PBXCopyFilesBuildPhase section */
		3968FCC521FB5829005EAA4C /* Copy NiTE Files */ = {
			isa = PBXCopyFilesBuildPhase;
			buildActionMask = 2147483647;
			dstPath = "";
			dstSubfolderSpec = 7;
			files = (
				398F6275221921C3003BFC81 /* NiTE2 in Copy NiTE Files */,
				397B649821FD328D00A71E58 /* NiTE.ini in Copy NiTE Files */,
			);
			name = "Copy NiTE Files";
			runOnlyForDeploymentPostprocessing = 0;
		};
		3983D9CE21F8FF8100C49CEF /* Copy OpenNI/NiTE Files */ = {
			isa = PBXCopyFilesBuildPhase;
			buildActionMask = 2147483647;
			dstPath = "";
			dstSubfolderSpec = 16;
			files = (
				397B648D21FD327600A71E58 /* NiTE2 in Copy OpenNI/NiTE Files */,
				397B648E21FD327600A71E58 /* OpenNI2 in Copy OpenNI/NiTE Files */,
				397B648F21FD327600A71E58 /* libOpenNI2.dylib in Copy OpenNI/NiTE Files */,
				397B649021FD327600A71E58 /* OpenNI.ini in Copy OpenNI/NiTE Files */,
				397B649421FD327600A71E58 /* NiTE.ini in Copy OpenNI/NiTE Files */,
				397B649521FD327600A71E58 /* libfreenect2-openni2.0.dylib in Copy OpenNI/NiTE Files */,
			);
			name = "Copy OpenNI/NiTE Files";
			runOnlyForDeploymentPostprocessing = 0;
		};
		398F627A22192308003BFC81 /* Embed Libraries */ = {
			isa = PBXCopyFilesBuildPhase;
			buildActionMask = 2147483647;
			dstPath = "";
			dstSubfolderSpec = 10;
			files = (
				398F627B2219230D003BFC81 /* libOpenNI2.dylib in Embed Libraries */,
				398F627922192308003BFC81 /* libNiTE2.dylib in Embed Libraries */,
			);
			name = "Embed Libraries";
			runOnlyForDeploymentPostprocessing = 0;
		};
/* End PBXCopyFilesBuildPhase section */

/* Begin PBXFileReference section */
		1AD18919927E8DB868C1271B /* Pods-Protocol BernardoTests.release.xcconfig */ = {isa = PBXFileReference; includeInIndex = 1; lastKnownFileType = text.xcconfig; name = "Pods-Protocol BernardoTests.release.xcconfig"; path = "Pods/Target Support Files/Pods-Protocol BernardoTests/Pods-Protocol BernardoTests.release.xcconfig"; sourceTree = "<group>"; };
		2E884ECCA75A8FC5014A93D2 /* Pods-Protocol Bernardo.release.xcconfig */ = {isa = PBXFileReference; includeInIndex = 1; lastKnownFileType = text.xcconfig; name = "Pods-Protocol Bernardo.release.xcconfig"; path = "Pods/Target Support Files/Pods-Protocol Bernardo/Pods-Protocol Bernardo.release.xcconfig"; sourceTree = "<group>"; };
		2FC16C30A804C5686E883755 /* Pods-Protocol BernardoTests.debug.xcconfig */ = {isa = PBXFileReference; includeInIndex = 1; lastKnownFileType = text.xcconfig; name = "Pods-Protocol BernardoTests.debug.xcconfig"; path = "Pods/Target Support Files/Pods-Protocol BernardoTests/Pods-Protocol BernardoTests.debug.xcconfig"; sourceTree = "<group>"; };
		39023F93221F58E1005E2C9F /* SkeletonJoint.swift */ = {isa = PBXFileReference; lastKnownFileType = sourcecode.swift; path = SkeletonJoint.swift; sourceTree = "<group>"; };
		39023F96221F594C005E2C9F /* Skeleton.swift */ = {isa = PBXFileReference; lastKnownFileType = sourcecode.swift; path = Skeleton.swift; sourceTree = "<group>"; };
		39023F98221F5C21005E2C9F /* Quaternion.swift */ = {isa = PBXFileReference; lastKnownFileType = sourcecode.swift; path = Quaternion.swift; sourceTree = "<group>"; };
		39023F9A221F608F005E2C9F /* Joint.swift */ = {isa = PBXFileReference; lastKnownFileType = sourcecode.swift; path = Joint.swift; sourceTree = "<group>"; };
		390C265E21F66EFB00E7FEAE /* DevicesWindow.swift */ = {isa = PBXFileReference; lastKnownFileType = sourcecode.swift; path = DevicesWindow.swift; sourceTree = "<group>"; };
		390D0DB621F502170032CA23 /* DevicesWindow.storyboard */ = {isa = PBXFileReference; lastKnownFileType = file.storyboard; path = DevicesWindow.storyboard; sourceTree = "<group>"; };
		390D0DBC21F511BD0032CA23 /* DataAcquisitionEngine.swift */ = {isa = PBXFileReference; lastKnownFileType = sourcecode.swift; path = DataAcquisitionEngine.swift; sourceTree = "<group>"; };
		390D0DC121F5293D0032CA23 /* Protocol Bernardo-Bridging-Header.h */ = {isa = PBXFileReference; lastKnownFileType = sourcecode.c.h; path = "Protocol Bernardo-Bridging-Header.h"; sourceTree = "<group>"; };
		3915BFA22219E6C800E80ABE /* PBMachineDevicesList.swift */ = {isa = PBXFileReference; lastKnownFileType = sourcecode.swift; path = PBMachineDevicesList.swift; sourceTree = "<group>"; };
		3915BFA42219EFF500E80ABE /* Core.storyboard */ = {isa = PBXFileReference; lastKnownFileType = file.storyboard; path = Core.storyboard; sourceTree = "<group>"; };
		392183CA22138B3A000D5968 /* ConnectedDevices.swift */ = {isa = PBXFileReference; lastKnownFileType = sourcecode.swift; path = ConnectedDevices.swift; sourceTree = "<group>"; };
		392183CC22138C5E000D5968 /* Typealias.swift */ = {isa = PBXFileReference; lastKnownFileType = sourcecode.swift; path = Typealias.swift; sourceTree = "<group>"; };
		392482A9221DF2EC00DE6015 /* libDataAcquisitionEngine.a */ = {isa = PBXFileReference; explicitFileType = archive.ar; includeInIndex = 0; path = libDataAcquisitionEngine.a; sourceTree = BUILT_PRODUCTS_DIR; };
		392482C6221DF3E200DE6015 /* libopencv_imgproc.a */ = {isa = PBXFileReference; lastKnownFileType = archive.ar; name = libopencv_imgproc.a; path = ../../../../../usr/local/Cellar/opencv/4.0.1/lib/libopencv_imgproc.a; sourceTree = "<group>"; };
		392482C7221DF3E200DE6015 /* libopencv_core.a */ = {isa = PBXFileReference; lastKnownFileType = archive.ar; name = libopencv_core.a; path = ../../../../../usr/local/Cellar/opencv/4.0.1/lib/libopencv_core.a; sourceTree = "<group>"; };
		392482C8221DF3E200DE6015 /* libOpenNI2.dylib */ = {isa = PBXFileReference; lastKnownFileType = "compiled.mach-o.dylib"; name = libOpenNI2.dylib; path = ../../../../../usr/local/lib/libOpenNI2.dylib; sourceTree = "<group>"; };
		392482C9221DF3E200DE6015 /* libopencv_highgui.a */ = {isa = PBXFileReference; lastKnownFileType = archive.ar; name = libopencv_highgui.a; path = ../../../../../usr/local/Cellar/opencv/4.0.1/lib/libopencv_highgui.a; sourceTree = "<group>"; };
		3924833B221DF5A300DE6015 /* DAE-Bridging.h */ = {isa = PBXFileReference; lastKnownFileType = sourcecode.c.h; path = "DAE-Bridging.h"; sourceTree = "<group>"; };
		3924833D221DF5A300DE6015 /* DataAcquisitionEngine.cpp */ = {isa = PBXFileReference; lastKnownFileType = sourcecode.cpp.cpp; path = DataAcquisitionEngine.cpp; sourceTree = "<group>"; };
		3924833E221DF5A300DE6015 /* DeviceConnectionListener.hpp */ = {isa = PBXFileReference; lastKnownFileType = sourcecode.cpp.h; path = DeviceConnectionListener.hpp; sourceTree = "<group>"; };
		3924833F221DF5A300DE6015 /* FrameListener.cpp */ = {isa = PBXFileReference; lastKnownFileType = sourcecode.cpp.cpp; path = FrameListener.cpp; sourceTree = "<group>"; };
		39248340221DF5A300DE6015 /* PhysicalDevice.cpp */ = {isa = PBXFileReference; lastKnownFileType = sourcecode.cpp.cpp; path = PhysicalDevice.cpp; sourceTree = "<group>"; };
		39248341221DF5A300DE6015 /* DeviceDisconnectionListener.cpp */ = {isa = PBXFileReference; lastKnownFileType = sourcecode.cpp.cpp; path = DeviceDisconnectionListener.cpp; sourceTree = "<group>"; };
		39248342221DF5A300DE6015 /* UsersTracker.cpp */ = {isa = PBXFileReference; lastKnownFileType = sourcecode.cpp.cpp; path = UsersTracker.cpp; sourceTree = "<group>"; };
		39248344221DF5A300DE6015 /* DeviceState.h */ = {isa = PBXFileReference; lastKnownFileType = sourcecode.c.h; path = DeviceState.h; sourceTree = "<group>"; };
		39248345221DF5A300DE6015 /* UserState.h */ = {isa = PBXFileReference; lastKnownFileType = sourcecode.c.h; path = UserState.h; sourceTree = "<group>"; };
		39248346221DF5A300DE6015 /* UsersTracker.hpp */ = {isa = PBXFileReference; lastKnownFileType = sourcecode.cpp.h; path = UsersTracker.hpp; sourceTree = "<group>"; };
		39248348221DF5A300DE6015 /* Joint.h */ = {isa = PBXFileReference; lastKnownFileType = sourcecode.c.h; path = Joint.h; sourceTree = "<group>"; };
		39248349221DF5A300DE6015 /* Quaternion.h */ = {isa = PBXFileReference; lastKnownFileType = sourcecode.c.h; path = Quaternion.h; sourceTree = "<group>"; };
		3924834A221DF5A300DE6015 /* Skeleton.h */ = {isa = PBXFileReference; lastKnownFileType = sourcecode.c.h; path = Skeleton.h; sourceTree = "<group>"; };
		3924834B221DF5A300DE6015 /* DAEStatus.h */ = {isa = PBXFileReference; lastKnownFileType = sourcecode.c.h; path = DAEStatus.h; sourceTree = "<group>"; };
		3924834C221DF5A300DE6015 /* Position.h */ = {isa = PBXFileReference; lastKnownFileType = sourcecode.c.h; path = Position.h; sourceTree = "<group>"; };
		3924834D221DF5A300DE6015 /* PhysicalUser.h */ = {isa = PBXFileReference; lastKnownFileType = sourcecode.c.h; path = PhysicalUser.h; sourceTree = "<group>"; };
		3924834E221DF5A300DE6015 /* DataAcquisitionEngine.hpp */ = {isa = PBXFileReference; lastKnownFileType = sourcecode.cpp.h; path = DataAcquisitionEngine.hpp; sourceTree = "<group>"; };
		3924834F221DF5A300DE6015 /* DeviceConnectionListener.cpp */ = {isa = PBXFileReference; lastKnownFileType = sourcecode.cpp.cpp; path = DeviceConnectionListener.cpp; sourceTree = "<group>"; };
		39248350221DF5A300DE6015 /* FrameListener.hpp */ = {isa = PBXFileReference; lastKnownFileType = sourcecode.cpp.h; path = FrameListener.hpp; sourceTree = "<group>"; };
		39248351221DF5A300DE6015 /* PhysicalDevice.hpp */ = {isa = PBXFileReference; lastKnownFileType = sourcecode.cpp.h; path = PhysicalDevice.hpp; sourceTree = "<group>"; };
		39248352221DF5A300DE6015 /* DeviceDisconnectionListener.hpp */ = {isa = PBXFileReference; lastKnownFileType = sourcecode.cpp.h; path = DeviceDisconnectionListener.hpp; sourceTree = "<group>"; };
		39248353221DF5A300DE6015 /* App.cpp */ = {isa = PBXFileReference; lastKnownFileType = sourcecode.cpp.cpp; path = App.cpp; sourceTree = "<group>"; };
		39248354221DF5A300DE6015 /* App.hpp */ = {isa = PBXFileReference; lastKnownFileType = sourcecode.cpp.h; path = App.hpp; sourceTree = "<group>"; };
		39264993221E72EC00C8ECBF /* LayoutTouchbar.swift */ = {isa = PBXFileReference; lastKnownFileType = sourcecode.swift; path = LayoutTouchbar.swift; sourceTree = "<group>"; };
		3929600221F7BF6B0064B808 /* libopencv_core.4.0.1.dylib */ = {isa = PBXFileReference; lastKnownFileType = "compiled.mach-o.dylib"; name = libopencv_core.4.0.1.dylib; path = ../../../../../usr/local/Cellar/opencv/4.0.1/lib/libopencv_core.4.0.1.dylib; sourceTree = "<group>"; };
		3929601421F7BFF00064B808 /* libopencv_imgproc.4.0.1.dylib */ = {isa = PBXFileReference; lastKnownFileType = "compiled.mach-o.dylib"; name = libopencv_imgproc.4.0.1.dylib; path = ../../../../../usr/local/Cellar/opencv/4.0.1/lib/libopencv_imgproc.4.0.1.dylib; sourceTree = "<group>"; };
		3929605421F7BFF30064B808 /* libopencv_highgui.4.0.1.dylib */ = {isa = PBXFileReference; lastKnownFileType = "compiled.mach-o.dylib"; name = libopencv_highgui.4.0.1.dylib; path = ../../../../../usr/local/Cellar/opencv/4.0.1/lib/libopencv_highgui.4.0.1.dylib; sourceTree = "<group>"; };
		392960B221F7CFDB0064B808 /* libfreenect2-openni2.0.dylib */ = {isa = PBXFileReference; lastKnownFileType = "compiled.mach-o.dylib"; name = "libfreenect2-openni2.0.dylib"; path = "../../../../../usr/local/lib/libfreenect2-openni2.0.dylib"; sourceTree = "<group>"; };
		392960B521F7D0460064B808 /* libOpenNI2.dylib */ = {isa = PBXFileReference; lastKnownFileType = "compiled.mach-o.dylib"; name = libOpenNI2.dylib; path = "../../../../../usr/local/Cellar/openni2/2.2.0-debian/lib/ni2/libOpenNI2.dylib"; sourceTree = "<group>"; };
		39379A0D220FA220004C3815 /* Position.swift */ = {isa = PBXFileReference; lastKnownFileType = sourcecode.swift; path = Position.swift; sourceTree = "<group>"; };
		39379A11220FE496004C3815 /* PhysicalDevice.swift */ = {isa = PBXFileReference; lastKnownFileType = sourcecode.swift; path = PhysicalDevice.swift; sourceTree = "<group>"; };
		393ACD2022150C4500306D60 /* PBCalibrationLiveDeltas.swift */ = {isa = PBXFileReference; lastKnownFileType = sourcecode.swift; path = PBCalibrationLiveDeltas.swift; sourceTree = "<group>"; };
		393ACD222215140700306D60 /* CalibrationController.swift */ = {isa = PBXFileReference; lastKnownFileType = sourcecode.swift; path = CalibrationController.swift; sourceTree = "<group>"; };
		393ACD242215143400306D60 /* CalibrationControllerDelegate.swift */ = {isa = PBXFileReference; lastKnownFileType = sourcecode.swift; path = CalibrationControllerDelegate.swift; sourceTree = "<group>"; };
		393B1ECD2204DD0100BC54D3 /* Device.swift */ = {isa = PBXFileReference; lastKnownFileType = sourcecode.swift; path = Device.swift; sourceTree = "<group>"; };
		393B1ED12204E30E00BC54D3 /* LayoutEngine.swift */ = {isa = PBXFileReference; lastKnownFileType = sourcecode.swift; path = LayoutEngine.swift; sourceTree = "<group>"; };
		39684DEF2214A163006E4B37 /* LayoutWindowDelegate.swift */ = {isa = PBXFileReference; lastKnownFileType = sourcecode.swift; path = LayoutWindowDelegate.swift; sourceTree = "<group>"; };
		39684DF12214A1B2006E4B37 /* LayoutInterfaceMode.swift */ = {isa = PBXFileReference; lastKnownFileType = sourcecode.swift; path = LayoutInterfaceMode.swift; sourceTree = "<group>"; };
		3968FCC321FA8D40005EAA4C /* libNiTE2.dylib */ = {isa = PBXFileReference; lastKnownFileType = "compiled.mach-o.dylib"; name = libNiTE2.dylib; path = ../../../../../usr/local/lib/libNiTE2.dylib; sourceTree = "<group>"; };
		3968FCD521FB82B5005EAA4C /* DevicesWindowViews.xib */ = {isa = PBXFileReference; lastKnownFileType = file.xib; path = DevicesWindowViews.xib; sourceTree = "<group>"; };
		3968FCD821FB88E0005EAA4C /* PBDeviceDetails.swift */ = {isa = PBXFileReference; lastKnownFileType = sourcecode.swift; path = PBDeviceDetails.swift; sourceTree = "<group>"; };
		3968FCDA21FCDFAD005EAA4C /* PBDeviceDetailsPopover.swift */ = {isa = PBXFileReference; lastKnownFileType = sourcecode.swift; path = PBDeviceDetailsPopover.swift; sourceTree = "<group>"; };
		3968FCDC21FCEE83005EAA4C /* PBTrackedUserDetailsExcerpt.swift */ = {isa = PBXFileReference; lastKnownFileType = sourcecode.swift; path = PBTrackedUserDetailsExcerpt.swift; sourceTree = "<group>"; };
		396C48522208FDBA000AA888 /* LayoutWindowController.swift */ = {isa = PBXFileReference; lastKnownFileType = sourcecode.swift; path = LayoutWindowController.swift; sourceTree = "<group>"; };
		396CF35522110B0D0049E091 /* CalibrationDeltasCalculator.swift */ = {isa = PBXFileReference; lastKnownFileType = sourcecode.swift; path = CalibrationDeltasCalculator.swift; sourceTree = "<group>"; };
		396CF35722110EC10049E091 /* Queue.swift */ = {isa = PBXFileReference; lastKnownFileType = sourcecode.swift; path = Queue.swift; sourceTree = "<group>"; };
		396CF3592212037E0049E091 /* CalibrationDeltas.swift */ = {isa = PBXFileReference; lastKnownFileType = sourcecode.swift; path = CalibrationDeltas.swift; sourceTree = "<group>"; };
		396D45732218A7F10018F95C /* DeviceState.swift */ = {isa = PBXFileReference; lastKnownFileType = sourcecode.swift; path = DeviceState.swift; sourceTree = "<group>"; };
		396DDFC521F4285000628070 /* Protocol Bernardo.app */ = {isa = PBXFileReference; explicitFileType = wrapper.application; includeInIndex = 0; path = "Protocol Bernardo.app"; sourceTree = BUILT_PRODUCTS_DIR; };
		396DDFC821F4285000628070 /* AppDelegate.swift */ = {isa = PBXFileReference; lastKnownFileType = sourcecode.swift; path = AppDelegate.swift; sourceTree = "<group>"; };
		396DDFCA21F4285000628070 /* WelcomeWindow.swift */ = {isa = PBXFileReference; lastKnownFileType = sourcecode.swift; path = WelcomeWindow.swift; sourceTree = "<group>"; };
		396DDFCC21F4285200628070 /* Assets.xcassets */ = {isa = PBXFileReference; lastKnownFileType = folder.assetcatalog; path = Assets.xcassets; sourceTree = "<group>"; };
		396DDFCF21F4285200628070 /* Base */ = {isa = PBXFileReference; lastKnownFileType = file.storyboard; name = Base; path = Base.lproj/WelcomeWindow.storyboard; sourceTree = "<group>"; };
		396DDFD121F4285200628070 /* Info.plist */ = {isa = PBXFileReference; lastKnownFileType = text.plist.xml; path = Info.plist; sourceTree = "<group>"; };
		397195C12200219000F92C5C /* LayoutCanvasView.swift */ = {isa = PBXFileReference; lastKnownFileType = sourcecode.swift; path = LayoutCanvasView.swift; sourceTree = "<group>"; };
		397195C3220022F800F92C5C /* Comparable.swift */ = {isa = PBXFileReference; lastKnownFileType = sourcecode.swift; path = Comparable.swift; sourceTree = "<group>"; };
		397195C52200D38000F92C5C /* Keycode.swift */ = {isa = PBXFileReference; lastKnownFileType = sourcecode.swift; path = Keycode.swift; sourceTree = "<group>"; };
		39757D9A2220706100FF6D57 /* UsersEngineDelegate.swift */ = {isa = PBXFileReference; lastKnownFileType = sourcecode.swift; path = UsersEngineDelegate.swift; sourceTree = "<group>"; };
		39757D9C2220902400FF6D57 /* Accelerate.framework */ = {isa = PBXFileReference; lastKnownFileType = wrapper.framework; name = Accelerate.framework; path = System/Library/Frameworks/Accelerate.framework; sourceTree = SDKROOT; };
		39757D9F22209F1800FF6D57 /* TrackingSession.swift */ = {isa = PBXFileReference; lastKnownFileType = sourcecode.swift; path = TrackingSession.swift; sourceTree = "<group>"; };
		39757DA42221B66900FF6D57 /* .jazzy.json */ = {isa = PBXFileReference; lastKnownFileType = text.json; path = .jazzy.json; sourceTree = "<group>"; };
		397B63EC21FD2AE000A71E58 /* libc++.tbd */ = {isa = PBXFileReference; lastKnownFileType = "sourcecode.text-based-dylib-definition"; name = "libc++.tbd"; path = "usr/lib/libc++.tbd"; sourceTree = SDKROOT; };
		397B645021FD321800A71E58 /* libOpenNI2.dylib */ = {isa = PBXFileReference; lastKnownFileType = "compiled.mach-o.dylib"; path = libOpenNI2.dylib; sourceTree = "<group>"; };
		397B645121FD321800A71E58 /* OpenNI.ini */ = {isa = PBXFileReference; fileEncoding = 4; lastKnownFileType = text; path = OpenNI.ini; sourceTree = "<group>"; };
		397B645321FD321800A71E58 /* libNiTE2.dylib */ = {isa = PBXFileReference; lastKnownFileType = "compiled.mach-o.dylib"; name = libNiTE2.dylib; path = ../libNiTE2.dylib; sourceTree = "<group>"; };
		397B646121FD321800A71E58 /* NiTE.ini */ = {isa = PBXFileReference; fileEncoding = 4; lastKnownFileType = text; path = NiTE.ini; sourceTree = "<group>"; };
		397B646B21FD321800A71E58 /* libfreenect2-openni2.0.dylib */ = {isa = PBXFileReference; lastKnownFileType = "compiled.mach-o.dylib"; path = "libfreenect2-openni2.0.dylib"; sourceTree = "<group>"; };
		397B648421FD322700A71E58 /* NiTE2 */ = {isa = PBXFileReference; lastKnownFileType = folder; path = NiTE2; sourceTree = "<group>"; };
		397B648521FD322700A71E58 /* OpenNI2 */ = {isa = PBXFileReference; lastKnownFileType = folder; path = OpenNI2; sourceTree = "<group>"; };
		397E685A21FE50E600FFA678 /* NSNib.swift */ = {isa = PBXFileReference; lastKnownFileType = sourcecode.swift; path = NSNib.swift; sourceTree = "<group>"; };
		397E685C21FE57D700FFA678 /* README.md */ = {isa = PBXFileReference; lastKnownFileType = net.daringfireball.markdown; path = README.md; sourceTree = "<group>"; };
		3989EAD422037A1F005CF113 /* PBLayoutCanvasDevicePropertiesController.swift */ = {isa = PBXFileReference; lastKnownFileType = sourcecode.swift; path = PBLayoutCanvasDevicePropertiesController.swift; sourceTree = "<group>"; };
		398B660E21F6575700F6D1FC /* Protocol Bernardo.entitlements */ = {isa = PBXFileReference; lastKnownFileType = text.plist.entitlements; path = "Protocol Bernardo.entitlements"; sourceTree = "<group>"; };
		398F6272221901E8003BFC81 /* PBDevicesStartupSheet.swift */ = {isa = PBXFileReference; lastKnownFileType = sourcecode.swift; path = PBDevicesStartupSheet.swift; sourceTree = "<group>"; };
		39967343221E2127003A75A6 /* LayoutCanvasElementAppearance.swift */ = {isa = PBXFileReference; lastKnownFileType = sourcecode.swift; path = LayoutCanvasElementAppearance.swift; sourceTree = "<group>"; };
		39967346221E3C30003A75A6 /* LayoutSidebarTracking.swift */ = {isa = PBXFileReference; lastKnownFileType = sourcecode.swift; path = LayoutSidebarTracking.swift; sourceTree = "<group>"; };
		3997742B220B931500ED4B93 /* PBLayoutCalibrationIcon.icns */ = {isa = PBXFileReference; lastKnownFileType = image.icns; path = PBLayoutCalibrationIcon.icns; sourceTree = "<group>"; };
		3997742F220B94FB00ED4B93 /* LayoutCalibrationProfile.swift */ = {isa = PBXFileReference; lastKnownFileType = sourcecode.swift; path = LayoutCalibrationProfile.swift; sourceTree = "<group>"; };
		39977432220B955500ED4B93 /* DeviceCalibrationProfile.swift */ = {isa = PBXFileReference; lastKnownFileType = sourcecode.swift; path = DeviceCalibrationProfile.swift; sourceTree = "<group>"; };
		39977434220B961B00ED4B93 /* Point.swift */ = {isa = PBXFileReference; lastKnownFileType = sourcecode.swift; path = Point.swift; sourceTree = "<group>"; };
		39977436220B977800ED4B93 /* CGPoint.swift */ = {isa = PBXFileReference; lastKnownFileType = sourcecode.swift; path = CGPoint.swift; sourceTree = "<group>"; };
		3997743C220BB0E500ED4B93 /* LayoutSidebarCalibration.swift */ = {isa = PBXFileReference; lastKnownFileType = sourcecode.swift; path = LayoutSidebarCalibration.swift; sourceTree = "<group>"; };
		39A1E6FE21FE67FE003162FE /* Layout.storyboard */ = {isa = PBXFileReference; fileEncoding = 4; lastKnownFileType = file.storyboard; path = Layout.storyboard; sourceTree = "<group>"; };
		39A1E70021FE67FE003162FE /* LayoutController.swift */ = {isa = PBXFileReference; fileEncoding = 4; lastKnownFileType = sourcecode.swift; path = LayoutController.swift; sourceTree = "<group>"; };
		39A1E70621FE6C26003162FE /* LayoutSidebarEdition.swift */ = {isa = PBXFileReference; lastKnownFileType = sourcecode.swift; path = LayoutSidebarEdition.swift; sourceTree = "<group>"; };
		39A1E70821FE6C3D003162FE /* LayoutCanvas.swift */ = {isa = PBXFileReference; lastKnownFileType = sourcecode.swift; path = LayoutCanvas.swift; sourceTree = "<group>"; };
		39A1E70A21FE77A2003162FE /* Layout.swift */ = {isa = PBXFileReference; lastKnownFileType = sourcecode.swift; path = Layout.swift; sourceTree = "<group>"; };
		39A1E70D21FE7892003162FE /* LayoutCanvasElement.swift */ = {isa = PBXFileReference; lastKnownFileType = sourcecode.swift; path = LayoutCanvasElement.swift; sourceTree = "<group>"; };
		39A1E71121FE7921003162FE /* LayoutCanvasLine.swift */ = {isa = PBXFileReference; lastKnownFileType = sourcecode.swift; path = LayoutCanvasLine.swift; sourceTree = "<group>"; };
		39A1E71521FE7A7A003162FE /* LayoutCanvasDevice.swift */ = {isa = PBXFileReference; lastKnownFileType = sourcecode.swift; path = LayoutCanvasDevice.swift; sourceTree = "<group>"; };
		39A1E71721FEC08C003162FE /* LayoutCanvas.sks */ = {isa = PBXFileReference; lastKnownFileType = file.sks; path = LayoutCanvas.sks; sourceTree = "<group>"; };
		39AF88AC21F4CF7E00A68993 /* App.swift */ = {isa = PBXFileReference; lastKnownFileType = sourcecode.swift; path = App.swift; sourceTree = "<group>"; };
		39AF88AE21F4D02100A68993 /* Core.swift */ = {isa = PBXFileReference; lastKnownFileType = sourcecode.swift; path = Core.swift; sourceTree = "<group>"; };
		39B5575F220008430021BFDA /* maths.swift */ = {isa = PBXFileReference; lastKnownFileType = sourcecode.swift; path = maths.swift; sourceTree = "<group>"; };
		39B5576122000FC70021BFDA /* NSColor.swift */ = {isa = PBXFileReference; lastKnownFileType = sourcecode.swift; path = NSColor.swift; sourceTree = "<group>"; };
		39C1E8FC22094AA500F53AC2 /* LayoutCanvasDelegate.swift */ = {isa = PBXFileReference; lastKnownFileType = sourcecode.swift; path = LayoutCanvasDelegate.swift; sourceTree = "<group>"; };
		39C1E8FE22094DB800F53AC2 /* LayoutCanvasElementDelegate.swift */ = {isa = PBXFileReference; lastKnownFileType = sourcecode.swift; path = LayoutCanvasElementDelegate.swift; sourceTree = "<group>"; };
		39C1E906220A201A00F53AC2 /* LayoutSidebar.swift */ = {isa = PBXFileReference; lastKnownFileType = sourcecode.swift; path = LayoutSidebar.swift; sourceTree = "<group>"; };
		39C1E90A220A347E00F53AC2 /* PBLayoutCanvasLinePropertiesController.swift */ = {isa = PBXFileReference; lastKnownFileType = sourcecode.swift; path = PBLayoutCanvasLinePropertiesController.swift; sourceTree = "<group>"; };
		39C1E90C220A37F300F53AC2 /* Line.swift */ = {isa = PBXFileReference; lastKnownFileType = sourcecode.swift; path = Line.swift; sourceTree = "<group>"; };
		39D558AC220919CA00916AAA /* PBLayoutIcon.icns */ = {isa = PBXFileReference; lastKnownFileType = image.icns; path = PBLayoutIcon.icns; sourceTree = "<group>"; };
		39D558AF2209321700916AAA /* PBDevicesLayoutIcon.icns */ = {isa = PBXFileReference; lastKnownFileType = image.icns; path = PBDevicesLayoutIcon.icns; sourceTree = "<group>"; };
		39DACC1F220CCFC5002E97F8 /* DataAcquisitionEngineObserver.swift */ = {isa = PBXFileReference; lastKnownFileType = sourcecode.swift; path = DataAcquisitionEngineObserver.swift; sourceTree = "<group>"; };
		39DACC2F220F5475002E97F8 /* UsersEngine.swift */ = {isa = PBXFileReference; lastKnownFileType = sourcecode.swift; path = UsersEngine.swift; sourceTree = "<group>"; };
		39DACC33220F663F002E97F8 /* LayoutCanvasUser.swift */ = {isa = PBXFileReference; lastKnownFileType = sourcecode.swift; path = LayoutCanvasUser.swift; sourceTree = "<group>"; };
		39DFBDDE2208A7AF00A7B9BD /* LayoutDocument.swift */ = {isa = PBXFileReference; lastKnownFileType = sourcecode.swift; path = LayoutDocument.swift; sourceTree = "<group>"; };
		39DFBDE92208B3FB00A7B9BD /* MainMenu.swift */ = {isa = PBXFileReference; lastKnownFileType = sourcecode.swift; path = MainMenu.swift; sourceTree = "<group>"; };
		39E3120F21F6EA8C006569F1 /* PBDeviceRow.swift */ = {isa = PBXFileReference; lastKnownFileType = sourcecode.swift; path = PBDeviceRow.swift; sourceTree = "<group>"; };
		39E3121121F6F1C5006569F1 /* String.swift */ = {isa = PBXFileReference; lastKnownFileType = sourcecode.swift; path = String.swift; sourceTree = "<group>"; };
		39E3121321F777F6006569F1 /* DAEStatus.swift */ = {isa = PBXFileReference; lastKnownFileType = sourcecode.swift; path = DAEStatus.swift; sourceTree = "<group>"; };
		39E3121521F779A0006569F1 /* DAEDeviceStatus.swift */ = {isa = PBXFileReference; lastKnownFileType = sourcecode.swift; path = DAEDeviceStatus.swift; sourceTree = "<group>"; };
		39E8BA7E220BC0440021DC34 /* User.swift */ = {isa = PBXFileReference; lastKnownFileType = sourcecode.swift; path = User.swift; sourceTree = "<group>"; };
		39E8BA80220C78870021DC34 /* NewCalibrationProfilePanel.swift */ = {isa = PBXFileReference; lastKnownFileType = sourcecode.swift; path = NewCalibrationProfilePanel.swift; sourceTree = "<group>"; };
		39F5F58C2221D48D0035B9C1 /* TrackedUser.swift */ = {isa = PBXFileReference; lastKnownFileType = sourcecode.swift; path = TrackedUser.swift; sourceTree = "<group>"; };
		39F5F58E2221ED780035B9C1 /* PBAFile.swift */ = {isa = PBXFileReference; lastKnownFileType = sourcecode.swift; path = PBAFile.swift; sourceTree = "<group>"; };
		39FBE95B2223584900B8AABA /* NewTrackingSessionPanel.swift */ = {isa = PBXFileReference; lastKnownFileType = sourcecode.swift; path = NewTrackingSessionPanel.swift; sourceTree = "<group>"; };
		55FCC8726FF73A9710F67B5A /* Pods-Protocol Bernardo.analyze.xcconfig */ = {isa = PBXFileReference; includeInIndex = 1; lastKnownFileType = text.xcconfig; name = "Pods-Protocol Bernardo.analyze.xcconfig"; path = "Pods/Target Support Files/Pods-Protocol Bernardo/Pods-Protocol Bernardo.analyze.xcconfig"; sourceTree = "<group>"; };
		8A3C96C47318A5A246F5A95A /* Pods-Protocol Bernardo.debug.xcconfig */ = {isa = PBXFileReference; includeInIndex = 1; lastKnownFileType = text.xcconfig; name = "Pods-Protocol Bernardo.debug.xcconfig"; path = "Pods/Target Support Files/Pods-Protocol Bernardo/Pods-Protocol Bernardo.debug.xcconfig"; sourceTree = "<group>"; };
		E78B4A9836B469506B318430 /* Pods_Protocol_Bernardo.framework */ = {isa = PBXFileReference; explicitFileType = wrapper.framework; includeInIndex = 0; path = Pods_Protocol_Bernardo.framework; sourceTree = BUILT_PRODUCTS_DIR; };
/* End PBXFileReference section */

/* Begin PBXFrameworksBuildPhase section */
		392482A7221DF2EC00DE6015 /* Frameworks */ = {
			isa = PBXFrameworksBuildPhase;
			buildActionMask = 2147483647;
			files = (
				392482D1221DF53300DE6015 /* libopencv_core.4.0.1.dylib in Frameworks */,
				392482D2221DF53300DE6015 /* libopencv_highgui.4.0.1.dylib in Frameworks */,
				392482D3221DF53300DE6015 /* libopencv_imgproc.4.0.1.dylib in Frameworks */,
				392482CC221DF3E200DE6015 /* libOpenNI2.dylib in Frameworks */,
				392482C5221DF3E200DE6015 /* libNiTE2.dylib in Frameworks */,
			);
			runOnlyForDeploymentPostprocessing = 0;
		};
		396DDFC221F4285000628070 /* Frameworks */ = {
			isa = PBXFrameworksBuildPhase;
			buildActionMask = 2147483647;
			files = (
				39757D9D2220902400FF6D57 /* Accelerate.framework in Frameworks */,
				392482CE221DF41A00DE6015 /* libDataAcquisitionEngine.a in Frameworks */,
				398F627C22192337003BFC81 /* libNiTE2.dylib in Frameworks */,
				398F627D22192337003BFC81 /* libOpenNI2.dylib in Frameworks */,
				39DACC1C220CC02D002E97F8 /* libopencv_core.4.0.1.dylib in Frameworks */,
				39DACC1D220CC02D002E97F8 /* libopencv_highgui.4.0.1.dylib in Frameworks */,
				39DACC1E220CC02D002E97F8 /* libopencv_imgproc.4.0.1.dylib in Frameworks */,
				397B649921FD32A100A71E58 /* libc++.tbd in Frameworks */,
				397B648A21FD324B00A71E58 /* Pods_Protocol_Bernardo.framework in Frameworks */,
			);
			runOnlyForDeploymentPostprocessing = 0;
		};
/* End PBXFrameworksBuildPhase section */

/* Begin PBXGroup section */
		19F3F63DC7FFB06856CA4300 /* Pods */ = {
			isa = PBXGroup;
			children = (
				8A3C96C47318A5A246F5A95A /* Pods-Protocol Bernardo.debug.xcconfig */,
				2E884ECCA75A8FC5014A93D2 /* Pods-Protocol Bernardo.release.xcconfig */,
				2FC16C30A804C5686E883755 /* Pods-Protocol BernardoTests.debug.xcconfig */,
				1AD18919927E8DB868C1271B /* Pods-Protocol BernardoTests.release.xcconfig */,
				55FCC8726FF73A9710F67B5A /* Pods-Protocol Bernardo.analyze.xcconfig */,
			);
			name = Pods;
			sourceTree = "<group>";
		};
		3900AE5B221DF63900A38E26 /* OpenNI2 */ = {
			isa = PBXGroup;
			children = (
				397B646B21FD321800A71E58 /* libfreenect2-openni2.0.dylib */,
				397B645021FD321800A71E58 /* libOpenNI2.dylib */,
				397B645121FD321800A71E58 /* OpenNI.ini */,
				397B648521FD322700A71E58 /* OpenNI2 */,
			);
			path = OpenNI2;
			sourceTree = "<group>";
		};
		3900AE5C221DF64E00A38E26 /* NiTE2 */ = {
			isa = PBXGroup;
			children = (
				397B645321FD321800A71E58 /* libNiTE2.dylib */,
				397B646121FD321800A71E58 /* NiTE.ini */,
				397B648421FD322700A71E58 /* NiTE2 */,
			);
			name = NiTE2;
			path = Nit;
			sourceTree = "<group>";
		};
		39023F95221F593E005E2C9F /* Utils */ = {
			isa = PBXGroup;
			children = (
				39023F93221F58E1005E2C9F /* SkeletonJoint.swift */,
				39023F96221F594C005E2C9F /* Skeleton.swift */,
				39023F98221F5C21005E2C9F /* Quaternion.swift */,
				39023F9A221F608F005E2C9F /* Joint.swift */,
			);
			path = Utils;
			sourceTree = "<group>";
		};
		390D0DB321F4FBE10032CA23 /* Devices */ = {
			isa = PBXGroup;
			children = (
				390D0DB621F502170032CA23 /* DevicesWindow.storyboard */,
				390C265E21F66EFB00E7FEAE /* DevicesWindow.swift */,
				3968FCD521FB82B5005EAA4C /* DevicesWindowViews.xib */,
				3968FCD821FB88E0005EAA4C /* PBDeviceDetails.swift */,
				3968FCDA21FCDFAD005EAA4C /* PBDeviceDetailsPopover.swift */,
				39E3120F21F6EA8C006569F1 /* PBDeviceRow.swift */,
				398F6272221901E8003BFC81 /* PBDevicesStartupSheet.swift */,
				3915BFA22219E6C800E80ABE /* PBMachineDevicesList.swift */,
				3968FCDC21FCEE83005EAA4C /* PBTrackedUserDetailsExcerpt.swift */,
			);
			path = Devices;
			sourceTree = "<group>";
		};
		390D0DBA21F511630032CA23 /* Engines */ = {
			isa = PBXGroup;
			children = (
				39DACC2D220F5453002E97F8 /* UsersEngine */,
				393B1ECB2204DCA800BC54D3 /* LayoutEngine */,
				390D0DBB21F511680032CA23 /* DataAcquisitionEngine */,
			);
			path = Engines;
			sourceTree = "<group>";
		};
		390D0DBB21F511680032CA23 /* DataAcquisitionEngine */ = {
			isa = PBXGroup;
			children = (
				3968FCDE21FD0386005EAA4C /* Extensions */,
				390D0DBC21F511BD0032CA23 /* DataAcquisitionEngine.swift */,
				39DACC1F220CCFC5002E97F8 /* DataAcquisitionEngineObserver.swift */,
				39379A11220FE496004C3815 /* PhysicalDevice.swift */,
				392183CA22138B3A000D5968 /* ConnectedDevices.swift */,
			);
			path = DataAcquisitionEngine;
			sourceTree = "<group>";
		};
		3915BFA62219F4AC00E80ABE /* icns */ = {
			isa = PBXGroup;
			children = (
				3997742B220B931500ED4B93 /* PBLayoutCalibrationIcon.icns */,
				39D558AF2209321700916AAA /* PBDevicesLayoutIcon.icns */,
				39D558AC220919CA00916AAA /* PBLayoutIcon.icns */,
			);
			path = icns;
			sourceTree = "<group>";
		};
		39248283221DF29100DE6015 /* DataAcquisitionEngine */ = {
			isa = PBXGroup;
			children = (
				39248353221DF5A300DE6015 /* App.cpp */,
				39248354221DF5A300DE6015 /* App.hpp */,
				3924833C221DF5A300DE6015 /* DAE */,
				3924833B221DF5A300DE6015 /* DAE-Bridging.h */,
			);
			path = DataAcquisitionEngine;
			sourceTree = "<group>";
		};
		3924833C221DF5A300DE6015 /* DAE */ = {
			isa = PBXGroup;
			children = (
				3924833D221DF5A300DE6015 /* DataAcquisitionEngine.cpp */,
				3924833E221DF5A300DE6015 /* DeviceConnectionListener.hpp */,
				3924833F221DF5A300DE6015 /* FrameListener.cpp */,
				39248340221DF5A300DE6015 /* PhysicalDevice.cpp */,
				39248341221DF5A300DE6015 /* DeviceDisconnectionListener.cpp */,
				39248342221DF5A300DE6015 /* UsersTracker.cpp */,
				39248343221DF5A300DE6015 /* Enums */,
				39248346221DF5A300DE6015 /* UsersTracker.hpp */,
				39248347221DF5A300DE6015 /* Structs */,
				3924834E221DF5A300DE6015 /* DataAcquisitionEngine.hpp */,
				3924834F221DF5A300DE6015 /* DeviceConnectionListener.cpp */,
				39248350221DF5A300DE6015 /* FrameListener.hpp */,
				39248351221DF5A300DE6015 /* PhysicalDevice.hpp */,
				39248352221DF5A300DE6015 /* DeviceDisconnectionListener.hpp */,
			);
			path = DAE;
			sourceTree = "<group>";
		};
		39248343221DF5A300DE6015 /* Enums */ = {
			isa = PBXGroup;
			children = (
				39248344221DF5A300DE6015 /* DeviceState.h */,
				39248345221DF5A300DE6015 /* UserState.h */,
			);
			path = Enums;
			sourceTree = "<group>";
		};
		39248347221DF5A300DE6015 /* Structs */ = {
			isa = PBXGroup;
			children = (
				39248348221DF5A300DE6015 /* Joint.h */,
				39248349221DF5A300DE6015 /* Quaternion.h */,
				3924834A221DF5A300DE6015 /* Skeleton.h */,
				3924834B221DF5A300DE6015 /* DAEStatus.h */,
				3924834C221DF5A300DE6015 /* Position.h */,
				3924834D221DF5A300DE6015 /* PhysicalUser.h */,
			);
			path = Structs;
			sourceTree = "<group>";
		};
		393B1ECB2204DCA800BC54D3 /* LayoutEngine */ = {
			isa = PBXGroup;
			children = (
				39757D9E22209EB800FF6D57 /* Tracking */,
				3997742A220B91C000ED4B93 /* Calibration */,
				393B1ECC2204DCD700BC54D3 /* Layout */,
				393B1ED12204E30E00BC54D3 /* LayoutEngine.swift */,
				39DFBDDE2208A7AF00A7B9BD /* LayoutDocument.swift */,
			);
			path = LayoutEngine;
			sourceTree = "<group>";
		};
		393B1ECC2204DCD700BC54D3 /* Layout */ = {
			isa = PBXGroup;
			children = (
				39A1E70A21FE77A2003162FE /* Layout.swift */,
				393B1ECD2204DD0100BC54D3 /* Device.swift */,
				39C1E90C220A37F300F53AC2 /* Line.swift */,
			);
			path = Layout;
			sourceTree = "<group>";
		};
		3968FCDE21FD0386005EAA4C /* Extensions */ = {
			isa = PBXGroup;
			children = (
				39E3121521F779A0006569F1 /* DAEDeviceStatus.swift */,
				39E3121321F777F6006569F1 /* DAEStatus.swift */,
				396D45732218A7F10018F95C /* DeviceState.swift */,
			);
			path = Extensions;
			sourceTree = "<group>";
		};
		396DDFBC21F4285000628070 = {
			isa = PBXGroup;
			children = (
				39757DA42221B66900FF6D57 /* .jazzy.json */,
				397E685C21FE57D700FFA678 /* README.md */,
				396DDFC721F4285000628070 /* Protocol Bernardo */,
				396DDFC621F4285000628070 /* Products */,
				398B65D821F64C5600F6D1FC /* Frameworks */,
				19F3F63DC7FFB06856CA4300 /* Pods */,
			);
			sourceTree = "<group>";
		};
		396DDFC621F4285000628070 /* Products */ = {
			isa = PBXGroup;
			children = (
				396DDFC521F4285000628070 /* Protocol Bernardo.app */,
				392482A9221DF2EC00DE6015 /* libDataAcquisitionEngine.a */,
			);
			name = Products;
			sourceTree = "<group>";
		};
		396DDFC721F4285000628070 /* Protocol Bernardo */ = {
			isa = PBXGroup;
			children = (
				39D558AE220919D900916AAA /* Resources */,
				390D0DC121F5293D0032CA23 /* Protocol Bernardo-Bridging-Header.h */,
				390D0DBA21F511630032CA23 /* Engines */,
				39AF88AB21F4CF6E00A68993 /* Core */,
				396DDFF421F4340B00628070 /* Utils */,
				396DDFE621F42A2300628070 /* Scenes */,
			);
			path = "Protocol Bernardo";
			sourceTree = "<group>";
		};
		396DDFE621F42A2300628070 /* Scenes */ = {
			isa = PBXGroup;
			children = (
				39A1E6FC21FE67FE003162FE /* Layout */,
				390D0DB321F4FBE10032CA23 /* Devices */,
				396DDFE721F42A2800628070 /* Welcome */,
			);
			path = Scenes;
			sourceTree = "<group>";
		};
		396DDFE721F42A2800628070 /* Welcome */ = {
			isa = PBXGroup;
			children = (
				396DDFCA21F4285000628070 /* WelcomeWindow.swift */,
				396DDFCE21F4285200628070 /* WelcomeWindow.storyboard */,
			);
			path = Welcome;
			sourceTree = "<group>";
		};
		396DDFF421F4340B00628070 /* Utils */ = {
			isa = PBXGroup;
			children = (
				39757DA62221BA9100FF6D57 /* Geometry */,
				396DDFF521F4341A00628070 /* Extensions */,
				397195C52200D38000F92C5C /* Keycode.swift */,
				39B5575F220008430021BFDA /* maths.swift */,
				396CF35722110EC10049E091 /* Queue.swift */,
				392183CC22138C5E000D5968 /* Typealias.swift */,
				39F5F58E2221ED780035B9C1 /* PBAFile.swift */,
			);
			path = Utils;
			sourceTree = "<group>";
		};
		396DDFF521F4341A00628070 /* Extensions */ = {
			isa = PBXGroup;
			children = (
				397195C3220022F800F92C5C /* Comparable.swift */,
				39B5576122000FC70021BFDA /* NSColor.swift */,
				397E685A21FE50E600FFA678 /* NSNib.swift */,
				39E3121121F6F1C5006569F1 /* String.swift */,
			);
			path = Extensions;
			sourceTree = "<group>";
		};
		39757D9E22209EB800FF6D57 /* Tracking */ = {
			isa = PBXGroup;
			children = (
				39757D9F22209F1800FF6D57 /* TrackingSession.swift */,
				39F5F58C2221D48D0035B9C1 /* TrackedUser.swift */,
			);
			path = Tracking;
			sourceTree = "<group>";
		};
		39757DA62221BA9100FF6D57 /* Geometry */ = {
			isa = PBXGroup;
			children = (
				39977434220B961B00ED4B93 /* Point.swift */,
				39379A0D220FA220004C3815 /* Position.swift */,
				39977436220B977800ED4B93 /* CGPoint.swift */,
			);
			path = Geometry;
			sourceTree = "<group>";
		};
		39757DA72221BC1A00FF6D57 /* Elements */ = {
			isa = PBXGroup;
			children = (
				39A1E70D21FE7892003162FE /* LayoutCanvasElement.swift */,
				39967343221E2127003A75A6 /* LayoutCanvasElementAppearance.swift */,
				39C1E8FE22094DB800F53AC2 /* LayoutCanvasElementDelegate.swift */,
				39A1E71121FE7921003162FE /* LayoutCanvasLine.swift */,
				39DACC33220F663F002E97F8 /* LayoutCanvasUser.swift */,
			);
			path = Elements;
			sourceTree = "<group>";
		};
		397B644F21FD321800A71E58 /* Libs */ = {
			isa = PBXGroup;
			children = (
				3900AE5C221DF64E00A38E26 /* NiTE2 */,
				3900AE5B221DF63900A38E26 /* OpenNI2 */,
				39248283221DF29100DE6015 /* DataAcquisitionEngine */,
			);
			path = Libs;
			sourceTree = "<group>";
		};
		398B65D821F64C5600F6D1FC /* Frameworks */ = {
			isa = PBXGroup;
			children = (
				39757D9C2220902400FF6D57 /* Accelerate.framework */,
				392482C7221DF3E200DE6015 /* libopencv_core.a */,
				392482C9221DF3E200DE6015 /* libopencv_highgui.a */,
				392482C6221DF3E200DE6015 /* libopencv_imgproc.a */,
				392482C8221DF3E200DE6015 /* libOpenNI2.dylib */,
				397B63EC21FD2AE000A71E58 /* libc++.tbd */,
				3968FCC321FA8D40005EAA4C /* libNiTE2.dylib */,
				392960B521F7D0460064B808 /* libOpenNI2.dylib */,
				392960B221F7CFDB0064B808 /* libfreenect2-openni2.0.dylib */,
				3929605421F7BFF30064B808 /* libopencv_highgui.4.0.1.dylib */,
				3929601421F7BFF00064B808 /* libopencv_imgproc.4.0.1.dylib */,
				3929600221F7BF6B0064B808 /* libopencv_core.4.0.1.dylib */,
				E78B4A9836B469506B318430 /* Pods_Protocol_Bernardo.framework */,
			);
			name = Frameworks;
			sourceTree = "<group>";
		};
		39967345221E3C20003A75A6 /* Tracking */ = {
			isa = PBXGroup;
			children = (
				39967346221E3C30003A75A6 /* LayoutSidebarTracking.swift */,
				39FBE95B2223584900B8AABA /* NewTrackingSessionPanel.swift */,
			);
			path = Tracking;
			sourceTree = "<group>";
		};
		39977425220B7E4500ED4B93 /* Calibration */ = {
			isa = PBXGroup;
			children = (
				393ACD222215140700306D60 /* CalibrationController.swift */,
				393ACD242215143400306D60 /* CalibrationControllerDelegate.swift */,
				396CF35522110B0D0049E091 /* CalibrationDeltasCalculator.swift */,
				3997743C220BB0E500ED4B93 /* LayoutSidebarCalibration.swift */,
				393ACD2022150C4500306D60 /* PBCalibrationLiveDeltas.swift */,
			);
			path = Calibration;
			sourceTree = "<group>";
		};
		3997742A220B91C000ED4B93 /* Calibration */ = {
			isa = PBXGroup;
			children = (
				3997742F220B94FB00ED4B93 /* LayoutCalibrationProfile.swift */,
				39977432220B955500ED4B93 /* DeviceCalibrationProfile.swift */,
				396CF3592212037E0049E091 /* CalibrationDeltas.swift */,
			);
			path = Calibration;
			sourceTree = "<group>";
		};
		39A1E6FC21FE67FE003162FE /* Layout */ = {
			isa = PBXGroup;
			children = (
				39A1E70C21FE7871003162FE /* Canvas */,
				39A1E6FE21FE67FE003162FE /* Layout.storyboard */,
				39A1E70021FE67FE003162FE /* LayoutController.swift */,
				39684DF12214A1B2006E4B37 /* LayoutInterfaceMode.swift */,
				39264993221E72EC00C8ECBF /* LayoutTouchbar.swift */,
				396C48522208FDBA000AA888 /* LayoutWindowController.swift */,
				39684DEF2214A163006E4B37 /* LayoutWindowDelegate.swift */,
				39E8BA80220C78870021DC34 /* NewCalibrationProfilePanel.swift */,
				39C1E904220A1F3B00F53AC2 /* Sidebar */,
			);
			path = Layout;
			sourceTree = "<group>";
		};
		39A1E70C21FE7871003162FE /* Canvas */ = {
			isa = PBXGroup;
			children = (
				39757DA72221BC1A00FF6D57 /* Elements */,
				39A1E71721FEC08C003162FE /* LayoutCanvas.sks */,
				39A1E70821FE6C3D003162FE /* LayoutCanvas.swift */,
				39C1E8FC22094AA500F53AC2 /* LayoutCanvasDelegate.swift */,
				39A1E71521FE7A7A003162FE /* LayoutCanvasDevice.swift */,
				397195C12200219000F92C5C /* LayoutCanvasView.swift */,
			);
			path = Canvas;
			sourceTree = "<group>";
		};
		39AF88AB21F4CF6E00A68993 /* Core */ = {
			isa = PBXGroup;
			children = (
				39AF88AC21F4CF7E00A68993 /* App.swift */,
				396DDFC821F4285000628070 /* AppDelegate.swift */,
				3915BFA42219EFF500E80ABE /* Core.storyboard */,
				39AF88AE21F4D02100A68993 /* Core.swift */,
				39DFBDE92208B3FB00A7B9BD /* MainMenu.swift */,
			);
			path = Core;
			sourceTree = "<group>";
		};
		39C1E904220A1F3B00F53AC2 /* Sidebar */ = {
			isa = PBXGroup;
			children = (
				39977425220B7E4500ED4B93 /* Calibration */,
				39C1E905220A1FF800F53AC2 /* Edition */,
				39C1E906220A201A00F53AC2 /* LayoutSidebar.swift */,
				39967345221E3C20003A75A6 /* Tracking */,
			);
			path = Sidebar;
			sourceTree = "<group>";
		};
		39C1E905220A1FF800F53AC2 /* Edition */ = {
			isa = PBXGroup;
			children = (
				39A1E70621FE6C26003162FE /* LayoutSidebarEdition.swift */,
				39C1E90A220A347E00F53AC2 /* PBLayoutCanvasLinePropertiesController.swift */,
				3989EAD422037A1F005CF113 /* PBLayoutCanvasDevicePropertiesController.swift */,
			);
			path = Edition;
			sourceTree = "<group>";
		};
		39D558AE220919D900916AAA /* Resources */ = {
			isa = PBXGroup;
			children = (
				397B644F21FD321800A71E58 /* Libs */,
				3915BFA62219F4AC00E80ABE /* icns */,
				396DDFCC21F4285200628070 /* Assets.xcassets */,
				396DDFD121F4285200628070 /* Info.plist */,
				398B660E21F6575700F6D1FC /* Protocol Bernardo.entitlements */,
			);
			path = Resources;
			sourceTree = "<group>";
		};
		39DACC2D220F5453002E97F8 /* UsersEngine */ = {
			isa = PBXGroup;
			children = (
				39023F95221F593E005E2C9F /* Utils */,
				39DACC2F220F5475002E97F8 /* UsersEngine.swift */,
				39757D9A2220706100FF6D57 /* UsersEngineDelegate.swift */,
				39E8BA7E220BC0440021DC34 /* User.swift */,
			);
			path = UsersEngine;
			sourceTree = "<group>";
		};
/* End PBXGroup section */

/* Begin PBXHeadersBuildPhase section */
		392482A5221DF2EC00DE6015 /* Headers */ = {
			isa = PBXHeadersBuildPhase;
			buildActionMask = 2147483647;
			files = (
				3900AE63221DF75200A38E26 /* App.hpp in Headers */,
				3900AE64221DF75200A38E26 /* DeviceConnectionListener.hpp in Headers */,
				3900AE65221DF75200A38E26 /* DeviceState.h in Headers */,
				3900AE66221DF75200A38E26 /* UserState.h in Headers */,
				3900AE67221DF75200A38E26 /* UsersTracker.hpp in Headers */,
				3900AE68221DF75200A38E26 /* Joint.h in Headers */,
				3900AE69221DF75200A38E26 /* Quaternion.h in Headers */,
				3900AE6A221DF75200A38E26 /* Skeleton.h in Headers */,
				3900AE6B221DF75200A38E26 /* DAEStatus.h in Headers */,
				3900AE6C221DF75200A38E26 /* Position.h in Headers */,
				3900AE6D221DF75200A38E26 /* PhysicalUser.h in Headers */,
				3900AE6E221DF75200A38E26 /* DataAcquisitionEngine.hpp in Headers */,
				3900AE6F221DF75200A38E26 /* FrameListener.hpp in Headers */,
				3900AE70221DF75200A38E26 /* PhysicalDevice.hpp in Headers */,
				3900AE71221DF75200A38E26 /* DeviceDisconnectionListener.hpp in Headers */,
				3900AE72221DF75200A38E26 /* DAE-Bridging.h in Headers */,
			);
			runOnlyForDeploymentPostprocessing = 0;
		};
/* End PBXHeadersBuildPhase section */

/* Begin PBXNativeTarget section */
		392482A8221DF2EC00DE6015 /* DataAcquisitionEngine */ = {
			isa = PBXNativeTarget;
			buildConfigurationList = 392482AA221DF2EC00DE6015 /* Build configuration list for PBXNativeTarget "DataAcquisitionEngine" */;
			buildPhases = (
				392482A5221DF2EC00DE6015 /* Headers */,
				392482A6221DF2EC00DE6015 /* Sources */,
				392482A7221DF2EC00DE6015 /* Frameworks */,
			);
			buildRules = (
			);
			dependencies = (
			);
			name = DataAcquisitionEngine;
			productName = DataAcquisitionEngine;
			productReference = 392482A9221DF2EC00DE6015 /* libDataAcquisitionEngine.a */;
			productType = "com.apple.product-type.library.static";
		};
		396DDFC421F4285000628070 /* Protocol Bernardo */ = {
			isa = PBXNativeTarget;
			buildConfigurationList = 396DDFE021F4285200628070 /* Build configuration list for PBXNativeTarget "Protocol Bernardo" */;
			buildPhases = (
				0F28B52CEA073233A32307B0 /* [CP] Check Pods Manifest.lock */,
				396DDFC121F4285000628070 /* Sources */,
				398F627A22192308003BFC81 /* Embed Libraries */,
				396DDFC321F4285000628070 /* Resources */,
				396DDFC221F4285000628070 /* Frameworks */,
				48B1039FCFCC7E0E313ABDD4 /* [CP] Embed Pods Frameworks */,
				397B649E21FE341C00A71E58 /* Change Embedded Libraries Paths */,
				3983D9CE21F8FF8100C49CEF /* Copy OpenNI/NiTE Files */,
				3968FCC521FB5829005EAA4C /* Copy NiTE Files */,
				39F0BE682213C6E5001AA7AE /* [Analysis] Tailor */,
				39967342221DFF7E003A75A6 /* [Analysis]  Periphery */,
				39757DA12221B5FC00FF6D57 /* [Analysis] Jazzy */,
			);
			buildRules = (
			);
			dependencies = (
				392482D0221DF42200DE6015 /* PBXTargetDependency */,
			);
			name = "Protocol Bernardo";
			productName = "Protocol Bernardo";
			productReference = 396DDFC521F4285000628070 /* Protocol Bernardo.app */;
			productType = "com.apple.product-type.application";
		};
/* End PBXNativeTarget section */

/* Begin PBXProject section */
		396DDFBD21F4285000628070 /* Project object */ = {
			isa = PBXProject;
			attributes = {
				LastSwiftUpdateCheck = 1010;
				LastUpgradeCheck = 1010;
				ORGANIZATIONNAME = Prisme;
				TargetAttributes = {
					392482A8221DF2EC00DE6015 = {
						CreatedOnToolsVersion = 10.1;
					};
					396DDFC421F4285000628070 = {
						CreatedOnToolsVersion = 10.1;
						LastSwiftMigration = 1010;
						SystemCapabilities = {
							com.apple.Sandbox = {
								enabled = 0;
							};
						};
					};
				};
			};
			buildConfigurationList = 396DDFC021F4285000628070 /* Build configuration list for PBXProject "Protocol Bernardo" */;
			compatibilityVersion = "Xcode 9.3";
			developmentRegion = en;
			hasScannedForEncodings = 0;
			knownRegions = (
				en,
				Base,
			);
			mainGroup = 396DDFBC21F4285000628070;
			productRefGroup = 396DDFC621F4285000628070 /* Products */;
			projectDirPath = "";
			projectRoot = "";
			targets = (
				396DDFC421F4285000628070 /* Protocol Bernardo */,
				392482A8221DF2EC00DE6015 /* DataAcquisitionEngine */,
			);
		};
/* End PBXProject section */

/* Begin PBXResourcesBuildPhase section */
		396DDFC321F4285000628070 /* Resources */ = {
			isa = PBXResourcesBuildPhase;
			buildActionMask = 2147483647;
			files = (
				398F6274221920DF003BFC81 /* libOpenNI2.dylib in Resources */,
				39A1E71821FEC08C003162FE /* LayoutCanvas.sks in Resources */,
				397B648821FD323400A71E58 /* Assets.xcassets in Resources */,
				3915BFA52219EFF500E80ABE /* Core.storyboard in Resources */,
				3997742C220B931500ED4B93 /* PBLayoutCalibrationIcon.icns in Resources */,
				39757DA52221B66900FF6D57 /* .jazzy.json in Resources */,
				39A1E70321FE67FE003162FE /* Layout.storyboard in Resources */,
				396DDFD021F4285200628070 /* WelcomeWindow.storyboard in Resources */,
				390D0DB721F502170032CA23 /* DevicesWindow.storyboard in Resources */,
				39D558AD220919CA00916AAA /* PBLayoutIcon.icns in Resources */,
				39D558B02209321700916AAA /* PBDevicesLayoutIcon.icns in Resources */,
				3968FCD621FB82B5005EAA4C /* DevicesWindowViews.xib in Resources */,
			);
			runOnlyForDeploymentPostprocessing = 0;
		};
/* End PBXResourcesBuildPhase section */

/* Begin PBXShellScriptBuildPhase section */
		0F28B52CEA073233A32307B0 /* [CP] Check Pods Manifest.lock */ = {
			isa = PBXShellScriptBuildPhase;
			buildActionMask = 2147483647;
			files = (
			);
			inputFileListPaths = (
			);
			inputPaths = (
				"${PODS_PODFILE_DIR_PATH}/Podfile.lock",
				"${PODS_ROOT}/Manifest.lock",
			);
			name = "[CP] Check Pods Manifest.lock";
			outputFileListPaths = (
			);
			outputPaths = (
				"$(DERIVED_FILE_DIR)/Pods-Protocol Bernardo-checkManifestLockResult.txt",
			);
			runOnlyForDeploymentPostprocessing = 0;
			shellPath = /bin/sh;
			shellScript = "diff \"${PODS_PODFILE_DIR_PATH}/Podfile.lock\" \"${PODS_ROOT}/Manifest.lock\" > /dev/null\nif [ $? != 0 ] ; then\n    # print error to STDERR\n    echo \"error: The sandbox is not in sync with the Podfile.lock. Run 'pod install' or update your CocoaPods installation.\" >&2\n    exit 1\nfi\n# This output is used by Xcode 'outputs' to avoid re-running this script phase.\necho \"SUCCESS\" > \"${SCRIPT_OUTPUT_FILE_0}\"\n";
			showEnvVarsInLog = 0;
		};
		39757DA12221B5FC00FF6D57 /* [Analysis] Jazzy */ = {
			isa = PBXShellScriptBuildPhase;
			buildActionMask = 2147483647;
			files = (
			);
			inputFileListPaths = (
			);
			inputPaths = (
			);
			name = "[Analysis] Jazzy";
			outputFileListPaths = (
			);
			outputPaths = (
			);
			runOnlyForDeploymentPostprocessing = 0;
			shellPath = /bin/sh;
			shellScript = "if [ \"${CONFIGURATION}\" = \"Analyze\" ]; then\n    jazzy --config \".jazzy.json\"\nfi\n";
		};
		397B649E21FE341C00A71E58 /* Change Embedded Libraries Paths */ = {
			isa = PBXShellScriptBuildPhase;
			buildActionMask = 2147483647;
			files = (
			);
			inputFileListPaths = (
			);
			inputPaths = (
			);
			name = "Change Embedded Libraries Paths";
			outputFileListPaths = (
			);
			outputPaths = (
			);
			runOnlyForDeploymentPostprocessing = 0;
			shellPath = /bin/sh;
			shellScript = "#NiTE\nLIBNITE=libNiTE2.dylib\ninstall_name_tool -change /usr/local/lib/$LIBNITE @executable_path/../Frameworks/$LIBNITE  \"$BUILT_PRODUCTS_DIR/$EXECUTABLE_PATH\"\n\n#OpenNi\nLIBOPENNI=libOpenNI2.dylib\ninstall_name_tool -change /usr/local/lib/ni2/$LIBOPENNI @executable_path/../Frameworks/$LIBOPENNI  \"$BUILT_PRODUCTS_DIR/$EXECUTABLE_PATH\"\n";
		};
		39967342221DFF7E003A75A6 /* [Analysis]  Periphery */ = {
			isa = PBXShellScriptBuildPhase;
			buildActionMask = 2147483647;
			files = (
			);
			inputFileListPaths = (
			);
			inputPaths = (
			);
			name = "[Analysis]  Periphery";
			outputFileListPaths = (
			);
			outputPaths = (
			);
			runOnlyForDeploymentPostprocessing = 0;
			shellPath = /bin/sh;
			shellScript = "if [ \"${CONFIGURATION}\" = \"Analyze\" ]; then\nperiphery scan --workspace Protocol\\ Bernardo.xcworkspace --schemes Protocol\\ Bernardo --targets \"Protocol Bernardo\" --format xcode\nfi\n";
		};
		39F0BE682213C6E5001AA7AE /* [Analysis] Tailor */ = {
			isa = PBXShellScriptBuildPhase;
			buildActionMask = 2147483647;
			files = (
			);
			inputFileListPaths = (
			);
			inputPaths = (
			);
			name = "[Analysis] Tailor";
			outputFileListPaths = (
			);
			outputPaths = (
			);
			runOnlyForDeploymentPostprocessing = 0;
			shellPath = /bin/sh;
			shellScript = "# if [ \"${CONFIGURATION}\" = \"Analyze\" ]; then\n#    if hash tailor 2>/dev/null; then\n#        tailor --except=trailing-whitespace,function-whitespace,lower-camel-case Protocol\\ Bernardo/\n#    else\n#        echo \"warning: Please install Tailor from https://tailor.sh\"\n#    fi\n# fi\n";
		};
		48B1039FCFCC7E0E313ABDD4 /* [CP] Embed Pods Frameworks */ = {
			isa = PBXShellScriptBuildPhase;
			buildActionMask = 2147483647;
			files = (
			);
			inputFileListPaths = (
			);
			inputPaths = (
				"${PODS_ROOT}/Target Support Files/Pods-Protocol Bernardo/Pods-Protocol Bernardo-frameworks.sh",
				"${BUILT_PRODUCTS_DIR}/Repeat/Repeat.framework",
			);
			name = "[CP] Embed Pods Frameworks";
			outputFileListPaths = (
			);
			outputPaths = (
				"${TARGET_BUILD_DIR}/${FRAMEWORKS_FOLDER_PATH}/Repeat.framework",
			);
			runOnlyForDeploymentPostprocessing = 0;
			shellPath = /bin/sh;
			shellScript = "\"${PODS_ROOT}/Target Support Files/Pods-Protocol Bernardo/Pods-Protocol Bernardo-frameworks.sh\"\n";
			showEnvVarsInLog = 0;
		};
/* End PBXShellScriptBuildPhase section */

/* Begin PBXSourcesBuildPhase section */
		392482A6221DF2EC00DE6015 /* Sources */ = {
			isa = PBXSourcesBuildPhase;
			buildActionMask = 2147483647;
			files = (
				3900AE73221DF75A00A38E26 /* App.cpp in Sources */,
				3900AE5D221DF73800A38E26 /* DataAcquisitionEngine.cpp in Sources */,
				3900AE5E221DF73800A38E26 /* FrameListener.cpp in Sources */,
				3900AE5F221DF73800A38E26 /* PhysicalDevice.cpp in Sources */,
				3900AE60221DF73800A38E26 /* DeviceDisconnectionListener.cpp in Sources */,
				3900AE61221DF73800A38E26 /* UsersTracker.cpp in Sources */,
				3900AE62221DF73800A38E26 /* DeviceConnectionListener.cpp in Sources */,
			);
			runOnlyForDeploymentPostprocessing = 0;
		};
		396DDFC121F4285000628070 /* Sources */ = {
			isa = PBXSourcesBuildPhase;
			buildActionMask = 2147483647;
			files = (
				393B1ECE2204DD0100BC54D3 /* Device.swift in Sources */,
				39F5F58F2221ED780035B9C1 /* PBAFile.swift in Sources */,
				390C265F21F66EFB00E7FEAE /* DevicesWindow.swift in Sources */,
				393B1ED22204E30E00BC54D3 /* LayoutEngine.swift in Sources */,
				39E8BA81220C78870021DC34 /* NewCalibrationProfilePanel.swift in Sources */,
				396CF35622110B0D0049E091 /* CalibrationDeltasCalculator.swift in Sources */,
				39A1E71621FE7A7A003162FE /* LayoutCanvasDevice.swift in Sources */,
				39E3121621F779A0006569F1 /* DAEDeviceStatus.swift in Sources */,
				39684DF22214A1B2006E4B37 /* LayoutInterfaceMode.swift in Sources */,
				39757DA022209F1800FF6D57 /* TrackingSession.swift in Sources */,
				39A1E70521FE67FE003162FE /* LayoutController.swift in Sources */,
				39A1E70B21FE77A3003162FE /* Layout.swift in Sources */,
				39A1E70921FE6C3D003162FE /* LayoutCanvas.swift in Sources */,
				39A1E71221FE7921003162FE /* LayoutCanvasLine.swift in Sources */,
				39C1E907220A201A00F53AC2 /* LayoutSidebar.swift in Sources */,
				3989EAD522037A1F005CF113 /* PBLayoutCanvasDevicePropertiesController.swift in Sources */,
				39C1E8FD22094AA500F53AC2 /* LayoutCanvasDelegate.swift in Sources */,
				39977437220B977800ED4B93 /* CGPoint.swift in Sources */,
				398F6273221901E8003BFC81 /* PBDevicesStartupSheet.swift in Sources */,
				39379A12220FE496004C3815 /* PhysicalDevice.swift in Sources */,
				39C1E90B220A347F00F53AC2 /* PBLayoutCanvasLinePropertiesController.swift in Sources */,
				397E685B21FE50E600FFA678 /* NSNib.swift in Sources */,
				396C48532208FDBA000AA888 /* LayoutWindowController.swift in Sources */,
				39023F94221F58E1005E2C9F /* SkeletonJoint.swift in Sources */,
				39DACC34220F663F002E97F8 /* LayoutCanvasUser.swift in Sources */,
				39DACC30220F5475002E97F8 /* UsersEngine.swift in Sources */,
				3997743D220BB0E500ED4B93 /* LayoutSidebarCalibration.swift in Sources */,
				39757D9B2220706100FF6D57 /* UsersEngineDelegate.swift in Sources */,
				390D0DBD21F511BD0032CA23 /* DataAcquisitionEngine.swift in Sources */,
				3968FCD921FB88E0005EAA4C /* PBDeviceDetails.swift in Sources */,
				396CF35A2212037E0049E091 /* CalibrationDeltas.swift in Sources */,
				39C1E8FF22094DB800F53AC2 /* LayoutCanvasElementDelegate.swift in Sources */,
				39977430220B94FB00ED4B93 /* LayoutCalibrationProfile.swift in Sources */,
				397195C62200D38000F92C5C /* Keycode.swift in Sources */,
				39A1E70E21FE7892003162FE /* LayoutCanvasElement.swift in Sources */,
				3968FCDB21FCDFAD005EAA4C /* PBDeviceDetailsPopover.swift in Sources */,
				39E8BA7F220BC0440021DC34 /* User.swift in Sources */,
				39967347221E3C30003A75A6 /* LayoutSidebarTracking.swift in Sources */,
				39977433220B955500ED4B93 /* DeviceCalibrationProfile.swift in Sources */,
				39E3121421F777F6006569F1 /* DAEStatus.swift in Sources */,
				397195C22200219000F92C5C /* LayoutCanvasView.swift in Sources */,
				396DDFCB21F4285000628070 /* WelcomeWindow.swift in Sources */,
				39F5F58D2221D48D0035B9C1 /* TrackedUser.swift in Sources */,
				39264994221E72EC00C8ECBF /* LayoutTouchbar.swift in Sources */,
				397195C4220022F800F92C5C /* Comparable.swift in Sources */,
				39023F99221F5C21005E2C9F /* Quaternion.swift in Sources */,
				393ACD252215143400306D60 /* CalibrationControllerDelegate.swift in Sources */,
				393ACD2122150C4500306D60 /* PBCalibrationLiveDeltas.swift in Sources */,
				39DFBDDF2208A7AF00A7B9BD /* LayoutDocument.swift in Sources */,
				39A1E70721FE6C26003162FE /* LayoutSidebarEdition.swift in Sources */,
				39023F97221F594C005E2C9F /* Skeleton.swift in Sources */,
				39C1E90D220A37F300F53AC2 /* Line.swift in Sources */,
				39E3121221F6F1C5006569F1 /* String.swift in Sources */,
				396CF35822110EC10049E091 /* Queue.swift in Sources */,
				39023F9B221F608F005E2C9F /* Joint.swift in Sources */,
				392183CB22138B3A000D5968 /* ConnectedDevices.swift in Sources */,
				39E3121021F6EA8C006569F1 /* PBDeviceRow.swift in Sources */,
				392183CD22138C5E000D5968 /* Typealias.swift in Sources */,
				39967344221E2127003A75A6 /* LayoutCanvasElementAppearance.swift in Sources */,
				39DACC20220CCFC5002E97F8 /* DataAcquisitionEngineObserver.swift in Sources */,
				39379A0E220FA220004C3815 /* Position.swift in Sources */,
				39AF88AD21F4CF7E00A68993 /* App.swift in Sources */,
				39AF88AF21F4D02100A68993 /* Core.swift in Sources */,
				39B5576222000FC70021BFDA /* NSColor.swift in Sources */,
				396DDFC921F4285000628070 /* AppDelegate.swift in Sources */,
				393ACD232215140700306D60 /* CalibrationController.swift in Sources */,
				39684DF02214A163006E4B37 /* LayoutWindowDelegate.swift in Sources */,
				396D45742218A7F10018F95C /* DeviceState.swift in Sources */,
				3915BFA32219E6C800E80ABE /* PBMachineDevicesList.swift in Sources */,
				39FBE95C2223584900B8AABA /* NewTrackingSessionPanel.swift in Sources */,
				39DFBDEA2208B3FB00A7B9BD /* MainMenu.swift in Sources */,
				39977435220B961B00ED4B93 /* Point.swift in Sources */,
				39B55760220008430021BFDA /* maths.swift in Sources */,
				3968FCDD21FCEE83005EAA4C /* PBTrackedUserDetailsExcerpt.swift in Sources */,
			);
			runOnlyForDeploymentPostprocessing = 0;
		};
/* End PBXSourcesBuildPhase section */

/* Begin PBXTargetDependency section */
		392482D0221DF42200DE6015 /* PBXTargetDependency */ = {
			isa = PBXTargetDependency;
			target = 392482A8221DF2EC00DE6015 /* DataAcquisitionEngine */;
			targetProxy = 392482CF221DF42200DE6015 /* PBXContainerItemProxy */;
		};
/* End PBXTargetDependency section */

/* Begin PBXVariantGroup section */
		396DDFCE21F4285200628070 /* WelcomeWindow.storyboard */ = {
			isa = PBXVariantGroup;
			children = (
				396DDFCF21F4285200628070 /* Base */,
			);
			name = WelcomeWindow.storyboard;
			sourceTree = "<group>";
		};
/* End PBXVariantGroup section */

/* Begin XCBuildConfiguration section */
		392482AB221DF2EC00DE6015 /* Debug */ = {
			isa = XCBuildConfiguration;
			buildSettings = {
				CLANG_WARN_DOCUMENTATION_COMMENTS = NO;
				CODE_SIGN_STYLE = Automatic;
				DEVELOPMENT_TEAM = KJ993GM677;
				EXECUTABLE_PREFIX = lib;
				HEADER_SEARCH_PATHS = (
					/usr/local/include/,
					/usr/local/include/ni2/,
					/usr/local/include/opencv4/,
				);
				LIBRARY_SEARCH_PATHS = (
					"$(inherited)",
					/usr/local/Cellar/opencv/4.0.1/lib,
				);
				PRODUCT_NAME = "$(TARGET_NAME)";
				SKIP_INSTALL = YES;
			};
			name = Debug;
		};
		392482AC221DF2EC00DE6015 /* Analyze */ = {
			isa = XCBuildConfiguration;
			buildSettings = {
				CLANG_WARN_DOCUMENTATION_COMMENTS = NO;
				CODE_SIGN_STYLE = Automatic;
				DEVELOPMENT_TEAM = KJ993GM677;
				EXECUTABLE_PREFIX = lib;
				HEADER_SEARCH_PATHS = (
					/usr/local/include/,
					/usr/local/include/ni2/,
					/usr/local/include/opencv4/,
				);
				LIBRARY_SEARCH_PATHS = (
					"$(inherited)",
					/usr/local/Cellar/opencv/4.0.1/lib,
				);
				PRODUCT_NAME = "$(TARGET_NAME)";
				SKIP_INSTALL = YES;
			};
			name = Analyze;
		};
		392482AD221DF2EC00DE6015 /* Release */ = {
			isa = XCBuildConfiguration;
			buildSettings = {
				CLANG_WARN_DOCUMENTATION_COMMENTS = NO;
				CODE_SIGN_STYLE = Automatic;
				DEVELOPMENT_TEAM = KJ993GM677;
				EXECUTABLE_PREFIX = lib;
				HEADER_SEARCH_PATHS = (
					/usr/local/include/,
					/usr/local/include/ni2/,
					/usr/local/include/opencv4/,
				);
				LIBRARY_SEARCH_PATHS = (
					"$(inherited)",
					/usr/local/Cellar/opencv/4.0.1/lib,
				);
				PRODUCT_NAME = "$(TARGET_NAME)";
				SKIP_INSTALL = YES;
			};
			name = Release;
		};
		396DDFDE21F4285200628070 /* Debug */ = {
			isa = XCBuildConfiguration;
			buildSettings = {
				ALWAYS_SEARCH_USER_PATHS = NO;
				CLANG_ANALYZER_NONNULL = YES;
				CLANG_ANALYZER_NUMBER_OBJECT_CONVERSION = YES_AGGRESSIVE;
				CLANG_CXX_LANGUAGE_STANDARD = "gnu++14";
				CLANG_CXX_LIBRARY = "libc++";
				CLANG_ENABLE_MODULES = YES;
				CLANG_ENABLE_OBJC_ARC = YES;
				CLANG_ENABLE_OBJC_WEAK = YES;
				CLANG_WARN_BLOCK_CAPTURE_AUTORELEASING = YES;
				CLANG_WARN_BOOL_CONVERSION = YES;
				CLANG_WARN_COMMA = YES;
				CLANG_WARN_CONSTANT_CONVERSION = YES;
				CLANG_WARN_DEPRECATED_OBJC_IMPLEMENTATIONS = YES;
				CLANG_WARN_DIRECT_OBJC_ISA_USAGE = YES_ERROR;
				CLANG_WARN_DOCUMENTATION_COMMENTS = YES;
				CLANG_WARN_EMPTY_BODY = YES;
				CLANG_WARN_ENUM_CONVERSION = YES;
				CLANG_WARN_INFINITE_RECURSION = YES;
				CLANG_WARN_INT_CONVERSION = YES;
				CLANG_WARN_NON_LITERAL_NULL_CONVERSION = YES;
				CLANG_WARN_OBJC_IMPLICIT_RETAIN_SELF = YES;
				CLANG_WARN_OBJC_LITERAL_CONVERSION = YES;
				CLANG_WARN_OBJC_ROOT_CLASS = YES_ERROR;
				CLANG_WARN_RANGE_LOOP_ANALYSIS = YES;
				CLANG_WARN_STRICT_PROTOTYPES = YES;
				CLANG_WARN_SUSPICIOUS_MOVE = YES;
				CLANG_WARN_UNGUARDED_AVAILABILITY = YES_AGGRESSIVE;
				CLANG_WARN_UNREACHABLE_CODE = YES;
				CLANG_WARN__DUPLICATE_METHOD_MATCH = YES;
				CODE_SIGN_IDENTITY = "Mac Developer";
				COPY_PHASE_STRIP = NO;
				DEBUG_INFORMATION_FORMAT = dwarf;
				ENABLE_STRICT_OBJC_MSGSEND = YES;
				ENABLE_TESTABILITY = YES;
				GCC_C_LANGUAGE_STANDARD = gnu11;
				GCC_DYNAMIC_NO_PIC = NO;
				GCC_NO_COMMON_BLOCKS = YES;
				GCC_OPTIMIZATION_LEVEL = 0;
				GCC_PREPROCESSOR_DEFINITIONS = (
					"DEBUG=1",
					"$(inherited)",
				);
				GCC_WARN_64_TO_32_BIT_CONVERSION = YES;
				GCC_WARN_ABOUT_RETURN_TYPE = YES_ERROR;
				GCC_WARN_UNDECLARED_SELECTOR = YES;
				GCC_WARN_UNINITIALIZED_AUTOS = YES_AGGRESSIVE;
				GCC_WARN_UNUSED_FUNCTION = YES;
				GCC_WARN_UNUSED_VARIABLE = YES;
				MACOSX_DEPLOYMENT_TARGET = 10.14;
				MTL_ENABLE_DEBUG_INFO = INCLUDE_SOURCE;
				MTL_FAST_MATH = YES;
				ONLY_ACTIVE_ARCH = YES;
				SDKROOT = macosx;
				SWIFT_ACTIVE_COMPILATION_CONDITIONS = DEBUG;
				SWIFT_OPTIMIZATION_LEVEL = "-Onone";
			};
			name = Debug;
		};
		396DDFDF21F4285200628070 /* Release */ = {
			isa = XCBuildConfiguration;
			buildSettings = {
				ALWAYS_SEARCH_USER_PATHS = NO;
				CLANG_ANALYZER_NONNULL = YES;
				CLANG_ANALYZER_NUMBER_OBJECT_CONVERSION = YES_AGGRESSIVE;
				CLANG_CXX_LANGUAGE_STANDARD = "gnu++14";
				CLANG_CXX_LIBRARY = "libc++";
				CLANG_ENABLE_MODULES = YES;
				CLANG_ENABLE_OBJC_ARC = YES;
				CLANG_ENABLE_OBJC_WEAK = YES;
				CLANG_WARN_BLOCK_CAPTURE_AUTORELEASING = YES;
				CLANG_WARN_BOOL_CONVERSION = YES;
				CLANG_WARN_COMMA = YES;
				CLANG_WARN_CONSTANT_CONVERSION = YES;
				CLANG_WARN_DEPRECATED_OBJC_IMPLEMENTATIONS = YES;
				CLANG_WARN_DIRECT_OBJC_ISA_USAGE = YES_ERROR;
				CLANG_WARN_DOCUMENTATION_COMMENTS = YES;
				CLANG_WARN_EMPTY_BODY = YES;
				CLANG_WARN_ENUM_CONVERSION = YES;
				CLANG_WARN_INFINITE_RECURSION = YES;
				CLANG_WARN_INT_CONVERSION = YES;
				CLANG_WARN_NON_LITERAL_NULL_CONVERSION = YES;
				CLANG_WARN_OBJC_IMPLICIT_RETAIN_SELF = YES;
				CLANG_WARN_OBJC_LITERAL_CONVERSION = YES;
				CLANG_WARN_OBJC_ROOT_CLASS = YES_ERROR;
				CLANG_WARN_RANGE_LOOP_ANALYSIS = YES;
				CLANG_WARN_STRICT_PROTOTYPES = YES;
				CLANG_WARN_SUSPICIOUS_MOVE = YES;
				CLANG_WARN_UNGUARDED_AVAILABILITY = YES_AGGRESSIVE;
				CLANG_WARN_UNREACHABLE_CODE = YES;
				CLANG_WARN__DUPLICATE_METHOD_MATCH = YES;
				CODE_SIGN_IDENTITY = "Mac Developer";
				COPY_PHASE_STRIP = NO;
				DEBUG_INFORMATION_FORMAT = "dwarf-with-dsym";
				ENABLE_NS_ASSERTIONS = NO;
				ENABLE_STRICT_OBJC_MSGSEND = YES;
				GCC_C_LANGUAGE_STANDARD = gnu11;
				GCC_NO_COMMON_BLOCKS = YES;
				GCC_WARN_64_TO_32_BIT_CONVERSION = YES;
				GCC_WARN_ABOUT_RETURN_TYPE = YES_ERROR;
				GCC_WARN_UNDECLARED_SELECTOR = YES;
				GCC_WARN_UNINITIALIZED_AUTOS = YES_AGGRESSIVE;
				GCC_WARN_UNUSED_FUNCTION = YES;
				GCC_WARN_UNUSED_VARIABLE = YES;
				MACOSX_DEPLOYMENT_TARGET = 10.14;
				MTL_ENABLE_DEBUG_INFO = NO;
				MTL_FAST_MATH = YES;
				SDKROOT = macosx;
				SWIFT_COMPILATION_MODE = wholemodule;
				SWIFT_OPTIMIZATION_LEVEL = "-O";
			};
			name = Release;
		};
		396DDFE121F4285200628070 /* Debug */ = {
			isa = XCBuildConfiguration;
			baseConfigurationReference = 8A3C96C47318A5A246F5A95A /* Pods-Protocol Bernardo.debug.xcconfig */;
			buildSettings = {
				ASSETCATALOG_COMPILER_APPICON_NAME = AppIcon;
				CLANG_ENABLE_MODULES = YES;
				CLANG_WARN_DOCUMENTATION_COMMENTS = NO;
				CODE_SIGN_IDENTITY = "Mac Developer";
				CODE_SIGN_STYLE = Automatic;
				COMBINE_HIDPI_IMAGES = YES;
				DEVELOPMENT_TEAM = KJ993GM677;
				HEADER_SEARCH_PATHS = (
					"$(inherited)",
					/usr/local/include,
					/usr/local/include/opencv4,
					/usr/local/include/ni2,
				);
				INFOPLIST_FILE = "Protocol Bernardo/Info.plist";
				LD_RUNPATH_SEARCH_PATHS = (
					"$(inherited)",
					"@executable_path/../Frameworks",
					"@executable_path/Frameworks",
					/usr/local/lib/ni2,
				);
				LIBRARY_SEARCH_PATHS = (
					/usr/local/Cellar/opencv/4.0.1/lib,
					/usr/local/lib,
				);
				PRODUCT_BUNDLE_IDENTIFIER = "prisme.protocol-bernardo";
				PRODUCT_NAME = "$(TARGET_NAME)";
				PROVISIONING_PROFILE_SPECIFIER = "";
				SWIFT_OBJC_BRIDGING_HEADER = "$(PROJECT)/Protocol Bernardo-Bridging-Header.h";
				SWIFT_OPTIMIZATION_LEVEL = "-Onone";
				SWIFT_VERSION = 4.2;
				USER_HEADER_SEARCH_PATHS = "$(PROJECT_DIR)";
			};
			name = Debug;
		};
		396DDFE221F4285200628070 /* Release */ = {
			isa = XCBuildConfiguration;
			baseConfigurationReference = 2E884ECCA75A8FC5014A93D2 /* Pods-Protocol Bernardo.release.xcconfig */;
			buildSettings = {
				ASSETCATALOG_COMPILER_APPICON_NAME = AppIcon;
				CLANG_ENABLE_MODULES = YES;
				CLANG_WARN_DOCUMENTATION_COMMENTS = NO;
				CODE_SIGN_IDENTITY = "Mac Developer";
				CODE_SIGN_STYLE = Automatic;
				COMBINE_HIDPI_IMAGES = YES;
				DEVELOPMENT_TEAM = KJ993GM677;
				HEADER_SEARCH_PATHS = (
					"$(inherited)",
					/usr/local/include,
					/usr/local/include/opencv4,
					/usr/local/include/ni2,
				);
				INFOPLIST_FILE = "Protocol Bernardo/Info.plist";
				LD_RUNPATH_SEARCH_PATHS = (
					"$(inherited)",
					"@executable_path/../Frameworks",
					"@executable_path/Frameworks",
					/usr/local/lib/ni2,
				);
				LIBRARY_SEARCH_PATHS = (
					/usr/local/Cellar/opencv/4.0.1/lib,
					/usr/local/lib,
				);
				PRODUCT_BUNDLE_IDENTIFIER = "prisme.protocol-bernardo";
				PRODUCT_NAME = "$(TARGET_NAME)";
				PROVISIONING_PROFILE_SPECIFIER = "";
				SWIFT_OBJC_BRIDGING_HEADER = "$(PROJECT)/Protocol Bernardo-Bridging-Header.h";
				SWIFT_VERSION = 4.2;
				USER_HEADER_SEARCH_PATHS = "$(PROJECT_DIR)";
			};
			name = Release;
		};
		39F0BE662213C6C6001AA7AE /* Analyze */ = {
			isa = XCBuildConfiguration;
			buildSettings = {
				ALWAYS_SEARCH_USER_PATHS = NO;
				CLANG_ANALYZER_NONNULL = YES;
				CLANG_ANALYZER_NUMBER_OBJECT_CONVERSION = YES_AGGRESSIVE;
				CLANG_CXX_LANGUAGE_STANDARD = "gnu++14";
				CLANG_CXX_LIBRARY = "libc++";
				CLANG_ENABLE_MODULES = YES;
				CLANG_ENABLE_OBJC_ARC = YES;
				CLANG_ENABLE_OBJC_WEAK = YES;
				CLANG_WARN_BLOCK_CAPTURE_AUTORELEASING = YES;
				CLANG_WARN_BOOL_CONVERSION = YES;
				CLANG_WARN_COMMA = YES;
				CLANG_WARN_CONSTANT_CONVERSION = YES;
				CLANG_WARN_DEPRECATED_OBJC_IMPLEMENTATIONS = YES;
				CLANG_WARN_DIRECT_OBJC_ISA_USAGE = YES_ERROR;
				CLANG_WARN_DOCUMENTATION_COMMENTS = YES;
				CLANG_WARN_EMPTY_BODY = YES;
				CLANG_WARN_ENUM_CONVERSION = YES;
				CLANG_WARN_INFINITE_RECURSION = YES;
				CLANG_WARN_INT_CONVERSION = YES;
				CLANG_WARN_NON_LITERAL_NULL_CONVERSION = YES;
				CLANG_WARN_OBJC_IMPLICIT_RETAIN_SELF = YES;
				CLANG_WARN_OBJC_LITERAL_CONVERSION = YES;
				CLANG_WARN_OBJC_ROOT_CLASS = YES_ERROR;
				CLANG_WARN_RANGE_LOOP_ANALYSIS = YES;
				CLANG_WARN_STRICT_PROTOTYPES = YES;
				CLANG_WARN_SUSPICIOUS_MOVE = YES;
				CLANG_WARN_UNGUARDED_AVAILABILITY = YES_AGGRESSIVE;
				CLANG_WARN_UNREACHABLE_CODE = YES;
				CLANG_WARN__DUPLICATE_METHOD_MATCH = YES;
				CODE_SIGN_IDENTITY = "Mac Developer";
				COPY_PHASE_STRIP = NO;
				DEBUG_INFORMATION_FORMAT = dwarf;
				ENABLE_STRICT_OBJC_MSGSEND = YES;
				ENABLE_TESTABILITY = YES;
				GCC_C_LANGUAGE_STANDARD = gnu11;
				GCC_DYNAMIC_NO_PIC = NO;
				GCC_NO_COMMON_BLOCKS = YES;
				GCC_OPTIMIZATION_LEVEL = 0;
				GCC_PREPROCESSOR_DEFINITIONS = (
					"DEBUG=1",
					"$(inherited)",
				);
				GCC_WARN_64_TO_32_BIT_CONVERSION = YES;
				GCC_WARN_ABOUT_RETURN_TYPE = YES_ERROR;
				GCC_WARN_UNDECLARED_SELECTOR = YES;
				GCC_WARN_UNINITIALIZED_AUTOS = YES_AGGRESSIVE;
				GCC_WARN_UNUSED_FUNCTION = YES;
				GCC_WARN_UNUSED_VARIABLE = YES;
				MACOSX_DEPLOYMENT_TARGET = 10.14;
				MTL_ENABLE_DEBUG_INFO = INCLUDE_SOURCE;
				MTL_FAST_MATH = YES;
				ONLY_ACTIVE_ARCH = YES;
				SDKROOT = macosx;
				SWIFT_ACTIVE_COMPILATION_CONDITIONS = DEBUG;
				SWIFT_OPTIMIZATION_LEVEL = "-Onone";
			};
			name = Analyze;
		};
		39F0BE672213C6C6001AA7AE /* Analyze */ = {
			isa = XCBuildConfiguration;
			baseConfigurationReference = 55FCC8726FF73A9710F67B5A /* Pods-Protocol Bernardo.analyze.xcconfig */;
			buildSettings = {
				ASSETCATALOG_COMPILER_APPICON_NAME = AppIcon;
				CLANG_ENABLE_MODULES = YES;
				CLANG_WARN_DOCUMENTATION_COMMENTS = NO;
				CODE_SIGN_IDENTITY = "Mac Developer";
				CODE_SIGN_STYLE = Automatic;
				COMBINE_HIDPI_IMAGES = YES;
				DEVELOPMENT_TEAM = KJ993GM677;
				HEADER_SEARCH_PATHS = (
					"$(inherited)",
					/usr/local/include,
					/usr/local/include/opencv4,
					/usr/local/include/ni2,
				);
				INFOPLIST_FILE = "Protocol Bernardo/Info.plist";
				LD_RUNPATH_SEARCH_PATHS = (
					"$(inherited)",
					"@executable_path/../Frameworks",
					"@executable_path/Frameworks",
					/usr/local/lib/ni2,
				);
				LIBRARY_SEARCH_PATHS = (
					/usr/local/Cellar/opencv/4.0.1/lib,
					/usr/local/lib,
				);
				PRODUCT_BUNDLE_IDENTIFIER = "prisme.protocol-bernardo";
				PRODUCT_NAME = "$(TARGET_NAME)";
				PROVISIONING_PROFILE_SPECIFIER = "";
				SWIFT_OBJC_BRIDGING_HEADER = "$(PROJECT)/Protocol Bernardo-Bridging-Header.h";
				SWIFT_OPTIMIZATION_LEVEL = "-Onone";
				SWIFT_VERSION = 4.2;
				USER_HEADER_SEARCH_PATHS = "$(PROJECT_DIR)";
			};
			name = Analyze;
		};
/* End XCBuildConfiguration section */

/* Begin XCConfigurationList section */
		392482AA221DF2EC00DE6015 /* Build configuration list for PBXNativeTarget "DataAcquisitionEngine" */ = {
			isa = XCConfigurationList;
			buildConfigurations = (
				392482AB221DF2EC00DE6015 /* Debug */,
				392482AC221DF2EC00DE6015 /* Analyze */,
				392482AD221DF2EC00DE6015 /* Release */,
			);
			defaultConfigurationIsVisible = 0;
			defaultConfigurationName = Release;
		};
		396DDFC021F4285000628070 /* Build configuration list for PBXProject "Protocol Bernardo" */ = {
			isa = XCConfigurationList;
			buildConfigurations = (
				396DDFDE21F4285200628070 /* Debug */,
				39F0BE662213C6C6001AA7AE /* Analyze */,
				396DDFDF21F4285200628070 /* Release */,
			);
			defaultConfigurationIsVisible = 0;
			defaultConfigurationName = Release;
		};
		396DDFE021F4285200628070 /* Build configuration list for PBXNativeTarget "Protocol Bernardo" */ = {
			isa = XCConfigurationList;
			buildConfigurations = (
				396DDFE121F4285200628070 /* Debug */,
				39F0BE672213C6C6001AA7AE /* Analyze */,
				396DDFE221F4285200628070 /* Release */,
			);
			defaultConfigurationIsVisible = 0;
			defaultConfigurationName = Release;
		};
/* End XCConfigurationList section */
	};
	rootObject = 396DDFBD21F4285000628070 /* Project object */;
}
